// !$*UTF8*$!
{
	archiveVersion = 1;
	classes = {
	};
	objectVersion = 46;
	objects = {

/* Begin PBXBuildFile section */
		100E3A91567FE6F2C55C9C13 /* Pods_DeuceTests.framework in Frameworks */ = {isa = PBXBuildFile; fileRef = 356E234771FD944D8DEC68B9 /* Pods_DeuceTests.framework */; };
		506A290F6362769ABC3AB4DF /* Pods_Deuce_WatchKit_App.framework in Frameworks */ = {isa = PBXBuildFile; fileRef = B6B2572CF87F7570151BDA39 /* Pods_Deuce_WatchKit_App.framework */; };
		66B2F943DAA2608BAD61974C /* Pods_Deuce_WatchKit_Extension.framework in Frameworks */ = {isa = PBXBuildFile; fileRef = 36B7AB9AC16D6AE1AC67A766 /* Pods_Deuce_WatchKit_Extension.framework */; };
		672231B6BFE0AEED77ECABC0 /* Pods_Deuce.framework in Frameworks */ = {isa = PBXBuildFile; fileRef = 44E2074C8C881C66D7766613 /* Pods_Deuce.framework */; };
		FB3280361EABDA3C00D6B92B /* ScoreManager.swift in Sources */ = {isa = PBXBuildFile; fileRef = FB3280351EABDA3C00D6B92B /* ScoreManager.swift */; };
		FB51A00E1DEAD77C00B2E195 /* AppDelegate.swift in Sources */ = {isa = PBXBuildFile; fileRef = FB51A00D1DEAD77C00B2E195 /* AppDelegate.swift */; };
		FB51A0101DEAD77C00B2E195 /* ViewController.swift in Sources */ = {isa = PBXBuildFile; fileRef = FB51A00F1DEAD77C00B2E195 /* ViewController.swift */; };
		FB51A0131DEAD77C00B2E195 /* Main.storyboard in Resources */ = {isa = PBXBuildFile; fileRef = FB51A0111DEAD77C00B2E195 /* Main.storyboard */; };
		FB51A0151DEAD77C00B2E195 /* Assets.xcassets in Resources */ = {isa = PBXBuildFile; fileRef = FB51A0141DEAD77C00B2E195 /* Assets.xcassets */; };
		FB51A0181DEAD77C00B2E195 /* LaunchScreen.storyboard in Resources */ = {isa = PBXBuildFile; fileRef = FB51A0161DEAD77C00B2E195 /* LaunchScreen.storyboard */; };
		FB51A0231DEAD77C00B2E195 /* DeuceTests.swift in Sources */ = {isa = PBXBuildFile; fileRef = FB51A0221DEAD77C00B2E195 /* DeuceTests.swift */; };
		FB51A0281DEAD77C00B2E195 /* Deuce WatchKit App.app in Embed Watch Content */ = {isa = PBXBuildFile; fileRef = FB51A0271DEAD77C00B2E195 /* Deuce WatchKit App.app */; };
		FB51A02E1DEAD77C00B2E195 /* Interface.storyboard in Resources */ = {isa = PBXBuildFile; fileRef = FB51A02C1DEAD77C00B2E195 /* Interface.storyboard */; };
		FB51A0301DEAD77C00B2E195 /* Assets.xcassets in Resources */ = {isa = PBXBuildFile; fileRef = FB51A02F1DEAD77C00B2E195 /* Assets.xcassets */; };
		FB51A0371DEAD77C00B2E195 /* Deuce WatchKit Extension.appex in Embed App Extensions */ = {isa = PBXBuildFile; fileRef = FB51A0361DEAD77C00B2E195 /* Deuce WatchKit Extension.appex */; settings = {ATTRIBUTES = (RemoveHeadersOnCopy, ); }; };
		FB51A03E1DEAD77C00B2E195 /* InterfaceController.swift in Sources */ = {isa = PBXBuildFile; fileRef = FB51A03D1DEAD77C00B2E195 /* InterfaceController.swift */; };
		FB51A0401DEAD77C00B2E195 /* ExtensionDelegate.swift in Sources */ = {isa = PBXBuildFile; fileRef = FB51A03F1DEAD77C00B2E195 /* ExtensionDelegate.swift */; };
		FB51A0421DEAD77C00B2E195 /* NotificationController.swift in Sources */ = {isa = PBXBuildFile; fileRef = FB51A0411DEAD77C00B2E195 /* NotificationController.swift */; };
		FB51A0441DEAD77C00B2E195 /* Assets.xcassets in Resources */ = {isa = PBXBuildFile; fileRef = FB51A0431DEAD77C00B2E195 /* Assets.xcassets */; };
		FB8341A11E8780130003244C /* ScoreManager.swift in Sources */ = {isa = PBXBuildFile; fileRef = FB8341A01E8780130003244C /* ScoreManager.swift */; };
		FB91801C1F00B30C0028AFE0 /* Deuce Intents Extension.appex in Embed App Extensions */ = {isa = PBXBuildFile; fileRef = FB9180151F00B30C0028AFE0 /* Deuce Intents Extension.appex */; settings = {ATTRIBUTES = (RemoveHeadersOnCopy, ); }; };
		FB9180281F00B3780028AFE0 /* IntentHandler.swift in Sources */ = {isa = PBXBuildFile; fileRef = FB9180271F00B3780028AFE0 /* IntentHandler.swift */; };
		FB9180301F00B3780028AFE0 /* IntentsUI.framework in Frameworks */ = {isa = PBXBuildFile; fileRef = FB91802F1F00B3780028AFE0 /* IntentsUI.framework */; };
		FB9180331F00B3780028AFE0 /* IntentViewController.swift in Sources */ = {isa = PBXBuildFile; fileRef = FB9180321F00B3780028AFE0 /* IntentViewController.swift */; };
		FB9180361F00B3780028AFE0 /* MainInterface.storyboard in Resources */ = {isa = PBXBuildFile; fileRef = FB9180341F00B3780028AFE0 /* MainInterface.storyboard */; };
		FB91803A1F00B3780028AFE0 /* Deuce Intents Extension iOSUI.appex in Embed App Extensions */ = {isa = PBXBuildFile; fileRef = FB91802E1F00B3780028AFE0 /* Deuce Intents Extension iOSUI.appex */; settings = {ATTRIBUTES = (RemoveHeadersOnCopy, ); }; };
		FB91803D1F00B3780028AFE0 /* Deuce Intents Extension iOS.appex in Embed App Extensions */ = {isa = PBXBuildFile; fileRef = FB9180251F00B3780028AFE0 /* Deuce Intents Extension iOS.appex */; settings = {ATTRIBUTES = (RemoveHeadersOnCopy, ); }; };
		FB91804C1F00B48E0028AFE0 /* IntentHandler.swift in Sources */ = {isa = PBXBuildFile; fileRef = FB91804B1F00B48E0028AFE0 /* IntentHandler.swift */; };
		FB9180501F00B48E0028AFE0 /* Deuce Intents Extension watchOS.appex in Embed App Extensions */ = {isa = PBXBuildFile; fileRef = FB9180491F00B48E0028AFE0 /* Deuce Intents Extension watchOS.appex */; settings = {ATTRIBUTES = (RemoveHeadersOnCopy, ); }; };
		FBD05A0C1EDE505A00B49D00 /* GoogleService-Info.plist in Resources */ = {isa = PBXBuildFile; fileRef = FBD05A0B1EDE505A00B49D00 /* GoogleService-Info.plist */; };
		FBD05A0D1EDE505A00B49D00 /* GoogleService-Info.plist in Resources */ = {isa = PBXBuildFile; fileRef = FBD05A0B1EDE505A00B49D00 /* GoogleService-Info.plist */; };
		FBD05A0E1EDE505A00B49D00 /* GoogleService-Info.plist in Resources */ = {isa = PBXBuildFile; fileRef = FBD05A0B1EDE505A00B49D00 /* GoogleService-Info.plist */; };
		FBD05A0F1EDE505A00B49D00 /* GoogleService-Info.plist in Resources */ = {isa = PBXBuildFile; fileRef = FBD05A0B1EDE505A00B49D00 /* GoogleService-Info.plist */; };
/* End PBXBuildFile section */

/* Begin PBXContainerItemProxy section */
		FB51A01F1DEAD77C00B2E195 /* PBXContainerItemProxy */ = {
			isa = PBXContainerItemProxy;
			containerPortal = FB51A0021DEAD77C00B2E195 /* Project object */;
			proxyType = 1;
			remoteGlobalIDString = FB51A0091DEAD77C00B2E195;
			remoteInfo = Deuce;
		};
		FB51A0291DEAD77C00B2E195 /* PBXContainerItemProxy */ = {
			isa = PBXContainerItemProxy;
			containerPortal = FB51A0021DEAD77C00B2E195 /* Project object */;
			proxyType = 1;
			remoteGlobalIDString = FB51A0261DEAD77C00B2E195;
			remoteInfo = "Deuce WatchKit App";
		};
		FB51A0381DEAD77C00B2E195 /* PBXContainerItemProxy */ = {
			isa = PBXContainerItemProxy;
			containerPortal = FB51A0021DEAD77C00B2E195 /* Project object */;
			proxyType = 1;
			remoteGlobalIDString = FB51A0351DEAD77C00B2E195;
			remoteInfo = "Deuce WatchKit Extension";
		};
		FB91801A1F00B30C0028AFE0 /* PBXContainerItemProxy */ = {
			isa = PBXContainerItemProxy;
			containerPortal = FB51A0021DEAD77C00B2E195 /* Project object */;
			proxyType = 1;
			remoteGlobalIDString = FB9180141F00B30C0028AFE0;
			remoteInfo = "Deuce Intents Extension";
		};
		FB9180381F00B3780028AFE0 /* PBXContainerItemProxy */ = {
			isa = PBXContainerItemProxy;
			containerPortal = FB51A0021DEAD77C00B2E195 /* Project object */;
			proxyType = 1;
			remoteGlobalIDString = FB91802D1F00B3780028AFE0;
			remoteInfo = "Deuce Intents Extension iOSUI";
		};
		FB91803B1F00B3780028AFE0 /* PBXContainerItemProxy */ = {
			isa = PBXContainerItemProxy;
			containerPortal = FB51A0021DEAD77C00B2E195 /* Project object */;
			proxyType = 1;
			remoteGlobalIDString = FB9180241F00B3780028AFE0;
			remoteInfo = "Deuce Intents Extension iOS";
		};
		FB91804E1F00B48E0028AFE0 /* PBXContainerItemProxy */ = {
			isa = PBXContainerItemProxy;
			containerPortal = FB51A0021DEAD77C00B2E195 /* Project object */;
			proxyType = 1;
			remoteGlobalIDString = FB9180481F00B48E0028AFE0;
			remoteInfo = "Deuce Intents Extension watchOS";
		};
/* End PBXContainerItemProxy section */

/* Begin PBXCopyFilesBuildPhase section */
		FB51A04B1DEAD77C00B2E195 /* Embed App Extensions */ = {
			isa = PBXCopyFilesBuildPhase;
			buildActionMask = 2147483647;
			dstPath = "";
			dstSubfolderSpec = 13;
			files = (
				FB51A0371DEAD77C00B2E195 /* Deuce WatchKit Extension.appex in Embed App Extensions */,
			);
			name = "Embed App Extensions";
			runOnlyForDeploymentPostprocessing = 0;
		};
		FB51A04F1DEAD77C00B2E195 /* Embed Watch Content */ = {
			isa = PBXCopyFilesBuildPhase;
			buildActionMask = 2147483647;
			dstPath = "$(CONTENTS_FOLDER_PATH)/Watch";
			dstSubfolderSpec = 16;
			files = (
				FB51A0281DEAD77C00B2E195 /* Deuce WatchKit App.app in Embed Watch Content */,
			);
			name = "Embed Watch Content";
			runOnlyForDeploymentPostprocessing = 0;
		};
		FB9180201F00B30C0028AFE0 /* Embed App Extensions */ = {
			isa = PBXCopyFilesBuildPhase;
			buildActionMask = 2147483647;
			dstPath = "";
			dstSubfolderSpec = 13;
			files = (
				FB9180501F00B48E0028AFE0 /* Deuce Intents Extension watchOS.appex in Embed App Extensions */,
				FB91801C1F00B30C0028AFE0 /* Deuce Intents Extension.appex in Embed App Extensions */,
			);
			name = "Embed App Extensions";
			runOnlyForDeploymentPostprocessing = 0;
		};
		FB9180441F00B3780028AFE0 /* Embed App Extensions */ = {
			isa = PBXCopyFilesBuildPhase;
			buildActionMask = 2147483647;
			dstPath = "";
			dstSubfolderSpec = 13;
			files = (
				FB91803D1F00B3780028AFE0 /* Deuce Intents Extension iOS.appex in Embed App Extensions */,
				FB91803A1F00B3780028AFE0 /* Deuce Intents Extension iOSUI.appex in Embed App Extensions */,
			);
			name = "Embed App Extensions";
			runOnlyForDeploymentPostprocessing = 0;
		};
/* End PBXCopyFilesBuildPhase section */

/* Begin PBXFileReference section */
		356E234771FD944D8DEC68B9 /* Pods_DeuceTests.framework */ = {isa = PBXFileReference; explicitFileType = wrapper.framework; includeInIndex = 0; path = Pods_DeuceTests.framework; sourceTree = BUILT_PRODUCTS_DIR; };
		36B7AB9AC16D6AE1AC67A766 /* Pods_Deuce_WatchKit_Extension.framework */ = {isa = PBXFileReference; explicitFileType = wrapper.framework; includeInIndex = 0; path = Pods_Deuce_WatchKit_Extension.framework; sourceTree = BUILT_PRODUCTS_DIR; };
		3D91929B6F2FD0818774ADD1 /* Pods-Deuce.debug.xcconfig */ = {isa = PBXFileReference; includeInIndex = 1; lastKnownFileType = text.xcconfig; name = "Pods-Deuce.debug.xcconfig"; path = "Pods/Target Support Files/Pods-Deuce/Pods-Deuce.debug.xcconfig"; sourceTree = "<group>"; };
		44E2074C8C881C66D7766613 /* Pods_Deuce.framework */ = {isa = PBXFileReference; explicitFileType = wrapper.framework; includeInIndex = 0; path = Pods_Deuce.framework; sourceTree = BUILT_PRODUCTS_DIR; };
		6145E4D94AD2F8A280D7795A /* Pods-Deuce WatchKit App.debug.xcconfig */ = {isa = PBXFileReference; includeInIndex = 1; lastKnownFileType = text.xcconfig; name = "Pods-Deuce WatchKit App.debug.xcconfig"; path = "Pods/Target Support Files/Pods-Deuce WatchKit App/Pods-Deuce WatchKit App.debug.xcconfig"; sourceTree = "<group>"; };
		86C52AB7EB205DE7E828670A /* Pods-Deuce WatchKit App.release.xcconfig */ = {isa = PBXFileReference; includeInIndex = 1; lastKnownFileType = text.xcconfig; name = "Pods-Deuce WatchKit App.release.xcconfig"; path = "Pods/Target Support Files/Pods-Deuce WatchKit App/Pods-Deuce WatchKit App.release.xcconfig"; sourceTree = "<group>"; };
		A8791DF237ACDF75264F15FD /* Pods-DeuceTests.release.xcconfig */ = {isa = PBXFileReference; includeInIndex = 1; lastKnownFileType = text.xcconfig; name = "Pods-DeuceTests.release.xcconfig"; path = "Pods/Target Support Files/Pods-DeuceTests/Pods-DeuceTests.release.xcconfig"; sourceTree = "<group>"; };
		AA7A5516824DD6E54B661156 /* Pods-Deuce WatchKit Extension.release.xcconfig */ = {isa = PBXFileReference; includeInIndex = 1; lastKnownFileType = text.xcconfig; name = "Pods-Deuce WatchKit Extension.release.xcconfig"; path = "Pods/Target Support Files/Pods-Deuce WatchKit Extension/Pods-Deuce WatchKit Extension.release.xcconfig"; sourceTree = "<group>"; };
		B6B2572CF87F7570151BDA39 /* Pods_Deuce_WatchKit_App.framework */ = {isa = PBXFileReference; explicitFileType = wrapper.framework; includeInIndex = 0; path = Pods_Deuce_WatchKit_App.framework; sourceTree = BUILT_PRODUCTS_DIR; };
		F10011026E649A695A56F089 /* Pods-DeuceTests.debug.xcconfig */ = {isa = PBXFileReference; includeInIndex = 1; lastKnownFileType = text.xcconfig; name = "Pods-DeuceTests.debug.xcconfig"; path = "Pods/Target Support Files/Pods-DeuceTests/Pods-DeuceTests.debug.xcconfig"; sourceTree = "<group>"; };
		F9B87289CB323E7572B2028F /* Pods-Deuce WatchKit Extension.debug.xcconfig */ = {isa = PBXFileReference; includeInIndex = 1; lastKnownFileType = text.xcconfig; name = "Pods-Deuce WatchKit Extension.debug.xcconfig"; path = "Pods/Target Support Files/Pods-Deuce WatchKit Extension/Pods-Deuce WatchKit Extension.debug.xcconfig"; sourceTree = "<group>"; };
		FB3280351EABDA3C00D6B92B /* ScoreManager.swift */ = {isa = PBXFileReference; fileEncoding = 4; lastKnownFileType = sourcecode.swift; path = ScoreManager.swift; sourceTree = "<group>"; };
		FB3377421E6E3C89000B9E30 /* Deuce.entitlements */ = {isa = PBXFileReference; lastKnownFileType = text.plist.entitlements; path = Deuce.entitlements; sourceTree = "<group>"; };
		FB51A00A1DEAD77C00B2E195 /* Deuce.app */ = {isa = PBXFileReference; explicitFileType = wrapper.application; includeInIndex = 0; path = Deuce.app; sourceTree = BUILT_PRODUCTS_DIR; };
		FB51A00D1DEAD77C00B2E195 /* AppDelegate.swift */ = {isa = PBXFileReference; lastKnownFileType = sourcecode.swift; path = AppDelegate.swift; sourceTree = "<group>"; };
		FB51A00F1DEAD77C00B2E195 /* ViewController.swift */ = {isa = PBXFileReference; lastKnownFileType = sourcecode.swift; path = ViewController.swift; sourceTree = "<group>"; };
		FB51A0121DEAD77C00B2E195 /* Base */ = {isa = PBXFileReference; lastKnownFileType = file.storyboard; name = Base; path = Base.lproj/Main.storyboard; sourceTree = "<group>"; };
		FB51A0141DEAD77C00B2E195 /* Assets.xcassets */ = {isa = PBXFileReference; lastKnownFileType = folder.assetcatalog; path = Assets.xcassets; sourceTree = "<group>"; };
		FB51A0171DEAD77C00B2E195 /* Base */ = {isa = PBXFileReference; lastKnownFileType = file.storyboard; name = Base; path = Base.lproj/LaunchScreen.storyboard; sourceTree = "<group>"; };
		FB51A0191DEAD77C00B2E195 /* Info.plist */ = {isa = PBXFileReference; lastKnownFileType = text.plist.xml; path = Info.plist; sourceTree = "<group>"; };
		FB51A01E1DEAD77C00B2E195 /* DeuceTests.xctest */ = {isa = PBXFileReference; explicitFileType = wrapper.cfbundle; includeInIndex = 0; path = DeuceTests.xctest; sourceTree = BUILT_PRODUCTS_DIR; };
		FB51A0221DEAD77C00B2E195 /* DeuceTests.swift */ = {isa = PBXFileReference; lastKnownFileType = sourcecode.swift; path = DeuceTests.swift; sourceTree = "<group>"; };
		FB51A0241DEAD77C00B2E195 /* Info.plist */ = {isa = PBXFileReference; lastKnownFileType = text.plist.xml; path = Info.plist; sourceTree = "<group>"; };
		FB51A0271DEAD77C00B2E195 /* Deuce WatchKit App.app */ = {isa = PBXFileReference; explicitFileType = wrapper.application; includeInIndex = 0; path = "Deuce WatchKit App.app"; sourceTree = BUILT_PRODUCTS_DIR; };
		FB51A02D1DEAD77C00B2E195 /* Base */ = {isa = PBXFileReference; lastKnownFileType = file.storyboard; name = Base; path = Base.lproj/Interface.storyboard; sourceTree = "<group>"; };
		FB51A02F1DEAD77C00B2E195 /* Assets.xcassets */ = {isa = PBXFileReference; lastKnownFileType = folder.assetcatalog; path = Assets.xcassets; sourceTree = "<group>"; };
		FB51A0311DEAD77C00B2E195 /* Info.plist */ = {isa = PBXFileReference; lastKnownFileType = text.plist.xml; path = Info.plist; sourceTree = "<group>"; };
		FB51A0361DEAD77C00B2E195 /* Deuce WatchKit Extension.appex */ = {isa = PBXFileReference; explicitFileType = "wrapper.app-extension"; includeInIndex = 0; path = "Deuce WatchKit Extension.appex"; sourceTree = BUILT_PRODUCTS_DIR; };
		FB51A03C1DEAD77C00B2E195 /* PushNotificationPayload.apns */ = {isa = PBXFileReference; lastKnownFileType = text; path = PushNotificationPayload.apns; sourceTree = "<group>"; };
		FB51A03D1DEAD77C00B2E195 /* InterfaceController.swift */ = {isa = PBXFileReference; lastKnownFileType = sourcecode.swift; path = InterfaceController.swift; sourceTree = "<group>"; };
		FB51A03F1DEAD77C00B2E195 /* ExtensionDelegate.swift */ = {isa = PBXFileReference; lastKnownFileType = sourcecode.swift; path = ExtensionDelegate.swift; sourceTree = "<group>"; };
		FB51A0411DEAD77C00B2E195 /* NotificationController.swift */ = {isa = PBXFileReference; lastKnownFileType = sourcecode.swift; path = NotificationController.swift; sourceTree = "<group>"; };
		FB51A0431DEAD77C00B2E195 /* Assets.xcassets */ = {isa = PBXFileReference; lastKnownFileType = folder.assetcatalog; path = Assets.xcassets; sourceTree = "<group>"; };
		FB51A0451DEAD77C00B2E195 /* Info.plist */ = {isa = PBXFileReference; lastKnownFileType = text.plist.xml; path = Info.plist; sourceTree = "<group>"; };
		FB8341A01E8780130003244C /* ScoreManager.swift */ = {isa = PBXFileReference; fileEncoding = 4; lastKnownFileType = sourcecode.swift; path = ScoreManager.swift; sourceTree = "<group>"; };
		FB9180101F00B1A60028AFE0 /* Deuce WatchKit Extension.entitlements */ = {isa = PBXFileReference; lastKnownFileType = text.plist.entitlements; path = "Deuce WatchKit Extension.entitlements"; sourceTree = "<group>"; };
		FB9180151F00B30C0028AFE0 /* Deuce Intents Extension.appex */ = {isa = PBXFileReference; explicitFileType = "wrapper.app-extension"; includeInIndex = 0; path = "Deuce Intents Extension.appex"; sourceTree = BUILT_PRODUCTS_DIR; };
		FB9180251F00B3780028AFE0 /* Deuce Intents Extension iOS.appex */ = {isa = PBXFileReference; explicitFileType = "wrapper.app-extension"; includeInIndex = 0; path = "Deuce Intents Extension iOS.appex"; sourceTree = BUILT_PRODUCTS_DIR; };
		FB9180271F00B3780028AFE0 /* IntentHandler.swift */ = {isa = PBXFileReference; lastKnownFileType = sourcecode.swift; path = IntentHandler.swift; sourceTree = "<group>"; };
		FB9180291F00B3780028AFE0 /* Info.plist */ = {isa = PBXFileReference; lastKnownFileType = text.plist.xml; path = Info.plist; sourceTree = "<group>"; };
		FB91802E1F00B3780028AFE0 /* Deuce Intents Extension iOSUI.appex */ = {isa = PBXFileReference; explicitFileType = "wrapper.app-extension"; includeInIndex = 0; path = "Deuce Intents Extension iOSUI.appex"; sourceTree = BUILT_PRODUCTS_DIR; };
		FB91802F1F00B3780028AFE0 /* IntentsUI.framework */ = {isa = PBXFileReference; lastKnownFileType = wrapper.framework; name = IntentsUI.framework; path = System/Library/Frameworks/IntentsUI.framework; sourceTree = SDKROOT; };
		FB9180321F00B3780028AFE0 /* IntentViewController.swift */ = {isa = PBXFileReference; lastKnownFileType = sourcecode.swift; path = IntentViewController.swift; sourceTree = "<group>"; };
		FB9180351F00B3780028AFE0 /* Base */ = {isa = PBXFileReference; lastKnownFileType = file.storyboard; name = Base; path = Base.lproj/MainInterface.storyboard; sourceTree = "<group>"; };
		FB9180371F00B3780028AFE0 /* Info.plist */ = {isa = PBXFileReference; lastKnownFileType = text.plist.xml; path = Info.plist; sourceTree = "<group>"; };
		FB9180491F00B48E0028AFE0 /* Deuce Intents Extension watchOS.appex */ = {isa = PBXFileReference; explicitFileType = "wrapper.app-extension"; includeInIndex = 0; path = "Deuce Intents Extension watchOS.appex"; sourceTree = BUILT_PRODUCTS_DIR; };
		FB91804B1F00B48E0028AFE0 /* IntentHandler.swift */ = {isa = PBXFileReference; lastKnownFileType = sourcecode.swift; path = IntentHandler.swift; sourceTree = "<group>"; };
		FB91804D1F00B48E0028AFE0 /* Info.plist */ = {isa = PBXFileReference; lastKnownFileType = text.plist.xml; path = Info.plist; sourceTree = "<group>"; };
		FBCE7F171EDEEA5200084C0B /* fr */ = {isa = PBXFileReference; lastKnownFileType = text.plist.strings; name = fr; path = fr.lproj/Main.strings; sourceTree = "<group>"; };
		FBCE7F181EDEEA5200084C0B /* fr */ = {isa = PBXFileReference; lastKnownFileType = text.plist.strings; name = fr; path = fr.lproj/LaunchScreen.strings; sourceTree = "<group>"; };
		FBCE7F191EDEEA5200084C0B /* fr */ = {isa = PBXFileReference; lastKnownFileType = text.plist.strings; name = fr; path = fr.lproj/Interface.strings; sourceTree = "<group>"; };
		FBD05A0B1EDE505A00B49D00 /* GoogleService-Info.plist */ = {isa = PBXFileReference; fileEncoding = 4; lastKnownFileType = text.plist.xml; path = "GoogleService-Info.plist"; sourceTree = "<group>"; };
		FDBB115D3FA8ED1261C01669 /* Pods-Deuce.release.xcconfig */ = {isa = PBXFileReference; includeInIndex = 1; lastKnownFileType = text.xcconfig; name = "Pods-Deuce.release.xcconfig"; path = "Pods/Target Support Files/Pods-Deuce/Pods-Deuce.release.xcconfig"; sourceTree = "<group>"; };
/* End PBXFileReference section */

/* Begin PBXFrameworksBuildPhase section */
		16766D695AAE20F4067E9895 /* Frameworks */ = {
			isa = PBXFrameworksBuildPhase;
			buildActionMask = 2147483647;
			files = (
				506A290F6362769ABC3AB4DF /* Pods_Deuce_WatchKit_App.framework in Frameworks */,
			);
			runOnlyForDeploymentPostprocessing = 0;
		};
		FB51A0071DEAD77C00B2E195 /* Frameworks */ = {
			isa = PBXFrameworksBuildPhase;
			buildActionMask = 2147483647;
			files = (
				672231B6BFE0AEED77ECABC0 /* Pods_Deuce.framework in Frameworks */,
			);
			runOnlyForDeploymentPostprocessing = 0;
		};
		FB51A01B1DEAD77C00B2E195 /* Frameworks */ = {
			isa = PBXFrameworksBuildPhase;
			buildActionMask = 2147483647;
			files = (
				100E3A91567FE6F2C55C9C13 /* Pods_DeuceTests.framework in Frameworks */,
			);
			runOnlyForDeploymentPostprocessing = 0;
		};
		FB51A0331DEAD77C00B2E195 /* Frameworks */ = {
			isa = PBXFrameworksBuildPhase;
			buildActionMask = 2147483647;
			files = (
				66B2F943DAA2608BAD61974C /* Pods_Deuce_WatchKit_Extension.framework in Frameworks */,
			);
			runOnlyForDeploymentPostprocessing = 0;
		};
		FB9180121F00B30C0028AFE0 /* Frameworks */ = {
			isa = PBXFrameworksBuildPhase;
			buildActionMask = 2147483647;
			files = (
			);
			runOnlyForDeploymentPostprocessing = 0;
		};
		FB9180221F00B3780028AFE0 /* Frameworks */ = {
			isa = PBXFrameworksBuildPhase;
			buildActionMask = 2147483647;
			files = (
			);
			runOnlyForDeploymentPostprocessing = 0;
		};
		FB91802B1F00B3780028AFE0 /* Frameworks */ = {
			isa = PBXFrameworksBuildPhase;
			buildActionMask = 2147483647;
			files = (
				FB9180301F00B3780028AFE0 /* IntentsUI.framework in Frameworks */,
			);
			runOnlyForDeploymentPostprocessing = 0;
		};
		FB9180461F00B48E0028AFE0 /* Frameworks */ = {
			isa = PBXFrameworksBuildPhase;
			buildActionMask = 2147483647;
			files = (
			);
			runOnlyForDeploymentPostprocessing = 0;
		};
/* End PBXFrameworksBuildPhase section */

/* Begin PBXGroup section */
		9B53444500BC1C911B3B66E9 /* Pods */ = {
			isa = PBXGroup;
			children = (
				3D91929B6F2FD0818774ADD1 /* Pods-Deuce.debug.xcconfig */,
				FDBB115D3FA8ED1261C01669 /* Pods-Deuce.release.xcconfig */,
				6145E4D94AD2F8A280D7795A /* Pods-Deuce WatchKit App.debug.xcconfig */,
				86C52AB7EB205DE7E828670A /* Pods-Deuce WatchKit App.release.xcconfig */,
				F9B87289CB323E7572B2028F /* Pods-Deuce WatchKit Extension.debug.xcconfig */,
				AA7A5516824DD6E54B661156 /* Pods-Deuce WatchKit Extension.release.xcconfig */,
				F10011026E649A695A56F089 /* Pods-DeuceTests.debug.xcconfig */,
				A8791DF237ACDF75264F15FD /* Pods-DeuceTests.release.xcconfig */,
			);
			name = Pods;
			sourceTree = "<group>";
		};
		FB51A0011DEAD77C00B2E195 = {
			isa = PBXGroup;
			children = (
				FB51A00C1DEAD77C00B2E195 /* Deuce */,
				FB51A0211DEAD77C00B2E195 /* DeuceTests */,
				FB51A02B1DEAD77C00B2E195 /* Deuce WatchKit App */,
				FB51A03A1DEAD77C00B2E195 /* Deuce WatchKit Extension */,
				FB9180261F00B3780028AFE0 /* Deuce Intents Extension iOS */,
				FB9180311F00B3780028AFE0 /* Deuce Intents Extension iOSUI */,
				FB91804A1F00B48E0028AFE0 /* Deuce Intents Extension watchOS */,
				FB51A00B1DEAD77C00B2E195 /* Products */,
				FB94920A1E84C6020018F073 /* Frameworks */,
				9B53444500BC1C911B3B66E9 /* Pods */,
			);
			sourceTree = "<group>";
		};
		FB51A00B1DEAD77C00B2E195 /* Products */ = {
			isa = PBXGroup;
			children = (
				FB51A00A1DEAD77C00B2E195 /* Deuce.app */,
				FB51A01E1DEAD77C00B2E195 /* DeuceTests.xctest */,
				FB51A0271DEAD77C00B2E195 /* Deuce WatchKit App.app */,
				FB51A0361DEAD77C00B2E195 /* Deuce WatchKit Extension.appex */,
				FB9180151F00B30C0028AFE0 /* Deuce Intents Extension.appex */,
				FB9180251F00B3780028AFE0 /* Deuce Intents Extension iOS.appex */,
				FB91802E1F00B3780028AFE0 /* Deuce Intents Extension iOSUI.appex */,
				FB9180491F00B48E0028AFE0 /* Deuce Intents Extension watchOS.appex */,
			);
			name = Products;
			sourceTree = "<group>";
		};
		FB51A00C1DEAD77C00B2E195 /* Deuce */ = {
			isa = PBXGroup;
			children = (
				FB3377421E6E3C89000B9E30 /* Deuce.entitlements */,
				FB51A00D1DEAD77C00B2E195 /* AppDelegate.swift */,
				FB51A00F1DEAD77C00B2E195 /* ViewController.swift */,
				FB8341A01E8780130003244C /* ScoreManager.swift */,
				FB51A0111DEAD77C00B2E195 /* Main.storyboard */,
				FB51A0141DEAD77C00B2E195 /* Assets.xcassets */,
				FB51A0161DEAD77C00B2E195 /* LaunchScreen.storyboard */,
				FB51A0191DEAD77C00B2E195 /* Info.plist */,
				FBD05A0B1EDE505A00B49D00 /* GoogleService-Info.plist */,
			);
			path = Deuce;
			sourceTree = "<group>";
		};
		FB51A0211DEAD77C00B2E195 /* DeuceTests */ = {
			isa = PBXGroup;
			children = (
				FB51A0221DEAD77C00B2E195 /* DeuceTests.swift */,
				FB51A0241DEAD77C00B2E195 /* Info.plist */,
			);
			path = DeuceTests;
			sourceTree = "<group>";
		};
		FB51A02B1DEAD77C00B2E195 /* Deuce WatchKit App */ = {
			isa = PBXGroup;
			children = (
				FB51A02C1DEAD77C00B2E195 /* Interface.storyboard */,
				FB51A02F1DEAD77C00B2E195 /* Assets.xcassets */,
				FB51A0311DEAD77C00B2E195 /* Info.plist */,
			);
			path = "Deuce WatchKit App";
			sourceTree = "<group>";
		};
		FB51A03A1DEAD77C00B2E195 /* Deuce WatchKit Extension */ = {
			isa = PBXGroup;
			children = (
				FB9180101F00B1A60028AFE0 /* Deuce WatchKit Extension.entitlements */,
				FB51A03D1DEAD77C00B2E195 /* InterfaceController.swift */,
				FB3280351EABDA3C00D6B92B /* ScoreManager.swift */,
				FB51A03F1DEAD77C00B2E195 /* ExtensionDelegate.swift */,
				FB51A0411DEAD77C00B2E195 /* NotificationController.swift */,
				FB51A0431DEAD77C00B2E195 /* Assets.xcassets */,
				FB51A0451DEAD77C00B2E195 /* Info.plist */,
				FB51A03B1DEAD77C00B2E195 /* Supporting Files */,
			);
			path = "Deuce WatchKit Extension";
			sourceTree = "<group>";
		};
		FB51A03B1DEAD77C00B2E195 /* Supporting Files */ = {
			isa = PBXGroup;
			children = (
				FB51A03C1DEAD77C00B2E195 /* PushNotificationPayload.apns */,
			);
			name = "Supporting Files";
			sourceTree = "<group>";
		};
		FB9180261F00B3780028AFE0 /* Deuce Intents Extension iOS */ = {
			isa = PBXGroup;
			children = (
				FB9180271F00B3780028AFE0 /* IntentHandler.swift */,
				FB9180291F00B3780028AFE0 /* Info.plist */,
			);
			path = "Deuce Intents Extension iOS";
			sourceTree = "<group>";
		};
		FB9180311F00B3780028AFE0 /* Deuce Intents Extension iOSUI */ = {
			isa = PBXGroup;
			children = (
				FB9180321F00B3780028AFE0 /* IntentViewController.swift */,
				FB9180341F00B3780028AFE0 /* MainInterface.storyboard */,
				FB9180371F00B3780028AFE0 /* Info.plist */,
			);
			path = "Deuce Intents Extension iOSUI";
			sourceTree = "<group>";
		};
		FB91804A1F00B48E0028AFE0 /* Deuce Intents Extension watchOS */ = {
			isa = PBXGroup;
			children = (
				FB91804B1F00B48E0028AFE0 /* IntentHandler.swift */,
				FB91804D1F00B48E0028AFE0 /* Info.plist */,
			);
			path = "Deuce Intents Extension watchOS";
			sourceTree = "<group>";
		};
		FB94920A1E84C6020018F073 /* Frameworks */ = {
			isa = PBXGroup;
			children = (
				44E2074C8C881C66D7766613 /* Pods_Deuce.framework */,
				B6B2572CF87F7570151BDA39 /* Pods_Deuce_WatchKit_App.framework */,
				36B7AB9AC16D6AE1AC67A766 /* Pods_Deuce_WatchKit_Extension.framework */,
				356E234771FD944D8DEC68B9 /* Pods_DeuceTests.framework */,
				FB91802F1F00B3780028AFE0 /* IntentsUI.framework */,
			);
			name = Frameworks;
			sourceTree = "<group>";
		};
/* End PBXGroup section */

/* Begin PBXNativeTarget section */
		FB51A0091DEAD77C00B2E195 /* Deuce */ = {
			isa = PBXNativeTarget;
			buildConfigurationList = FB51A0501DEAD77C00B2E195 /* Build configuration list for PBXNativeTarget "Deuce" */;
			buildPhases = (
				4E397755FD76C1EA74906754 /* [CP] Check Pods Manifest.lock */,
				FB51A0061DEAD77C00B2E195 /* Sources */,
				FB51A0071DEAD77C00B2E195 /* Frameworks */,
				FB51A0081DEAD77C00B2E195 /* Resources */,
				FB51A04F1DEAD77C00B2E195 /* Embed Watch Content */,
				A04E0406A256D3FD26CBBB59 /* [CP] Embed Pods Frameworks */,
				255D647D1FCA9A2C2E250E2F /* [CP] Copy Pods Resources */,
				FB9180441F00B3780028AFE0 /* Embed App Extensions */,
			);
			buildRules = (
			);
			dependencies = (
				FB51A02A1DEAD77C00B2E195 /* PBXTargetDependency */,
				FB9180391F00B3780028AFE0 /* PBXTargetDependency */,
				FB91803C1F00B3780028AFE0 /* PBXTargetDependency */,
			);
			name = Deuce;
			productName = Deuce;
			productReference = FB51A00A1DEAD77C00B2E195 /* Deuce.app */;
			productType = "com.apple.product-type.application";
		};
		FB51A01D1DEAD77C00B2E195 /* DeuceTests */ = {
			isa = PBXNativeTarget;
			buildConfigurationList = FB51A0531DEAD77C00B2E195 /* Build configuration list for PBXNativeTarget "DeuceTests" */;
			buildPhases = (
				DC0EFF8A508F9AD0B1E7432A /* [CP] Check Pods Manifest.lock */,
				FB51A01A1DEAD77C00B2E195 /* Sources */,
				FB51A01B1DEAD77C00B2E195 /* Frameworks */,
				FB51A01C1DEAD77C00B2E195 /* Resources */,
				E0496C8C591445736C657F43 /* [CP] Embed Pods Frameworks */,
				D29457D1C92CBD0563BC297B /* [CP] Copy Pods Resources */,
			);
			buildRules = (
			);
			dependencies = (
				FB51A0201DEAD77C00B2E195 /* PBXTargetDependency */,
			);
			name = DeuceTests;
			productName = DeuceTests;
			productReference = FB51A01E1DEAD77C00B2E195 /* DeuceTests.xctest */;
			productType = "com.apple.product-type.bundle.unit-test";
		};
		FB51A0261DEAD77C00B2E195 /* Deuce WatchKit App */ = {
			isa = PBXNativeTarget;
			buildConfigurationList = FB51A04C1DEAD77C00B2E195 /* Build configuration list for PBXNativeTarget "Deuce WatchKit App" */;
			buildPhases = (
				5986C82FF89DA096BBCEAE13 /* [CP] Check Pods Manifest.lock */,
				FB51A0251DEAD77C00B2E195 /* Resources */,
				FB51A04B1DEAD77C00B2E195 /* Embed App Extensions */,
				16766D695AAE20F4067E9895 /* Frameworks */,
				DD9FDCC516FB33C8D7FE42FB /* [CP] Copy Pods Resources */,
			);
			buildRules = (
			);
			dependencies = (
				FB51A0391DEAD77C00B2E195 /* PBXTargetDependency */,
			);
			name = "Deuce WatchKit App";
			productName = "Deuce WatchKit App";
			productReference = FB51A0271DEAD77C00B2E195 /* Deuce WatchKit App.app */;
			productType = "com.apple.product-type.application.watchapp2";
		};
		FB51A0351DEAD77C00B2E195 /* Deuce WatchKit Extension */ = {
			isa = PBXNativeTarget;
			buildConfigurationList = FB51A0481DEAD77C00B2E195 /* Build configuration list for PBXNativeTarget "Deuce WatchKit Extension" */;
			buildPhases = (
				64A5F76FCF7C2172C40517B0 /* [CP] Check Pods Manifest.lock */,
				FB51A0321DEAD77C00B2E195 /* Sources */,
				FB51A0331DEAD77C00B2E195 /* Frameworks */,
				FB51A0341DEAD77C00B2E195 /* Resources */,
				FA3AB3713573F20469E7E61B /* [CP] Embed Pods Frameworks */,
				AFB6B780746C0FD36DB5C385 /* [CP] Copy Pods Resources */,
				FB9180201F00B30C0028AFE0 /* Embed App Extensions */,
			);
			buildRules = (
			);
			dependencies = (
				FB91801B1F00B30C0028AFE0 /* PBXTargetDependency */,
				FB91804F1F00B48E0028AFE0 /* PBXTargetDependency */,
			);
			name = "Deuce WatchKit Extension";
			productName = "Deuce WatchKit Extension";
			productReference = FB51A0361DEAD77C00B2E195 /* Deuce WatchKit Extension.appex */;
			productType = "com.apple.product-type.watchkit2-extension";
		};
		FB9180141F00B30C0028AFE0 /* Deuce Intents Extension */ = {
			isa = PBXNativeTarget;
			buildConfigurationList = FB91801D1F00B30C0028AFE0 /* Build configuration list for PBXNativeTarget "Deuce Intents Extension" */;
			buildPhases = (
				FB9180111F00B30C0028AFE0 /* Sources */,
				FB9180121F00B30C0028AFE0 /* Frameworks */,
				FB9180131F00B30C0028AFE0 /* Resources */,
			);
			buildRules = (
			);
			dependencies = (
			);
			name = "Deuce Intents Extension";
			productName = "Deuce Intents Extension";
			productReference = FB9180151F00B30C0028AFE0 /* Deuce Intents Extension.appex */;
			productType = "com.apple.product-type.app-extension.intents-service";
		};
		FB9180241F00B3780028AFE0 /* Deuce Intents Extension iOS */ = {
			isa = PBXNativeTarget;
			buildConfigurationList = FB9180411F00B3780028AFE0 /* Build configuration list for PBXNativeTarget "Deuce Intents Extension iOS" */;
			buildPhases = (
				FB9180211F00B3780028AFE0 /* Sources */,
				FB9180221F00B3780028AFE0 /* Frameworks */,
				FB9180231F00B3780028AFE0 /* Resources */,
			);
			buildRules = (
			);
			dependencies = (
			);
			name = "Deuce Intents Extension iOS";
			productName = "Deuce Intents Extension iOS";
			productReference = FB9180251F00B3780028AFE0 /* Deuce Intents Extension iOS.appex */;
			productType = "com.apple.product-type.app-extension";
		};
		FB91802D1F00B3780028AFE0 /* Deuce Intents Extension iOSUI */ = {
			isa = PBXNativeTarget;
			buildConfigurationList = FB91803E1F00B3780028AFE0 /* Build configuration list for PBXNativeTarget "Deuce Intents Extension iOSUI" */;
			buildPhases = (
				FB91802A1F00B3780028AFE0 /* Sources */,
				FB91802B1F00B3780028AFE0 /* Frameworks */,
				FB91802C1F00B3780028AFE0 /* Resources */,
			);
			buildRules = (
			);
			dependencies = (
			);
			name = "Deuce Intents Extension iOSUI";
			productName = "Deuce Intents Extension iOSUI";
			productReference = FB91802E1F00B3780028AFE0 /* Deuce Intents Extension iOSUI.appex */;
			productType = "com.apple.product-type.app-extension";
		};
		FB9180481F00B48E0028AFE0 /* Deuce Intents Extension watchOS */ = {
			isa = PBXNativeTarget;
			buildConfigurationList = FB9180511F00B48E0028AFE0 /* Build configuration list for PBXNativeTarget "Deuce Intents Extension watchOS" */;
			buildPhases = (
				FB9180451F00B48E0028AFE0 /* Sources */,
				FB9180461F00B48E0028AFE0 /* Frameworks */,
				FB9180471F00B48E0028AFE0 /* Resources */,
			);
			buildRules = (
			);
			dependencies = (
			);
			name = "Deuce Intents Extension watchOS";
			productName = "Deuce Intents Extension watchOS";
			productReference = FB9180491F00B48E0028AFE0 /* Deuce Intents Extension watchOS.appex */;
			productType = "com.apple.product-type.app-extension.intents-service";
		};
/* End PBXNativeTarget section */

/* Begin PBXProject section */
		FB51A0021DEAD77C00B2E195 /* Project object */ = {
			isa = PBXProject;
			attributes = {
				LastSwiftUpdateCheck = 0900;
				LastUpgradeCheck = 0900;
				ORGANIZATIONNAME = "Austin Conlon";
				TargetAttributes = {
					FB51A0091DEAD77C00B2E195 = {
						CreatedOnToolsVersion = 8.2;
						DevelopmentTeam = AV84QJNZ49;
						LastSwiftMigration = 0900;
						ProvisioningStyle = Automatic;
						SystemCapabilities = {
							com.apple.BackgroundModes = {
								enabled = 0;
							};
							com.apple.HealthKit = {
								enabled = 0;
							};
							com.apple.Siri = {
								enabled = 1;
							};
							com.apple.iCloud = {
								enabled = 0;
							};
						};
					};
					FB51A01D1DEAD77C00B2E195 = {
						CreatedOnToolsVersion = 8.2;
						DevelopmentTeam = AV84QJNZ49;
						LastSwiftMigration = 0900;
						ProvisioningStyle = Automatic;
						TestTargetID = FB51A0091DEAD77C00B2E195;
					};
					FB51A0261DEAD77C00B2E195 = {
						CreatedOnToolsVersion = 8.2;
						DevelopmentTeam = AV84QJNZ49;
						LastSwiftMigration = 0830;
						ProvisioningStyle = Automatic;
					};
					FB51A0351DEAD77C00B2E195 = {
						CreatedOnToolsVersion = 8.2;
						DevelopmentTeam = AV84QJNZ49;
						LastSwiftMigration = 0900;
						ProvisioningStyle = Automatic;
						SystemCapabilities = {
							com.apple.Siri = {
								enabled = 1;
							};
						};
					};
					FB9180141F00B30C0028AFE0 = {
						CreatedOnToolsVersion = 9.0;
						DevelopmentTeam = AV84QJNZ49;
					};
					FB9180241F00B3780028AFE0 = {
						CreatedOnToolsVersion = 9.0;
						DevelopmentTeam = AV84QJNZ49;
					};
					FB91802D1F00B3780028AFE0 = {
						CreatedOnToolsVersion = 9.0;
						DevelopmentTeam = AV84QJNZ49;
					};
					FB9180481F00B48E0028AFE0 = {
						CreatedOnToolsVersion = 9.0;
						DevelopmentTeam = AV84QJNZ49;
					};
				};
			};
			buildConfigurationList = FB51A0051DEAD77C00B2E195 /* Build configuration list for PBXProject "Deuce" */;
			compatibilityVersion = "Xcode 3.2";
			developmentRegion = English;
			hasScannedForEncodings = 0;
			knownRegions = (
				en,
				Base,
			);
			mainGroup = FB51A0011DEAD77C00B2E195;
			productRefGroup = FB51A00B1DEAD77C00B2E195 /* Products */;
			projectDirPath = "";
			projectRoot = "";
			targets = (
				FB51A0091DEAD77C00B2E195 /* Deuce */,
				FB51A01D1DEAD77C00B2E195 /* DeuceTests */,
				FB51A0261DEAD77C00B2E195 /* Deuce WatchKit App */,
				FB51A0351DEAD77C00B2E195 /* Deuce WatchKit Extension */,
				FB9180141F00B30C0028AFE0 /* Deuce Intents Extension */,
				FB9180241F00B3780028AFE0 /* Deuce Intents Extension iOS */,
				FB91802D1F00B3780028AFE0 /* Deuce Intents Extension iOSUI */,
				FB9180481F00B48E0028AFE0 /* Deuce Intents Extension watchOS */,
			);
		};
/* End PBXProject section */

/* Begin PBXResourcesBuildPhase section */
		FB51A0081DEAD77C00B2E195 /* Resources */ = {
			isa = PBXResourcesBuildPhase;
			buildActionMask = 2147483647;
			files = (
				FB51A0181DEAD77C00B2E195 /* LaunchScreen.storyboard in Resources */,
				FBD05A0C1EDE505A00B49D00 /* GoogleService-Info.plist in Resources */,
				FB51A0151DEAD77C00B2E195 /* Assets.xcassets in Resources */,
				FB51A0131DEAD77C00B2E195 /* Main.storyboard in Resources */,
			);
			runOnlyForDeploymentPostprocessing = 0;
		};
		FB51A01C1DEAD77C00B2E195 /* Resources */ = {
			isa = PBXResourcesBuildPhase;
			buildActionMask = 2147483647;
			files = (
				FBD05A0D1EDE505A00B49D00 /* GoogleService-Info.plist in Resources */,
			);
			runOnlyForDeploymentPostprocessing = 0;
		};
		FB51A0251DEAD77C00B2E195 /* Resources */ = {
			isa = PBXResourcesBuildPhase;
			buildActionMask = 2147483647;
			files = (
				FB51A0301DEAD77C00B2E195 /* Assets.xcassets in Resources */,
				FB51A02E1DEAD77C00B2E195 /* Interface.storyboard in Resources */,
				FBD05A0E1EDE505A00B49D00 /* GoogleService-Info.plist in Resources */,
			);
			runOnlyForDeploymentPostprocessing = 0;
		};
		FB51A0341DEAD77C00B2E195 /* Resources */ = {
			isa = PBXResourcesBuildPhase;
			buildActionMask = 2147483647;
			files = (
				FB51A0441DEAD77C00B2E195 /* Assets.xcassets in Resources */,
				FBD05A0F1EDE505A00B49D00 /* GoogleService-Info.plist in Resources */,
			);
			runOnlyForDeploymentPostprocessing = 0;
		};
		FB9180131F00B30C0028AFE0 /* Resources */ = {
			isa = PBXResourcesBuildPhase;
			buildActionMask = 2147483647;
			files = (
			);
			runOnlyForDeploymentPostprocessing = 0;
		};
		FB9180231F00B3780028AFE0 /* Resources */ = {
			isa = PBXResourcesBuildPhase;
			buildActionMask = 2147483647;
			files = (
			);
			runOnlyForDeploymentPostprocessing = 0;
		};
		FB91802C1F00B3780028AFE0 /* Resources */ = {
			isa = PBXResourcesBuildPhase;
			buildActionMask = 2147483647;
			files = (
				FB9180361F00B3780028AFE0 /* MainInterface.storyboard in Resources */,
			);
			runOnlyForDeploymentPostprocessing = 0;
		};
		FB9180471F00B48E0028AFE0 /* Resources */ = {
			isa = PBXResourcesBuildPhase;
			buildActionMask = 2147483647;
			files = (
			);
			runOnlyForDeploymentPostprocessing = 0;
		};
/* End PBXResourcesBuildPhase section */

/* Begin PBXShellScriptBuildPhase section */
		255D647D1FCA9A2C2E250E2F /* [CP] Copy Pods Resources */ = {
			isa = PBXShellScriptBuildPhase;
			buildActionMask = 2147483647;
			files = (
			);
			inputPaths = (
			);
			name = "[CP] Copy Pods Resources";
			outputPaths = (
			);
			runOnlyForDeploymentPostprocessing = 0;
			shellPath = /bin/sh;
			shellScript = "\"${SRCROOT}/Pods/Target Support Files/Pods-Deuce/Pods-Deuce-resources.sh\"\n";
			showEnvVarsInLog = 0;
		};
		4E397755FD76C1EA74906754 /* [CP] Check Pods Manifest.lock */ = {
			isa = PBXShellScriptBuildPhase;
			buildActionMask = 2147483647;
			files = (
			);
			inputPaths = (
			);
			name = "[CP] Check Pods Manifest.lock";
			outputPaths = (
			);
			runOnlyForDeploymentPostprocessing = 0;
			shellPath = /bin/sh;
			shellScript = "diff \"${PODS_PODFILE_DIR_PATH}/Podfile.lock\" \"${PODS_ROOT}/Manifest.lock\" > /dev/null\nif [ $? != 0 ] ; then\n    # print error to STDERR\n    echo \"error: The sandbox is not in sync with the Podfile.lock. Run 'pod install' or update your CocoaPods installation.\" >&2\n    exit 1\nfi\n";
			showEnvVarsInLog = 0;
		};
		5986C82FF89DA096BBCEAE13 /* [CP] Check Pods Manifest.lock */ = {
			isa = PBXShellScriptBuildPhase;
			buildActionMask = 2147483647;
			files = (
			);
			inputPaths = (
			);
			name = "[CP] Check Pods Manifest.lock";
			outputPaths = (
			);
			runOnlyForDeploymentPostprocessing = 0;
			shellPath = /bin/sh;
			shellScript = "diff \"${PODS_PODFILE_DIR_PATH}/Podfile.lock\" \"${PODS_ROOT}/Manifest.lock\" > /dev/null\nif [ $? != 0 ] ; then\n    # print error to STDERR\n    echo \"error: The sandbox is not in sync with the Podfile.lock. Run 'pod install' or update your CocoaPods installation.\" >&2\n    exit 1\nfi\n";
			showEnvVarsInLog = 0;
		};
		64A5F76FCF7C2172C40517B0 /* [CP] Check Pods Manifest.lock */ = {
			isa = PBXShellScriptBuildPhase;
			buildActionMask = 2147483647;
			files = (
			);
			inputPaths = (
			);
			name = "[CP] Check Pods Manifest.lock";
			outputPaths = (
			);
			runOnlyForDeploymentPostprocessing = 0;
			shellPath = /bin/sh;
			shellScript = "diff \"${PODS_PODFILE_DIR_PATH}/Podfile.lock\" \"${PODS_ROOT}/Manifest.lock\" > /dev/null\nif [ $? != 0 ] ; then\n    # print error to STDERR\n    echo \"error: The sandbox is not in sync with the Podfile.lock. Run 'pod install' or update your CocoaPods installation.\" >&2\n    exit 1\nfi\n";
			showEnvVarsInLog = 0;
		};
		A04E0406A256D3FD26CBBB59 /* [CP] Embed Pods Frameworks */ = {
			isa = PBXShellScriptBuildPhase;
			buildActionMask = 2147483647;
			files = (
			);
			inputPaths = (
			);
			name = "[CP] Embed Pods Frameworks";
			outputPaths = (
			);
			runOnlyForDeploymentPostprocessing = 0;
			shellPath = /bin/sh;
			shellScript = "\"${SRCROOT}/Pods/Target Support Files/Pods-Deuce/Pods-Deuce-frameworks.sh\"\n";
			showEnvVarsInLog = 0;
		};
		AFB6B780746C0FD36DB5C385 /* [CP] Copy Pods Resources */ = {
			isa = PBXShellScriptBuildPhase;
			buildActionMask = 2147483647;
			files = (
			);
			inputPaths = (
			);
			name = "[CP] Copy Pods Resources";
			outputPaths = (
			);
			runOnlyForDeploymentPostprocessing = 0;
			shellPath = /bin/sh;
			shellScript = "\"${SRCROOT}/Pods/Target Support Files/Pods-Deuce WatchKit Extension/Pods-Deuce WatchKit Extension-resources.sh\"\n";
			showEnvVarsInLog = 0;
		};
		D29457D1C92CBD0563BC297B /* [CP] Copy Pods Resources */ = {
			isa = PBXShellScriptBuildPhase;
			buildActionMask = 2147483647;
			files = (
			);
			inputPaths = (
			);
			name = "[CP] Copy Pods Resources";
			outputPaths = (
			);
			runOnlyForDeploymentPostprocessing = 0;
			shellPath = /bin/sh;
			shellScript = "\"${SRCROOT}/Pods/Target Support Files/Pods-DeuceTests/Pods-DeuceTests-resources.sh\"\n";
			showEnvVarsInLog = 0;
		};
		DC0EFF8A508F9AD0B1E7432A /* [CP] Check Pods Manifest.lock */ = {
			isa = PBXShellScriptBuildPhase;
			buildActionMask = 2147483647;
			files = (
			);
			inputPaths = (
			);
			name = "[CP] Check Pods Manifest.lock";
			outputPaths = (
			);
			runOnlyForDeploymentPostprocessing = 0;
			shellPath = /bin/sh;
			shellScript = "diff \"${PODS_PODFILE_DIR_PATH}/Podfile.lock\" \"${PODS_ROOT}/Manifest.lock\" > /dev/null\nif [ $? != 0 ] ; then\n    # print error to STDERR\n    echo \"error: The sandbox is not in sync with the Podfile.lock. Run 'pod install' or update your CocoaPods installation.\" >&2\n    exit 1\nfi\n";
			showEnvVarsInLog = 0;
		};
		DD9FDCC516FB33C8D7FE42FB /* [CP] Copy Pods Resources */ = {
			isa = PBXShellScriptBuildPhase;
			buildActionMask = 2147483647;
			files = (
			);
			inputPaths = (
			);
			name = "[CP] Copy Pods Resources";
			outputPaths = (
			);
			runOnlyForDeploymentPostprocessing = 0;
			shellPath = /bin/sh;
			shellScript = "\"${SRCROOT}/Pods/Target Support Files/Pods-Deuce WatchKit App/Pods-Deuce WatchKit App-resources.sh\"\n";
			showEnvVarsInLog = 0;
		};
		E0496C8C591445736C657F43 /* [CP] Embed Pods Frameworks */ = {
			isa = PBXShellScriptBuildPhase;
			buildActionMask = 2147483647;
			files = (
			);
			inputPaths = (
			);
			name = "[CP] Embed Pods Frameworks";
			outputPaths = (
			);
			runOnlyForDeploymentPostprocessing = 0;
			shellPath = /bin/sh;
			shellScript = "\"${SRCROOT}/Pods/Target Support Files/Pods-DeuceTests/Pods-DeuceTests-frameworks.sh\"\n";
			showEnvVarsInLog = 0;
		};
		FA3AB3713573F20469E7E61B /* [CP] Embed Pods Frameworks */ = {
			isa = PBXShellScriptBuildPhase;
			buildActionMask = 2147483647;
			files = (
			);
			inputPaths = (
			);
			name = "[CP] Embed Pods Frameworks";
			outputPaths = (
			);
			runOnlyForDeploymentPostprocessing = 0;
			shellPath = /bin/sh;
			shellScript = "\"${SRCROOT}/Pods/Target Support Files/Pods-Deuce WatchKit Extension/Pods-Deuce WatchKit Extension-frameworks.sh\"\n";
			showEnvVarsInLog = 0;
		};
/* End PBXShellScriptBuildPhase section */

/* Begin PBXSourcesBuildPhase section */
		FB51A0061DEAD77C00B2E195 /* Sources */ = {
			isa = PBXSourcesBuildPhase;
			buildActionMask = 2147483647;
			files = (
				FB8341A11E8780130003244C /* ScoreManager.swift in Sources */,
				FB51A0101DEAD77C00B2E195 /* ViewController.swift in Sources */,
				FB51A00E1DEAD77C00B2E195 /* AppDelegate.swift in Sources */,
			);
			runOnlyForDeploymentPostprocessing = 0;
		};
		FB51A01A1DEAD77C00B2E195 /* Sources */ = {
			isa = PBXSourcesBuildPhase;
			buildActionMask = 2147483647;
			files = (
				FB51A0231DEAD77C00B2E195 /* DeuceTests.swift in Sources */,
			);
			runOnlyForDeploymentPostprocessing = 0;
		};
		FB51A0321DEAD77C00B2E195 /* Sources */ = {
			isa = PBXSourcesBuildPhase;
			buildActionMask = 2147483647;
			files = (
				FB51A0421DEAD77C00B2E195 /* NotificationController.swift in Sources */,
				FB51A0401DEAD77C00B2E195 /* ExtensionDelegate.swift in Sources */,
				FB51A03E1DEAD77C00B2E195 /* InterfaceController.swift in Sources */,
				FB3280361EABDA3C00D6B92B /* ScoreManager.swift in Sources */,
			);
			runOnlyForDeploymentPostprocessing = 0;
		};
		FB9180111F00B30C0028AFE0 /* Sources */ = {
			isa = PBXSourcesBuildPhase;
			buildActionMask = 2147483647;
			files = (
			);
			runOnlyForDeploymentPostprocessing = 0;
		};
		FB9180211F00B3780028AFE0 /* Sources */ = {
			isa = PBXSourcesBuildPhase;
			buildActionMask = 2147483647;
			files = (
				FB9180281F00B3780028AFE0 /* IntentHandler.swift in Sources */,
			);
			runOnlyForDeploymentPostprocessing = 0;
		};
		FB91802A1F00B3780028AFE0 /* Sources */ = {
			isa = PBXSourcesBuildPhase;
			buildActionMask = 2147483647;
			files = (
				FB9180331F00B3780028AFE0 /* IntentViewController.swift in Sources */,
			);
			runOnlyForDeploymentPostprocessing = 0;
		};
		FB9180451F00B48E0028AFE0 /* Sources */ = {
			isa = PBXSourcesBuildPhase;
			buildActionMask = 2147483647;
			files = (
				FB91804C1F00B48E0028AFE0 /* IntentHandler.swift in Sources */,
			);
			runOnlyForDeploymentPostprocessing = 0;
		};
/* End PBXSourcesBuildPhase section */

/* Begin PBXTargetDependency section */
		FB51A0201DEAD77C00B2E195 /* PBXTargetDependency */ = {
			isa = PBXTargetDependency;
			target = FB51A0091DEAD77C00B2E195 /* Deuce */;
			targetProxy = FB51A01F1DEAD77C00B2E195 /* PBXContainerItemProxy */;
		};
		FB51A02A1DEAD77C00B2E195 /* PBXTargetDependency */ = {
			isa = PBXTargetDependency;
			target = FB51A0261DEAD77C00B2E195 /* Deuce WatchKit App */;
			targetProxy = FB51A0291DEAD77C00B2E195 /* PBXContainerItemProxy */;
		};
		FB51A0391DEAD77C00B2E195 /* PBXTargetDependency */ = {
			isa = PBXTargetDependency;
			target = FB51A0351DEAD77C00B2E195 /* Deuce WatchKit Extension */;
			targetProxy = FB51A0381DEAD77C00B2E195 /* PBXContainerItemProxy */;
		};
		FB91801B1F00B30C0028AFE0 /* PBXTargetDependency */ = {
			isa = PBXTargetDependency;
			target = FB9180141F00B30C0028AFE0 /* Deuce Intents Extension */;
			targetProxy = FB91801A1F00B30C0028AFE0 /* PBXContainerItemProxy */;
		};
		FB9180391F00B3780028AFE0 /* PBXTargetDependency */ = {
			isa = PBXTargetDependency;
			target = FB91802D1F00B3780028AFE0 /* Deuce Intents Extension iOSUI */;
			targetProxy = FB9180381F00B3780028AFE0 /* PBXContainerItemProxy */;
		};
		FB91803C1F00B3780028AFE0 /* PBXTargetDependency */ = {
			isa = PBXTargetDependency;
			target = FB9180241F00B3780028AFE0 /* Deuce Intents Extension iOS */;
			targetProxy = FB91803B1F00B3780028AFE0 /* PBXContainerItemProxy */;
		};
		FB91804F1F00B48E0028AFE0 /* PBXTargetDependency */ = {
			isa = PBXTargetDependency;
			target = FB9180481F00B48E0028AFE0 /* Deuce Intents Extension watchOS */;
			targetProxy = FB91804E1F00B48E0028AFE0 /* PBXContainerItemProxy */;
		};
/* End PBXTargetDependency section */

/* Begin PBXVariantGroup section */
		FB51A0111DEAD77C00B2E195 /* Main.storyboard */ = {
			isa = PBXVariantGroup;
			children = (
				FB51A0121DEAD77C00B2E195 /* Base */,
				FBCE7F171EDEEA5200084C0B /* fr */,
			);
			name = Main.storyboard;
			sourceTree = "<group>";
		};
		FB51A0161DEAD77C00B2E195 /* LaunchScreen.storyboard */ = {
			isa = PBXVariantGroup;
			children = (
				FB51A0171DEAD77C00B2E195 /* Base */,
				FBCE7F181EDEEA5200084C0B /* fr */,
			);
			name = LaunchScreen.storyboard;
			sourceTree = "<group>";
		};
		FB51A02C1DEAD77C00B2E195 /* Interface.storyboard */ = {
			isa = PBXVariantGroup;
			children = (
				FB51A02D1DEAD77C00B2E195 /* Base */,
				FBCE7F191EDEEA5200084C0B /* fr */,
			);
			name = Interface.storyboard;
			sourceTree = "<group>";
		};
		FB9180341F00B3780028AFE0 /* MainInterface.storyboard */ = {
			isa = PBXVariantGroup;
			children = (
				FB9180351F00B3780028AFE0 /* Base */,
			);
			name = MainInterface.storyboard;
			sourceTree = "<group>";
		};
/* End PBXVariantGroup section */

/* Begin XCBuildConfiguration section */
		FB51A0461DEAD77C00B2E195 /* Debug */ = {
			isa = XCBuildConfiguration;
			buildSettings = {
				ALWAYS_SEARCH_USER_PATHS = NO;
				CLANG_ANALYZER_LOCALIZABILITY_NONLOCALIZED = YES;
				CLANG_ANALYZER_NONNULL = YES;
				CLANG_CXX_LANGUAGE_STANDARD = "gnu++0x";
				CLANG_CXX_LIBRARY = "libc++";
				CLANG_ENABLE_MODULES = YES;
				CLANG_ENABLE_OBJC_ARC = YES;
				CLANG_WARN_BLOCK_CAPTURE_AUTORELEASING = YES;
				CLANG_WARN_BOOL_CONVERSION = YES;
				CLANG_WARN_COMMA = YES;
				CLANG_WARN_CONSTANT_CONVERSION = YES;
				CLANG_WARN_DIRECT_OBJC_ISA_USAGE = YES_ERROR;
				CLANG_WARN_DOCUMENTATION_COMMENTS = YES;
				CLANG_WARN_EMPTY_BODY = YES;
				CLANG_WARN_ENUM_CONVERSION = YES;
				CLANG_WARN_INFINITE_RECURSION = YES;
				CLANG_WARN_INT_CONVERSION = YES;
				CLANG_WARN_NON_LITERAL_NULL_CONVERSION = YES;
				CLANG_WARN_OBJC_LITERAL_CONVERSION = YES;
				CLANG_WARN_OBJC_ROOT_CLASS = YES_ERROR;
				CLANG_WARN_RANGE_LOOP_ANALYSIS = YES;
				CLANG_WARN_STRICT_PROTOTYPES = YES;
				CLANG_WARN_SUSPICIOUS_MOVE = YES;
				CLANG_WARN_UNREACHABLE_CODE = YES;
				CLANG_WARN__DUPLICATE_METHOD_MATCH = YES;
				"CODE_SIGN_IDENTITY[sdk=iphoneos*]" = "iPhone Developer";
				COPY_PHASE_STRIP = NO;
				DEBUG_INFORMATION_FORMAT = dwarf;
				ENABLE_STRICT_OBJC_MSGSEND = YES;
				ENABLE_TESTABILITY = YES;
				GCC_C_LANGUAGE_STANDARD = gnu99;
				GCC_DYNAMIC_NO_PIC = NO;
				GCC_NO_COMMON_BLOCKS = YES;
				GCC_OPTIMIZATION_LEVEL = 0;
				GCC_PREPROCESSOR_DEFINITIONS = (
					"DEBUG=1",
					"$(inherited)",
				);
				GCC_WARN_64_TO_32_BIT_CONVERSION = YES;
				GCC_WARN_ABOUT_RETURN_TYPE = YES_ERROR;
				GCC_WARN_UNDECLARED_SELECTOR = YES;
				GCC_WARN_UNINITIALIZED_AUTOS = YES_AGGRESSIVE;
				GCC_WARN_UNUSED_FUNCTION = YES;
				GCC_WARN_UNUSED_VARIABLE = YES;
				IPHONEOS_DEPLOYMENT_TARGET = 9.3;
				MTL_ENABLE_DEBUG_INFO = YES;
				ONLY_ACTIVE_ARCH = YES;
				SDKROOT = iphoneos;
				SWIFT_ACTIVE_COMPILATION_CONDITIONS = DEBUG;
				SWIFT_OPTIMIZATION_LEVEL = "-Onone";
				SWIFT_VERSION = 3.0;
				TARGETED_DEVICE_FAMILY = "1,2";
			};
			name = Debug;
		};
		FB51A0471DEAD77C00B2E195 /* Release */ = {
			isa = XCBuildConfiguration;
			buildSettings = {
				ALWAYS_SEARCH_USER_PATHS = NO;
				CLANG_ANALYZER_LOCALIZABILITY_NONLOCALIZED = YES;
				CLANG_ANALYZER_NONNULL = YES;
				CLANG_CXX_LANGUAGE_STANDARD = "gnu++0x";
				CLANG_CXX_LIBRARY = "libc++";
				CLANG_ENABLE_MODULES = YES;
				CLANG_ENABLE_OBJC_ARC = YES;
				CLANG_WARN_BLOCK_CAPTURE_AUTORELEASING = YES;
				CLANG_WARN_BOOL_CONVERSION = YES;
				CLANG_WARN_COMMA = YES;
				CLANG_WARN_CONSTANT_CONVERSION = YES;
				CLANG_WARN_DIRECT_OBJC_ISA_USAGE = YES_ERROR;
				CLANG_WARN_DOCUMENTATION_COMMENTS = YES;
				CLANG_WARN_EMPTY_BODY = YES;
				CLANG_WARN_ENUM_CONVERSION = YES;
				CLANG_WARN_INFINITE_RECURSION = YES;
				CLANG_WARN_INT_CONVERSION = YES;
				CLANG_WARN_NON_LITERAL_NULL_CONVERSION = YES;
				CLANG_WARN_OBJC_LITERAL_CONVERSION = YES;
				CLANG_WARN_OBJC_ROOT_CLASS = YES_ERROR;
				CLANG_WARN_RANGE_LOOP_ANALYSIS = YES;
				CLANG_WARN_STRICT_PROTOTYPES = YES;
				CLANG_WARN_SUSPICIOUS_MOVE = YES;
				CLANG_WARN_UNREACHABLE_CODE = YES;
				CLANG_WARN__DUPLICATE_METHOD_MATCH = YES;
				"CODE_SIGN_IDENTITY[sdk=iphoneos*]" = "iPhone Developer";
				COPY_PHASE_STRIP = NO;
				DEBUG_INFORMATION_FORMAT = "dwarf-with-dsym";
				ENABLE_NS_ASSERTIONS = NO;
				ENABLE_STRICT_OBJC_MSGSEND = YES;
				GCC_C_LANGUAGE_STANDARD = gnu99;
				GCC_NO_COMMON_BLOCKS = YES;
				GCC_WARN_64_TO_32_BIT_CONVERSION = YES;
				GCC_WARN_ABOUT_RETURN_TYPE = YES_ERROR;
				GCC_WARN_UNDECLARED_SELECTOR = YES;
				GCC_WARN_UNINITIALIZED_AUTOS = YES_AGGRESSIVE;
				GCC_WARN_UNUSED_FUNCTION = YES;
				GCC_WARN_UNUSED_VARIABLE = YES;
				IPHONEOS_DEPLOYMENT_TARGET = 9.3;
				MTL_ENABLE_DEBUG_INFO = NO;
				SDKROOT = iphoneos;
				SWIFT_OPTIMIZATION_LEVEL = "-Owholemodule";
				SWIFT_VERSION = 3.0;
				TARGETED_DEVICE_FAMILY = "1,2";
				VALIDATE_PRODUCT = YES;
			};
			name = Release;
		};
		FB51A0491DEAD77C00B2E195 /* Debug */ = {
			isa = XCBuildConfiguration;
			baseConfigurationReference = F9B87289CB323E7572B2028F /* Pods-Deuce WatchKit Extension.debug.xcconfig */;
			buildSettings = {
				ASSETCATALOG_COMPILER_COMPLICATION_NAME = Complication;
				CODE_SIGN_ENTITLEMENTS = "Deuce WatchKit Extension/Deuce WatchKit Extension.entitlements";
				"CODE_SIGN_IDENTITY[sdk=watchos*]" = "iPhone Developer";
				DEVELOPMENT_TEAM = AV84QJNZ49;
				INFOPLIST_FILE = "Deuce WatchKit Extension/Info.plist";
				LD_RUNPATH_SEARCH_PATHS = "$(inherited) @executable_path/Frameworks @executable_path/../../Frameworks";
				PRODUCT_BUNDLE_IDENTIFIER = com.example.Deuce.watchkitapp.watchkitextension;
				PRODUCT_NAME = "${TARGET_NAME}";
				SDKROOT = watchos;
				SKIP_INSTALL = YES;
				SWIFT_SWIFT3_OBJC_INFERENCE = On;
				SWIFT_VERSION = 3.0;
				TARGETED_DEVICE_FAMILY = 4;
				WATCHOS_DEPLOYMENT_TARGET = 3.0;
			};
			name = Debug;
		};
		FB51A04A1DEAD77C00B2E195 /* Release */ = {
			isa = XCBuildConfiguration;
			baseConfigurationReference = AA7A5516824DD6E54B661156 /* Pods-Deuce WatchKit Extension.release.xcconfig */;
			buildSettings = {
				ASSETCATALOG_COMPILER_COMPLICATION_NAME = Complication;
				CODE_SIGN_ENTITLEMENTS = "Deuce WatchKit Extension/Deuce WatchKit Extension.entitlements";
				"CODE_SIGN_IDENTITY[sdk=watchos*]" = "iPhone Developer";
				DEVELOPMENT_TEAM = AV84QJNZ49;
				INFOPLIST_FILE = "Deuce WatchKit Extension/Info.plist";
				LD_RUNPATH_SEARCH_PATHS = "$(inherited) @executable_path/Frameworks @executable_path/../../Frameworks";
				PRODUCT_BUNDLE_IDENTIFIER = com.example.Deuce.watchkitapp.watchkitextension;
				PRODUCT_NAME = "${TARGET_NAME}";
				SDKROOT = watchos;
				SKIP_INSTALL = YES;
				SWIFT_SWIFT3_OBJC_INFERENCE = On;
				SWIFT_VERSION = 3.0;
				TARGETED_DEVICE_FAMILY = 4;
				WATCHOS_DEPLOYMENT_TARGET = 3.0;
			};
			name = Release;
		};
		FB51A04D1DEAD77C00B2E195 /* Debug */ = {
			isa = XCBuildConfiguration;
			baseConfigurationReference = 6145E4D94AD2F8A280D7795A /* Pods-Deuce WatchKit App.debug.xcconfig */;
			buildSettings = {
				ALWAYS_EMBED_SWIFT_STANDARD_LIBRARIES = YES;
				ASSETCATALOG_COMPILER_APPICON_NAME = AppIcon;
				"CODE_SIGN_IDENTITY[sdk=watchos*]" = "iPhone Developer";
				DEVELOPMENT_TEAM = AV84QJNZ49;
				IBSC_MODULE = Deuce_WatchKit_Extension;
				INFOPLIST_FILE = "Deuce WatchKit App/Info.plist";
				PRODUCT_BUNDLE_IDENTIFIER = com.example.Deuce.watchkitapp;
				PRODUCT_NAME = "$(TARGET_NAME)";
				PROVISIONING_PROFILE_SPECIFIER = "";
				SDKROOT = watchos;
				SKIP_INSTALL = YES;
				SWIFT_VERSION = 3.0;
				TARGETED_DEVICE_FAMILY = 4;
				WATCHOS_DEPLOYMENT_TARGET = 3.0;
			};
			name = Debug;
		};
		FB51A04E1DEAD77C00B2E195 /* Release */ = {
			isa = XCBuildConfiguration;
			baseConfigurationReference = 86C52AB7EB205DE7E828670A /* Pods-Deuce WatchKit App.release.xcconfig */;
			buildSettings = {
				ALWAYS_EMBED_SWIFT_STANDARD_LIBRARIES = YES;
				ASSETCATALOG_COMPILER_APPICON_NAME = AppIcon;
				"CODE_SIGN_IDENTITY[sdk=watchos*]" = "iPhone Developer";
				DEVELOPMENT_TEAM = AV84QJNZ49;
				IBSC_MODULE = Deuce_WatchKit_Extension;
				INFOPLIST_FILE = "Deuce WatchKit App/Info.plist";
				PRODUCT_BUNDLE_IDENTIFIER = com.example.Deuce.watchkitapp;
				PRODUCT_NAME = "$(TARGET_NAME)";
				PROVISIONING_PROFILE_SPECIFIER = "";
				SDKROOT = watchos;
				SKIP_INSTALL = YES;
				SWIFT_VERSION = 3.0;
				TARGETED_DEVICE_FAMILY = 4;
				WATCHOS_DEPLOYMENT_TARGET = 3.0;
			};
			name = Release;
		};
		FB51A0511DEAD77C00B2E195 /* Debug */ = {
			isa = XCBuildConfiguration;
			baseConfigurationReference = 3D91929B6F2FD0818774ADD1 /* Pods-Deuce.debug.xcconfig */;
			buildSettings = {
				ALWAYS_EMBED_SWIFT_STANDARD_LIBRARIES = YES;
				ASSETCATALOG_COMPILER_APPICON_NAME = AppIcon;
				CODE_SIGN_ENTITLEMENTS = Deuce/Deuce.entitlements;
				CODE_SIGN_IDENTITY = "iPhone Developer";
				"CODE_SIGN_IDENTITY[sdk=iphoneos*]" = "iPhone Developer";
				DEVELOPMENT_TEAM = AV84QJNZ49;
				INFOPLIST_FILE = Deuce/Info.plist;
				IPHONEOS_DEPLOYMENT_TARGET = 10.0;
				LD_RUNPATH_SEARCH_PATHS = "$(inherited) @executable_path/Frameworks";
				PRODUCT_BUNDLE_IDENTIFIER = com.example.Deuce;
				PRODUCT_NAME = "$(TARGET_NAME)";
				SWIFT_SWIFT3_OBJC_INFERENCE = On;
				SWIFT_VERSION = 3.0;
				TARGETED_DEVICE_FAMILY = "1,2";
			};
			name = Debug;
		};
		FB51A0521DEAD77C00B2E195 /* Release */ = {
			isa = XCBuildConfiguration;
			baseConfigurationReference = FDBB115D3FA8ED1261C01669 /* Pods-Deuce.release.xcconfig */;
			buildSettings = {
				ALWAYS_EMBED_SWIFT_STANDARD_LIBRARIES = YES;
				ASSETCATALOG_COMPILER_APPICON_NAME = AppIcon;
				CODE_SIGN_ENTITLEMENTS = Deuce/Deuce.entitlements;
				CODE_SIGN_IDENTITY = "iPhone Developer";
				"CODE_SIGN_IDENTITY[sdk=iphoneos*]" = "iPhone Developer";
				DEVELOPMENT_TEAM = AV84QJNZ49;
				INFOPLIST_FILE = Deuce/Info.plist;
				IPHONEOS_DEPLOYMENT_TARGET = 10.0;
				LD_RUNPATH_SEARCH_PATHS = "$(inherited) @executable_path/Frameworks";
				PRODUCT_BUNDLE_IDENTIFIER = com.example.Deuce;
				PRODUCT_NAME = "$(TARGET_NAME)";
				SWIFT_SWIFT3_OBJC_INFERENCE = On;
				SWIFT_VERSION = 3.0;
				TARGETED_DEVICE_FAMILY = "1,2";
			};
			name = Release;
		};
		FB51A0541DEAD77C00B2E195 /* Debug */ = {
			isa = XCBuildConfiguration;
			baseConfigurationReference = F10011026E649A695A56F089 /* Pods-DeuceTests.debug.xcconfig */;
			buildSettings = {
				ALWAYS_EMBED_SWIFT_STANDARD_LIBRARIES = YES;
				BUNDLE_LOADER = "$(TEST_HOST)";
				"CODE_SIGN_IDENTITY[sdk=iphoneos*]" = "iPhone Developer";
				DEVELOPMENT_TEAM = AV84QJNZ49;
				INFOPLIST_FILE = DeuceTests/Info.plist;
				LD_RUNPATH_SEARCH_PATHS = "$(inherited) @executable_path/Frameworks @loader_path/Frameworks";
				PRODUCT_BUNDLE_IDENTIFIER = com.example.DeuceTests;
				PRODUCT_NAME = "$(TARGET_NAME)";
				SWIFT_SWIFT3_OBJC_INFERENCE = On;
				SWIFT_VERSION = 3.0;
				TEST_HOST = "$(BUILT_PRODUCTS_DIR)/Deuce.app/Deuce";
			};
			name = Debug;
		};
		FB51A0551DEAD77C00B2E195 /* Release */ = {
			isa = XCBuildConfiguration;
			baseConfigurationReference = A8791DF237ACDF75264F15FD /* Pods-DeuceTests.release.xcconfig */;
			buildSettings = {
				ALWAYS_EMBED_SWIFT_STANDARD_LIBRARIES = YES;
				BUNDLE_LOADER = "$(TEST_HOST)";
				"CODE_SIGN_IDENTITY[sdk=iphoneos*]" = "iPhone Developer";
				DEVELOPMENT_TEAM = AV84QJNZ49;
				INFOPLIST_FILE = DeuceTests/Info.plist;
				LD_RUNPATH_SEARCH_PATHS = "$(inherited) @executable_path/Frameworks @loader_path/Frameworks";
				PRODUCT_BUNDLE_IDENTIFIER = com.example.DeuceTests;
				PRODUCT_NAME = "$(TARGET_NAME)";
				SWIFT_SWIFT3_OBJC_INFERENCE = On;
				SWIFT_VERSION = 3.0;
				TEST_HOST = "$(BUILT_PRODUCTS_DIR)/Deuce.app/Deuce";
			};
			name = Release;
		};
		FB91801E1F00B30C0028AFE0 /* Debug */ = {
			isa = XCBuildConfiguration;
			buildSettings = {
				CLANG_ANALYZER_NUMBER_OBJECT_CONVERSION = YES_AGGRESSIVE;
				CLANG_CXX_LANGUAGE_STANDARD = "gnu++14";
				CLANG_WARN_UNGUARDED_AVAILABILITY = YES_AGGRESSIVE;
				DEVELOPMENT_TEAM = AV84QJNZ49;
				GCC_C_LANGUAGE_STANDARD = gnu11;
				INFOPLIST_FILE = "Deuce Intents Extension/Info.plist";
				LD_RUNPATH_SEARCH_PATHS = "$(inherited) @executable_path/Frameworks @executable_path/../../Frameworks @executable_path/../../../../Frameworks";
				PRODUCT_BUNDLE_IDENTIFIER = "com.example.Deuce.watchkitapp.watchkitextension.Deuce-Intents-Extension";
				PRODUCT_NAME = "$(TARGET_NAME)";
				SDKROOT = watchos;
				SKIP_INSTALL = YES;
				SWIFT_VERSION = 4.0;
				TARGETED_DEVICE_FAMILY = 4;
				WATCHOS_DEPLOYMENT_TARGET = 4.0;
			};
			name = Debug;
		};
		FB91801F1F00B30C0028AFE0 /* Release */ = {
			isa = XCBuildConfiguration;
			buildSettings = {
				CLANG_ANALYZER_NUMBER_OBJECT_CONVERSION = YES_AGGRESSIVE;
				CLANG_CXX_LANGUAGE_STANDARD = "gnu++14";
				CLANG_WARN_UNGUARDED_AVAILABILITY = YES_AGGRESSIVE;
				DEVELOPMENT_TEAM = AV84QJNZ49;
				GCC_C_LANGUAGE_STANDARD = gnu11;
				INFOPLIST_FILE = "Deuce Intents Extension/Info.plist";
				LD_RUNPATH_SEARCH_PATHS = "$(inherited) @executable_path/Frameworks @executable_path/../../Frameworks @executable_path/../../../../Frameworks";
				PRODUCT_BUNDLE_IDENTIFIER = "com.example.Deuce.watchkitapp.watchkitextension.Deuce-Intents-Extension";
				PRODUCT_NAME = "$(TARGET_NAME)";
				SDKROOT = watchos;
				SKIP_INSTALL = YES;
				SWIFT_VERSION = 4.0;
				TARGETED_DEVICE_FAMILY = 4;
				WATCHOS_DEPLOYMENT_TARGET = 4.0;
			};
			name = Release;
		};
		FB91803F1F00B3780028AFE0 /* Debug */ = {
			isa = XCBuildConfiguration;
			buildSettings = {
				CLANG_ANALYZER_NUMBER_OBJECT_CONVERSION = YES_AGGRESSIVE;
				CLANG_CXX_LANGUAGE_STANDARD = "gnu++14";
				CLANG_WARN_UNGUARDED_AVAILABILITY = YES_AGGRESSIVE;
				CODE_SIGN_IDENTITY = "iPhone Developer";
				"CODE_SIGN_IDENTITY[sdk=iphoneos*]" = "iPhone Developer";
				DEVELOPMENT_TEAM = AV84QJNZ49;
				GCC_C_LANGUAGE_STANDARD = gnu11;
				INFOPLIST_FILE = "Deuce Intents Extension iOSUI/Info.plist";
				IPHONEOS_DEPLOYMENT_TARGET = 11.0;
				LD_RUNPATH_SEARCH_PATHS = "$(inherited) @executable_path/Frameworks @executable_path/../../Frameworks";
				PRODUCT_BUNDLE_IDENTIFIER = "com.example.Deuce.Deuce-Intents-Extension-iOSUI";
				PRODUCT_NAME = "$(TARGET_NAME)";
				SKIP_INSTALL = YES;
				SWIFT_VERSION = 4.0;
				TARGETED_DEVICE_FAMILY = "1,2";
			};
			name = Debug;
		};
		FB9180401F00B3780028AFE0 /* Release */ = {
			isa = XCBuildConfiguration;
			buildSettings = {
				CLANG_ANALYZER_NUMBER_OBJECT_CONVERSION = YES_AGGRESSIVE;
				CLANG_CXX_LANGUAGE_STANDARD = "gnu++14";
				CLANG_WARN_UNGUARDED_AVAILABILITY = YES_AGGRESSIVE;
				CODE_SIGN_IDENTITY = "iPhone Developer";
				"CODE_SIGN_IDENTITY[sdk=iphoneos*]" = "iPhone Developer";
				DEVELOPMENT_TEAM = AV84QJNZ49;
				GCC_C_LANGUAGE_STANDARD = gnu11;
				INFOPLIST_FILE = "Deuce Intents Extension iOSUI/Info.plist";
				IPHONEOS_DEPLOYMENT_TARGET = 11.0;
				LD_RUNPATH_SEARCH_PATHS = "$(inherited) @executable_path/Frameworks @executable_path/../../Frameworks";
				PRODUCT_BUNDLE_IDENTIFIER = "com.example.Deuce.Deuce-Intents-Extension-iOSUI";
				PRODUCT_NAME = "$(TARGET_NAME)";
				SKIP_INSTALL = YES;
				SWIFT_VERSION = 4.0;
				TARGETED_DEVICE_FAMILY = "1,2";
			};
			name = Release;
		};
		FB9180421F00B3780028AFE0 /* Debug */ = {
			isa = XCBuildConfiguration;
			buildSettings = {
				CLANG_ANALYZER_NUMBER_OBJECT_CONVERSION = YES_AGGRESSIVE;
				CLANG_CXX_LANGUAGE_STANDARD = "gnu++14";
				CLANG_WARN_UNGUARDED_AVAILABILITY = YES_AGGRESSIVE;
				CODE_SIGN_IDENTITY = "iPhone Developer";
				"CODE_SIGN_IDENTITY[sdk=iphoneos*]" = "iPhone Developer";
				DEVELOPMENT_TEAM = AV84QJNZ49;
				GCC_C_LANGUAGE_STANDARD = gnu11;
				INFOPLIST_FILE = "Deuce Intents Extension iOS/Info.plist";
				IPHONEOS_DEPLOYMENT_TARGET = 11.0;
				LD_RUNPATH_SEARCH_PATHS = "$(inherited) @executable_path/Frameworks @executable_path/../../Frameworks";
				PRODUCT_BUNDLE_IDENTIFIER = "com.example.Deuce.Deuce-Intents-Extension-iOS";
				PRODUCT_NAME = "$(TARGET_NAME)";
				SKIP_INSTALL = YES;
				SWIFT_VERSION = 4.0;
				TARGETED_DEVICE_FAMILY = "1,2";
			};
			name = Debug;
		};
		FB9180431F00B3780028AFE0 /* Release */ = {
			isa = XCBuildConfiguration;
			buildSettings = {
				CLANG_ANALYZER_NUMBER_OBJECT_CONVERSION = YES_AGGRESSIVE;
				CLANG_CXX_LANGUAGE_STANDARD = "gnu++14";
				CLANG_WARN_UNGUARDED_AVAILABILITY = YES_AGGRESSIVE;
				CODE_SIGN_IDENTITY = "iPhone Developer";
				"CODE_SIGN_IDENTITY[sdk=iphoneos*]" = "iPhone Developer";
				DEVELOPMENT_TEAM = AV84QJNZ49;
				GCC_C_LANGUAGE_STANDARD = gnu11;
				INFOPLIST_FILE = "Deuce Intents Extension iOS/Info.plist";
				IPHONEOS_DEPLOYMENT_TARGET = 11.0;
				LD_RUNPATH_SEARCH_PATHS = "$(inherited) @executable_path/Frameworks @executable_path/../../Frameworks";
				PRODUCT_BUNDLE_IDENTIFIER = "com.example.Deuce.Deuce-Intents-Extension-iOS";
				PRODUCT_NAME = "$(TARGET_NAME)";
				SKIP_INSTALL = YES;
				SWIFT_VERSION = 4.0;
				TARGETED_DEVICE_FAMILY = "1,2";
			};
			name = Release;
		};
		FB9180521F00B48E0028AFE0 /* Debug */ = {
			isa = XCBuildConfiguration;
			buildSettings = {
				CLANG_ANALYZER_NUMBER_OBJECT_CONVERSION = YES_AGGRESSIVE;
				CLANG_CXX_LANGUAGE_STANDARD = "gnu++14";
				CLANG_WARN_UNGUARDED_AVAILABILITY = YES_AGGRESSIVE;
				DEVELOPMENT_TEAM = AV84QJNZ49;
				GCC_C_LANGUAGE_STANDARD = gnu11;
				INFOPLIST_FILE = "Deuce Intents Extension watchOS/Info.plist";
				LD_RUNPATH_SEARCH_PATHS = "$(inherited) @executable_path/Frameworks @executable_path/../../Frameworks @executable_path/../../../../Frameworks";
				PRODUCT_BUNDLE_IDENTIFIER = "com.example.Deuce.watchkitapp.watchkitextension.Deuce-Intents-Extension-watchOS";
				PRODUCT_NAME = "$(TARGET_NAME)";
				SDKROOT = watchos;
				SKIP_INSTALL = YES;
				SWIFT_VERSION = 4.0;
				TARGETED_DEVICE_FAMILY = 4;
				WATCHOS_DEPLOYMENT_TARGET = 4.0;
			};
			name = Debug;
		};
		FB9180531F00B48E0028AFE0 /* Release */ = {
			isa = XCBuildConfiguration;
			buildSettings = {
				CLANG_ANALYZER_NUMBER_OBJECT_CONVERSION = YES_AGGRESSIVE;
				CLANG_CXX_LANGUAGE_STANDARD = "gnu++14";
				CLANG_WARN_UNGUARDED_AVAILABILITY = YES_AGGRESSIVE;
				DEVELOPMENT_TEAM = AV84QJNZ49;
				GCC_C_LANGUAGE_STANDARD = gnu11;
				INFOPLIST_FILE = "Deuce Intents Extension watchOS/Info.plist";
				LD_RUNPATH_SEARCH_PATHS = "$(inherited) @executable_path/Frameworks @executable_path/../../Frameworks @executable_path/../../../../Frameworks";
				PRODUCT_BUNDLE_IDENTIFIER = "com.example.Deuce.watchkitapp.watchkitextension.Deuce-Intents-Extension-watchOS";
				PRODUCT_NAME = "$(TARGET_NAME)";
				SDKROOT = watchos;
				SKIP_INSTALL = YES;
				SWIFT_VERSION = 4.0;
				TARGETED_DEVICE_FAMILY = 4;
				WATCHOS_DEPLOYMENT_TARGET = 4.0;
			};
			name = Release;
		};
/* End XCBuildConfiguration section */

/* Begin XCConfigurationList section */
		FB51A0051DEAD77C00B2E195 /* Build configuration list for PBXProject "Deuce" */ = {
			isa = XCConfigurationList;
			buildConfigurations = (
				FB51A0461DEAD77C00B2E195 /* Debug */,
				FB51A0471DEAD77C00B2E195 /* Release */,
			);
			defaultConfigurationIsVisible = 0;
			defaultConfigurationName = Release;
		};
		FB51A0481DEAD77C00B2E195 /* Build configuration list for PBXNativeTarget "Deuce WatchKit Extension" */ = {
			isa = XCConfigurationList;
			buildConfigurations = (
				FB51A0491DEAD77C00B2E195 /* Debug */,
				FB51A04A1DEAD77C00B2E195 /* Release */,
			);
			defaultConfigurationIsVisible = 0;
			defaultConfigurationName = Release;
		};
		FB51A04C1DEAD77C00B2E195 /* Build configuration list for PBXNativeTarget "Deuce WatchKit App" */ = {
			isa = XCConfigurationList;
			buildConfigurations = (
				FB51A04D1DEAD77C00B2E195 /* Debug */,
				FB51A04E1DEAD77C00B2E195 /* Release */,
			);
			defaultConfigurationIsVisible = 0;
			defaultConfigurationName = Release;
		};
		FB51A0501DEAD77C00B2E195 /* Build configuration list for PBXNativeTarget "Deuce" */ = {
			isa = XCConfigurationList;
			buildConfigurations = (
				FB51A0511DEAD77C00B2E195 /* Debug */,
				FB51A0521DEAD77C00B2E195 /* Release */,
			);
			defaultConfigurationIsVisible = 0;
			defaultConfigurationName = Release;
		};
		FB51A0531DEAD77C00B2E195 /* Build configuration list for PBXNativeTarget "DeuceTests" */ = {
			isa = XCConfigurationList;
			buildConfigurations = (
				FB51A0541DEAD77C00B2E195 /* Debug */,
				FB51A0551DEAD77C00B2E195 /* Release */,
			);
			defaultConfigurationIsVisible = 0;
			defaultConfigurationName = Release;
		};
		FB91801D1F00B30C0028AFE0 /* Build configuration list for PBXNativeTarget "Deuce Intents Extension" */ = {
			isa = XCConfigurationList;
			buildConfigurations = (
				FB91801E1F00B30C0028AFE0 /* Debug */,
				FB91801F1F00B30C0028AFE0 /* Release */,
			);
			defaultConfigurationIsVisible = 0;
			defaultConfigurationName = Release;
		};
		FB91803E1F00B3780028AFE0 /* Build configuration list for PBXNativeTarget "Deuce Intents Extension iOSUI" */ = {
			isa = XCConfigurationList;
			buildConfigurations = (
				FB91803F1F00B3780028AFE0 /* Debug */,
				FB9180401F00B3780028AFE0 /* Release */,
			);
			defaultConfigurationIsVisible = 0;
			defaultConfigurationName = Release;
		};
		FB9180411F00B3780028AFE0 /* Build configuration list for PBXNativeTarget "Deuce Intents Extension iOS" */ = {
			isa = XCConfigurationList;
			buildConfigurations = (
				FB9180421F00B3780028AFE0 /* Debug */,
				FB9180431F00B3780028AFE0 /* Release */,
			);
			defaultConfigurationIsVisible = 0;
			defaultConfigurationName = Release;
		};
		FB9180511F00B48E0028AFE0 /* Build configuration list for PBXNativeTarget "Deuce Intents Extension watchOS" */ = {
			isa = XCConfigurationList;
			buildConfigurations = (
				FB9180521F00B48E0028AFE0 /* Debug */,
				FB9180531F00B48E0028AFE0 /* Release */,
			);
			defaultConfigurationIsVisible = 0;
			defaultConfigurationName = Release;
		};
/* End XCConfigurationList section */
	};
	rootObject = FB51A0021DEAD77C00B2E195 /* Project object */;
}
