// !$*UTF8*$!
{
	archiveVersion = 1;
	classes = {
	};
	objectVersion = 52;
	objects = {

/* Begin PBXBuildFile section */
		FB00DDF223F2385D008751D2 /* Format.swift in Sources */ = {isa = PBXBuildFile; fileRef = FB00DDF123F2385D008751D2 /* Format.swift */; };
		FB00DDF323F2385D008751D2 /* Format.swift in Sources */ = {isa = PBXBuildFile; fileRef = FB00DDF123F2385D008751D2 /* Format.swift */; };
		FB00DDF523F23C15008751D2 /* FormatRow.swift in Sources */ = {isa = PBXBuildFile; fileRef = FB00DDF423F23C15008751D2 /* FormatRow.swift */; };
		FB00DDF623F23C15008751D2 /* FormatRow.swift in Sources */ = {isa = PBXBuildFile; fileRef = FB00DDF423F23C15008751D2 /* FormatRow.swift */; };
		FB185193229756A30058C323 /* MatchHistoryTableViewCell.swift in Sources */ = {isa = PBXBuildFile; fileRef = FB185192229756A30058C323 /* MatchHistoryTableViewCell.swift */; };
		FB1FDB4823FA782500CE03B1 /* Game.swift in Sources */ = {isa = PBXBuildFile; fileRef = FB1FDB4723FA782400CE03B1 /* Game.swift */; };
		FB1FDB4923FA782500CE03B1 /* Game.swift in Sources */ = {isa = PBXBuildFile; fileRef = FB1FDB4723FA782400CE03B1 /* Game.swift */; };
		FB1FDB4B23FA793C00CE03B1 /* Set.swift in Sources */ = {isa = PBXBuildFile; fileRef = FB1FDB4A23FA793C00CE03B1 /* Set.swift */; };
		FB1FDB4C23FA793C00CE03B1 /* Set.swift in Sources */ = {isa = PBXBuildFile; fileRef = FB1FDB4A23FA793C00CE03B1 /* Set.swift */; };
		FB2958642297530900F9DFEB /* MatchHistoryTableViewController.swift in Sources */ = {isa = PBXBuildFile; fileRef = FB2958632297530900F9DFEB /* MatchHistoryTableViewController.swift */; };
		FB35651922DCC81900E97919 /* CloudKit.framework in Frameworks */ = {isa = PBXBuildFile; fileRef = FB35651822DCC81900E97919 /* CloudKit.framework */; };
		FB3AA15F240BA3BF0090B894 /* Localizable.strings in Resources */ = {isa = PBXBuildFile; fileRef = FB3AA163240BA3BF0090B894 /* Localizable.strings */; };
		FB3AA160240BA3BF0090B894 /* Localizable.strings in Resources */ = {isa = PBXBuildFile; fileRef = FB3AA163240BA3BF0090B894 /* Localizable.strings */; };
		FB4E49FD2430B2A40027B91A /* CloudController.swift in Sources */ = {isa = PBXBuildFile; fileRef = FB4E49FC2430B2A40027B91A /* CloudController.swift */; };
		FB4E49FE2430B2A40027B91A /* CloudController.swift in Sources */ = {isa = PBXBuildFile; fileRef = FB4E49FC2430B2A40027B91A /* CloudController.swift */; };
		FB4E4A012430CC8A0027B91A /* CloudKit.framework in Frameworks */ = {isa = PBXBuildFile; fileRef = FB4E4A002430CC8A0027B91A /* CloudKit.framework */; };
		FB51A00E1DEAD77C00B2E195 /* AppDelegate.swift in Sources */ = {isa = PBXBuildFile; fileRef = FB51A00D1DEAD77C00B2E195 /* AppDelegate.swift */; };
		FB51A0131DEAD77C00B2E195 /* Main.storyboard in Resources */ = {isa = PBXBuildFile; fileRef = FB51A0111DEAD77C00B2E195 /* Main.storyboard */; };
		FB51A0151DEAD77C00B2E195 /* Assets.xcassets in Resources */ = {isa = PBXBuildFile; fileRef = FB51A0141DEAD77C00B2E195 /* Assets.xcassets */; };
		FB51A0181DEAD77C00B2E195 /* LaunchScreen.storyboard in Resources */ = {isa = PBXBuildFile; fileRef = FB51A0161DEAD77C00B2E195 /* LaunchScreen.storyboard */; };
		FB51A0231DEAD77C00B2E195 /* DeuceTests.swift in Sources */ = {isa = PBXBuildFile; fileRef = FB51A0221DEAD77C00B2E195 /* DeuceTests.swift */; };
		FB52F95223F2476C00AAC1FB /* InitialView.swift in Sources */ = {isa = PBXBuildFile; fileRef = FB52F95123F2476C00AAC1FB /* InitialView.swift */; };
		FB68051423FFA18200735BE3 /* WorkoutManager.swift in Sources */ = {isa = PBXBuildFile; fileRef = FB6DAA092210284400949669 /* WorkoutManager.swift */; };
		FB68051723FFA85E00735BE3 /* HealthKit.framework in Frameworks */ = {isa = PBXBuildFile; fileRef = FB68051623FFA85E00735BE3 /* HealthKit.framework */; };
		FB6DE88024AF041900C537CC /* Point.swift in Sources */ = {isa = PBXBuildFile; fileRef = FB6DE87F24AF041900C537CC /* Point.swift */; };
		FB6DE88124AF041900C537CC /* Point.swift in Sources */ = {isa = PBXBuildFile; fileRef = FB6DE87F24AF041900C537CC /* Point.swift */; };
		FB7A69F323E99BD50065046E /* Interface.storyboard in Resources */ = {isa = PBXBuildFile; fileRef = FB7A69F123E99BD50065046E /* Interface.storyboard */; };
		FB7A69F523E99BD60065046E /* Assets.xcassets in Resources */ = {isa = PBXBuildFile; fileRef = FB7A69F423E99BD60065046E /* Assets.xcassets */; };
		FB7A69FC23E99BD60065046E /* WatchDeuce Extension.appex in Embed App Extensions */ = {isa = PBXBuildFile; fileRef = FB7A69FB23E99BD60065046E /* WatchDeuce Extension.appex */; settings = {ATTRIBUTES = (RemoveHeadersOnCopy, ); }; };
		FB7A6A0123E99BD60065046E /* MatchView.swift in Sources */ = {isa = PBXBuildFile; fileRef = FB7A6A0023E99BD60065046E /* MatchView.swift */; };
		FB7A6A0323E99BD60065046E /* HostingController.swift in Sources */ = {isa = PBXBuildFile; fileRef = FB7A6A0223E99BD60065046E /* HostingController.swift */; };
		FB7A6A0523E99BD60065046E /* ExtensionDelegate.swift in Sources */ = {isa = PBXBuildFile; fileRef = FB7A6A0423E99BD60065046E /* ExtensionDelegate.swift */; };
		FB7A6A0723E99BD60065046E /* ComplicationController.swift in Sources */ = {isa = PBXBuildFile; fileRef = FB7A6A0623E99BD60065046E /* ComplicationController.swift */; };
		FB7A6A0923E99BD70065046E /* Assets.xcassets in Resources */ = {isa = PBXBuildFile; fileRef = FB7A6A0823E99BD70065046E /* Assets.xcassets */; };
		FB7A6A0C23E99BD70065046E /* Preview Assets.xcassets in Resources */ = {isa = PBXBuildFile; fileRef = FB7A6A0B23E99BD70065046E /* Preview Assets.xcassets */; };
		FB7A6A1023E99BD70065046E /* WatchDeuce.app in Embed Watch Content */ = {isa = PBXBuildFile; fileRef = FB7A69EF23E99BD50065046E /* WatchDeuce.app */; platformFilter = ios; settings = {ATTRIBUTES = (RemoveHeadersOnCopy, ); }; };
		FB7A6A1823E99EB40065046E /* Match.swift in Sources */ = {isa = PBXBuildFile; fileRef = FB82818A2210ACA000E6BAF9 /* Match.swift */; };
		FB7CD14F23EF8ED400EB4D04 /* FormatList.swift in Sources */ = {isa = PBXBuildFile; fileRef = FB7CD14E23EF8ED400EB4D04 /* FormatList.swift */; };
		FB7CD15223EF91DD00EB4D04 /* UserData.swift in Sources */ = {isa = PBXBuildFile; fileRef = FB7CD15023EF91DD00EB4D04 /* UserData.swift */; };
		FB7CD15923EF949300EB4D04 /* formatData.json in Resources */ = {isa = PBXBuildFile; fileRef = FB7CD15823EF949300EB4D04 /* formatData.json */; };
		FB7CD15A23EF949300EB4D04 /* formatData.json in Resources */ = {isa = PBXBuildFile; fileRef = FB7CD15823EF949300EB4D04 /* formatData.json */; };
		FB7CD15C23EFAAE000EB4D04 /* Data.swift in Sources */ = {isa = PBXBuildFile; fileRef = FB7CD15B23EFAAE000EB4D04 /* Data.swift */; };
		FB7CD15D23EFAAE000EB4D04 /* Data.swift in Sources */ = {isa = PBXBuildFile; fileRef = FB7CD15B23EFAAE000EB4D04 /* Data.swift */; };
		FB82818B2210ACA000E6BAF9 /* Match.swift in Sources */ = {isa = PBXBuildFile; fileRef = FB82818A2210ACA000E6BAF9 /* Match.swift */; };
		FBA3439C240B39D400BF3D13 /* Interface.storyboard in Resources */ = {isa = PBXBuildFile; fileRef = FB7A69F123E99BD50065046E /* Interface.storyboard */; };
		FBABCBD6240BAACA00A589DA /* Localizable.strings in Resources */ = {isa = PBXBuildFile; fileRef = FB3AA163240BA3BF0090B894 /* Localizable.strings */; };
		FBC3466124656BD6005BD3E3 /* MatchDetail.swift in Sources */ = {isa = PBXBuildFile; fileRef = FBC3466024656BD6005BD3E3 /* MatchDetail.swift */; };
		FBE56FFB2208571A00042188 /* HealthKit.framework in Frameworks */ = {isa = PBXBuildFile; fileRef = FBE56FFA2208571A00042188 /* HealthKit.framework */; };
		FBEFBF3D2515E20600E8E14A /* MatchMenu.swift in Sources */ = {isa = PBXBuildFile; fileRef = FBEFBF3C2515E20600E8E14A /* MatchMenu.swift */; };
/* End PBXBuildFile section */

/* Begin PBXContainerItemProxy section */
		FB51A01F1DEAD77C00B2E195 /* PBXContainerItemProxy */ = {
			isa = PBXContainerItemProxy;
			containerPortal = FB51A0021DEAD77C00B2E195 /* Project object */;
			proxyType = 1;
			remoteGlobalIDString = FB51A0091DEAD77C00B2E195;
			remoteInfo = Deuce;
		};
		FB7A69FD23E99BD60065046E /* PBXContainerItemProxy */ = {
			isa = PBXContainerItemProxy;
			containerPortal = FB51A0021DEAD77C00B2E195 /* Project object */;
			proxyType = 1;
			remoteGlobalIDString = FB7A69FA23E99BD60065046E;
			remoteInfo = "WatchDeuce Extension";
		};
		FB7A6A0E23E99BD70065046E /* PBXContainerItemProxy */ = {
			isa = PBXContainerItemProxy;
			containerPortal = FB51A0021DEAD77C00B2E195 /* Project object */;
			proxyType = 1;
			remoteGlobalIDString = FB7A69EE23E99BD50065046E;
			remoteInfo = WatchDeuce;
		};
/* End PBXContainerItemProxy section */

/* Begin PBXCopyFilesBuildPhase section */
		FB51A04F1DEAD77C00B2E195 /* Embed Watch Content */ = {
			isa = PBXCopyFilesBuildPhase;
			buildActionMask = 2147483647;
			dstPath = "$(CONTENTS_FOLDER_PATH)/Watch";
			dstSubfolderSpec = 16;
			files = (
				FB7A6A1023E99BD70065046E /* WatchDeuce.app in Embed Watch Content */,
			);
			name = "Embed Watch Content";
			runOnlyForDeploymentPostprocessing = 0;
		};
		FB7A6A1423E99BD70065046E /* Embed App Extensions */ = {
			isa = PBXCopyFilesBuildPhase;
			buildActionMask = 2147483647;
			dstPath = "";
			dstSubfolderSpec = 13;
			files = (
				FB7A69FC23E99BD60065046E /* WatchDeuce Extension.appex in Embed App Extensions */,
			);
			name = "Embed App Extensions";
			runOnlyForDeploymentPostprocessing = 0;
		};
		FB7D986C1FA8AEED00A15961 /* Embed Frameworks */ = {
			isa = PBXCopyFilesBuildPhase;
			buildActionMask = 2147483647;
			dstPath = "";
			dstSubfolderSpec = 10;
			files = (
			);
			name = "Embed Frameworks";
			runOnlyForDeploymentPostprocessing = 0;
		};
		FB9180441F00B3780028AFE0 /* Embed App Extensions */ = {
			isa = PBXCopyFilesBuildPhase;
			buildActionMask = 2147483647;
			dstPath = "";
			dstSubfolderSpec = 13;
			files = (
			);
			name = "Embed App Extensions";
			runOnlyForDeploymentPostprocessing = 0;
		};
/* End PBXCopyFilesBuildPhase section */

/* Begin PBXFileReference section */
		FB00DDF123F2385D008751D2 /* Format.swift */ = {isa = PBXFileReference; lastKnownFileType = sourcecode.swift; path = Format.swift; sourceTree = "<group>"; };
		FB00DDF423F23C15008751D2 /* FormatRow.swift */ = {isa = PBXFileReference; lastKnownFileType = sourcecode.swift; path = FormatRow.swift; sourceTree = "<group>"; };
		FB185192229756A30058C323 /* MatchHistoryTableViewCell.swift */ = {isa = PBXFileReference; lastKnownFileType = sourcecode.swift; path = MatchHistoryTableViewCell.swift; sourceTree = "<group>"; };
		FB1AED35243AB6F100820E86 /* fr */ = {isa = PBXFileReference; lastKnownFileType = text.plist.strings; name = fr; path = fr.lproj/Main.strings; sourceTree = "<group>"; };
		FB1FDB4723FA782400CE03B1 /* Game.swift */ = {isa = PBXFileReference; lastKnownFileType = sourcecode.swift; path = Game.swift; sourceTree = "<group>"; };
		FB1FDB4A23FA793C00CE03B1 /* Set.swift */ = {isa = PBXFileReference; lastKnownFileType = sourcecode.swift; path = Set.swift; sourceTree = "<group>"; };
		FB2958632297530900F9DFEB /* MatchHistoryTableViewController.swift */ = {isa = PBXFileReference; lastKnownFileType = sourcecode.swift; path = MatchHistoryTableViewController.swift; sourceTree = "<group>"; };
		FB3377421E6E3C89000B9E30 /* Deuce.entitlements */ = {isa = PBXFileReference; lastKnownFileType = text.plist.entitlements; path = Deuce.entitlements; sourceTree = "<group>"; };
		FB35651822DCC81900E97919 /* CloudKit.framework */ = {isa = PBXFileReference; lastKnownFileType = wrapper.framework; name = CloudKit.framework; path = System/Library/Frameworks/CloudKit.framework; sourceTree = SDKROOT; };
		FB3AA164240BA3E10090B894 /* fr */ = {isa = PBXFileReference; lastKnownFileType = text.plist.strings; name = fr; path = fr.lproj/Localizable.strings; sourceTree = "<group>"; };
		FB4E49FC2430B2A40027B91A /* CloudController.swift */ = {isa = PBXFileReference; lastKnownFileType = sourcecode.swift; path = CloudController.swift; sourceTree = "<group>"; };
		FB4E4A002430CC8A0027B91A /* CloudKit.framework */ = {isa = PBXFileReference; lastKnownFileType = wrapper.framework; name = CloudKit.framework; path = Platforms/WatchOS.platform/Developer/SDKs/WatchOS6.2.sdk/System/Library/Frameworks/CloudKit.framework; sourceTree = DEVELOPER_DIR; };
		FB51A00A1DEAD77C00B2E195 /* Deuce.app */ = {isa = PBXFileReference; explicitFileType = wrapper.application; includeInIndex = 0; path = Deuce.app; sourceTree = BUILT_PRODUCTS_DIR; };
		FB51A00D1DEAD77C00B2E195 /* AppDelegate.swift */ = {isa = PBXFileReference; lastKnownFileType = sourcecode.swift; path = AppDelegate.swift; sourceTree = "<group>"; };
		FB51A0121DEAD77C00B2E195 /* Base */ = {isa = PBXFileReference; lastKnownFileType = file.storyboard; name = Base; path = Base.lproj/Main.storyboard; sourceTree = "<group>"; };
		FB51A0141DEAD77C00B2E195 /* Assets.xcassets */ = {isa = PBXFileReference; lastKnownFileType = folder.assetcatalog; path = Assets.xcassets; sourceTree = "<group>"; };
		FB51A0171DEAD77C00B2E195 /* Base */ = {isa = PBXFileReference; lastKnownFileType = file.storyboard; name = Base; path = Base.lproj/LaunchScreen.storyboard; sourceTree = "<group>"; };
		FB51A0191DEAD77C00B2E195 /* Info.plist */ = {isa = PBXFileReference; lastKnownFileType = text.plist.xml; path = Info.plist; sourceTree = "<group>"; };
		FB51A01E1DEAD77C00B2E195 /* DeuceTests.xctest */ = {isa = PBXFileReference; explicitFileType = wrapper.cfbundle; includeInIndex = 0; path = DeuceTests.xctest; sourceTree = BUILT_PRODUCTS_DIR; };
		FB51A0221DEAD77C00B2E195 /* DeuceTests.swift */ = {isa = PBXFileReference; lastKnownFileType = sourcecode.swift; path = DeuceTests.swift; sourceTree = "<group>"; };
		FB51A0241DEAD77C00B2E195 /* Info.plist */ = {isa = PBXFileReference; lastKnownFileType = text.plist.xml; path = Info.plist; sourceTree = "<group>"; };
		FB51A03C1DEAD77C00B2E195 /* PushNotificationPayload.apns */ = {isa = PBXFileReference; lastKnownFileType = text; path = PushNotificationPayload.apns; sourceTree = "<group>"; };
		FB52F95123F2476C00AAC1FB /* InitialView.swift */ = {isa = PBXFileReference; lastKnownFileType = sourcecode.swift; path = InitialView.swift; sourceTree = "<group>"; };
		FB68051523FFA85E00735BE3 /* WatchDeuce Extension.entitlements */ = {isa = PBXFileReference; lastKnownFileType = text.plist.entitlements; path = "WatchDeuce Extension.entitlements"; sourceTree = "<group>"; };
		FB68051623FFA85E00735BE3 /* HealthKit.framework */ = {isa = PBXFileReference; lastKnownFileType = wrapper.framework; name = HealthKit.framework; path = Platforms/WatchOS.platform/Developer/SDKs/WatchOS6.2.sdk/System/Library/Frameworks/HealthKit.framework; sourceTree = DEVELOPER_DIR; };
		FB6DAA092210284400949669 /* WorkoutManager.swift */ = {isa = PBXFileReference; lastKnownFileType = sourcecode.swift; path = WorkoutManager.swift; sourceTree = "<group>"; };
		FB6DE87F24AF041900C537CC /* Point.swift */ = {isa = PBXFileReference; lastKnownFileType = sourcecode.swift; path = Point.swift; sourceTree = "<group>"; };
		FB712C152096EFA7005AA807 /* HealthKit.framework */ = {isa = PBXFileReference; lastKnownFileType = wrapper.framework; name = HealthKit.framework; path = Platforms/WatchOS.platform/Developer/SDKs/WatchOS4.3.sdk/System/Library/Frameworks/HealthKit.framework; sourceTree = DEVELOPER_DIR; };
		FB7A69EF23E99BD50065046E /* WatchDeuce.app */ = {isa = PBXFileReference; explicitFileType = wrapper.application; includeInIndex = 0; path = WatchDeuce.app; sourceTree = BUILT_PRODUCTS_DIR; };
		FB7A69F223E99BD50065046E /* Base */ = {isa = PBXFileReference; lastKnownFileType = file.storyboard; name = Base; path = Base.lproj/Interface.storyboard; sourceTree = "<group>"; };
		FB7A69F423E99BD60065046E /* Assets.xcassets */ = {isa = PBXFileReference; lastKnownFileType = folder.assetcatalog; path = Assets.xcassets; sourceTree = "<group>"; };
		FB7A69F623E99BD60065046E /* Info.plist */ = {isa = PBXFileReference; lastKnownFileType = text.plist.xml; path = Info.plist; sourceTree = "<group>"; };
		FB7A69FB23E99BD60065046E /* WatchDeuce Extension.appex */ = {isa = PBXFileReference; explicitFileType = "wrapper.app-extension"; includeInIndex = 0; path = "WatchDeuce Extension.appex"; sourceTree = BUILT_PRODUCTS_DIR; };
		FB7A6A0023E99BD60065046E /* MatchView.swift */ = {isa = PBXFileReference; lastKnownFileType = sourcecode.swift; path = MatchView.swift; sourceTree = "<group>"; };
		FB7A6A0223E99BD60065046E /* HostingController.swift */ = {isa = PBXFileReference; lastKnownFileType = sourcecode.swift; path = HostingController.swift; sourceTree = "<group>"; };
		FB7A6A0423E99BD60065046E /* ExtensionDelegate.swift */ = {isa = PBXFileReference; lastKnownFileType = sourcecode.swift; path = ExtensionDelegate.swift; sourceTree = "<group>"; };
		FB7A6A0623E99BD60065046E /* ComplicationController.swift */ = {isa = PBXFileReference; lastKnownFileType = sourcecode.swift; path = ComplicationController.swift; sourceTree = "<group>"; };
		FB7A6A0823E99BD70065046E /* Assets.xcassets */ = {isa = PBXFileReference; lastKnownFileType = folder.assetcatalog; path = Assets.xcassets; sourceTree = "<group>"; };
		FB7A6A0B23E99BD70065046E /* Preview Assets.xcassets */ = {isa = PBXFileReference; lastKnownFileType = folder.assetcatalog; path = "Preview Assets.xcassets"; sourceTree = "<group>"; };
		FB7A6A0D23E99BD70065046E /* Info.plist */ = {isa = PBXFileReference; lastKnownFileType = text.plist.xml; path = Info.plist; sourceTree = "<group>"; };
		FB7CD14E23EF8ED400EB4D04 /* FormatList.swift */ = {isa = PBXFileReference; lastKnownFileType = sourcecode.swift; path = FormatList.swift; sourceTree = "<group>"; };
		FB7CD15023EF91DD00EB4D04 /* UserData.swift */ = {isa = PBXFileReference; lastKnownFileType = sourcecode.swift; path = UserData.swift; sourceTree = "<group>"; };
		FB7CD15823EF949300EB4D04 /* formatData.json */ = {isa = PBXFileReference; lastKnownFileType = text.json; path = formatData.json; sourceTree = "<group>"; };
		FB7CD15B23EFAAE000EB4D04 /* Data.swift */ = {isa = PBXFileReference; lastKnownFileType = sourcecode.swift; path = Data.swift; sourceTree = "<group>"; };
		FB82818A2210ACA000E6BAF9 /* Match.swift */ = {isa = PBXFileReference; lastKnownFileType = sourcecode.swift; path = Match.swift; sourceTree = "<group>"; };
		FBC3466024656BD6005BD3E3 /* MatchDetail.swift */ = {isa = PBXFileReference; lastKnownFileType = sourcecode.swift; path = MatchDetail.swift; sourceTree = "<group>"; };
		FBCB6E8823167FB0006CCF68 /* CloudKit.framework */ = {isa = PBXFileReference; lastKnownFileType = wrapper.framework; name = CloudKit.framework; path = Platforms/WatchOS.platform/Developer/SDKs/WatchOS6.0.sdk/System/Library/Frameworks/CloudKit.framework; sourceTree = DEVELOPER_DIR; };
		FBE56FFA2208571A00042188 /* HealthKit.framework */ = {isa = PBXFileReference; lastKnownFileType = wrapper.framework; name = HealthKit.framework; path = System/Library/Frameworks/HealthKit.framework; sourceTree = SDKROOT; };
		FBEFBF3C2515E20600E8E14A /* MatchMenu.swift */ = {isa = PBXFileReference; lastKnownFileType = sourcecode.swift; path = MatchMenu.swift; sourceTree = "<group>"; };
/* End PBXFileReference section */

/* Begin PBXFrameworksBuildPhase section */
		FB51A0071DEAD77C00B2E195 /* Frameworks */ = {
			isa = PBXFrameworksBuildPhase;
			buildActionMask = 2147483647;
			files = (
				FBE56FFB2208571A00042188 /* HealthKit.framework in Frameworks */,
				FB35651922DCC81900E97919 /* CloudKit.framework in Frameworks */,
			);
			runOnlyForDeploymentPostprocessing = 0;
		};
		FB51A01B1DEAD77C00B2E195 /* Frameworks */ = {
			isa = PBXFrameworksBuildPhase;
			buildActionMask = 2147483647;
			files = (
			);
			runOnlyForDeploymentPostprocessing = 0;
		};
		FB7A69F823E99BD60065046E /* Frameworks */ = {
			isa = PBXFrameworksBuildPhase;
			buildActionMask = 2147483647;
			files = (
				FB68051723FFA85E00735BE3 /* HealthKit.framework in Frameworks */,
				FB4E4A012430CC8A0027B91A /* CloudKit.framework in Frameworks */,
			);
			runOnlyForDeploymentPostprocessing = 0;
		};
/* End PBXFrameworksBuildPhase section */

/* Begin PBXGroup section */
		FB4E49FF2430B2AD0027B91A /* Shared */ = {
			isa = PBXGroup;
			children = (
				FB4E49FC2430B2A40027B91A /* CloudController.swift */,
			);
			path = Shared;
			sourceTree = "<group>";
		};
		FB51A0011DEAD77C00B2E195 = {
			isa = PBXGroup;
			children = (
				FB51A00C1DEAD77C00B2E195 /* Deuce */,
				FB51A0211DEAD77C00B2E195 /* DeuceTests */,
				FB7A69F023E99BD50065046E /* WatchDeuce */,
				FB7A69FF23E99BD60065046E /* WatchDeuce Extension */,
				FB51A00B1DEAD77C00B2E195 /* Products */,
			);
			sourceTree = "<group>";
		};
		FB51A00B1DEAD77C00B2E195 /* Products */ = {
			isa = PBXGroup;
			children = (
				FB51A00A1DEAD77C00B2E195 /* Deuce.app */,
				FB51A01E1DEAD77C00B2E195 /* DeuceTests.xctest */,
				FB7A69EF23E99BD50065046E /* WatchDeuce.app */,
				FB7A69FB23E99BD60065046E /* WatchDeuce Extension.appex */,
			);
			name = Products;
			sourceTree = "<group>";
		};
		FB51A00C1DEAD77C00B2E195 /* Deuce */ = {
			isa = PBXGroup;
			children = (
				FB3377421E6E3C89000B9E30 /* Deuce.entitlements */,
				FB51A00D1DEAD77C00B2E195 /* AppDelegate.swift */,
				FB8281892210AC7500E6BAF9 /* Models */,
				FB5FF574244733920045E030 /* View Controllers */,
				FB5FF577244733CD0045E030 /* Views */,
				FB7CD15723EF947F00EB4D04 /* Resources */,
				FB4E49FF2430B2AD0027B91A /* Shared */,
				FB51A0111DEAD77C00B2E195 /* Main.storyboard */,
				FB51A0141DEAD77C00B2E195 /* Assets.xcassets */,
				FB51A0161DEAD77C00B2E195 /* LaunchScreen.storyboard */,
				FB51A0191DEAD77C00B2E195 /* Info.plist */,
				FB3AA163240BA3BF0090B894 /* Localizable.strings */,
			);
			path = Deuce;
			sourceTree = "<group>";
		};
		FB51A0211DEAD77C00B2E195 /* DeuceTests */ = {
			isa = PBXGroup;
			children = (
				FB51A0221DEAD77C00B2E195 /* DeuceTests.swift */,
				FB51A0241DEAD77C00B2E195 /* Info.plist */,
			);
			path = DeuceTests;
			sourceTree = "<group>";
		};
		FB51A03B1DEAD77C00B2E195 /* Supporting Files */ = {
			isa = PBXGroup;
			children = (
				FB51A03C1DEAD77C00B2E195 /* PushNotificationPayload.apns */,
			);
			name = "Supporting Files";
			path = "Deuce WatchKit Extension";
			sourceTree = "<group>";
		};
		FB5FF574244733920045E030 /* View Controllers */ = {
			isa = PBXGroup;
			children = (
				FB2958632297530900F9DFEB /* MatchHistoryTableViewController.swift */,
				FB185192229756A30058C323 /* MatchHistoryTableViewCell.swift */,
			);
			path = "View Controllers";
			sourceTree = "<group>";
		};
		FB5FF577244733CD0045E030 /* Views */ = {
			isa = PBXGroup;
			children = (
				FBC3466024656BD6005BD3E3 /* MatchDetail.swift */,
			);
			path = Views;
			sourceTree = "<group>";
		};
		FB712C142096EFA7005AA807 /* Frameworks */ = {
			isa = PBXGroup;
			children = (
				FB4E4A002430CC8A0027B91A /* CloudKit.framework */,
				FB68051623FFA85E00735BE3 /* HealthKit.framework */,
				FBCB6E8823167FB0006CCF68 /* CloudKit.framework */,
				FB35651822DCC81900E97919 /* CloudKit.framework */,
				FBE56FFA2208571A00042188 /* HealthKit.framework */,
				FB51A03B1DEAD77C00B2E195 /* Supporting Files */,
				FB712C152096EFA7005AA807 /* HealthKit.framework */,
			);
			name = Frameworks;
			path = ..;
			sourceTree = "<group>";
		};
		FB7A69F023E99BD50065046E /* WatchDeuce */ = {
			isa = PBXGroup;
			children = (
				FB7A69F123E99BD50065046E /* Interface.storyboard */,
				FB7A69F423E99BD60065046E /* Assets.xcassets */,
				FB7A69F623E99BD60065046E /* Info.plist */,
			);
			path = WatchDeuce;
			sourceTree = "<group>";
		};
		FB7A69FF23E99BD60065046E /* WatchDeuce Extension */ = {
			isa = PBXGroup;
			children = (
				FB68051523FFA85E00735BE3 /* WatchDeuce Extension.entitlements */,
				FB52F95123F2476C00AAC1FB /* InitialView.swift */,
				FB7CD14E23EF8ED400EB4D04 /* FormatList.swift */,
				FB00DDF423F23C15008751D2 /* FormatRow.swift */,
				FB7A6A0023E99BD60065046E /* MatchView.swift */,
				FBEFBF3C2515E20600E8E14A /* MatchMenu.swift */,
				FB6DAA092210284400949669 /* WorkoutManager.swift */,
				FB7A6A0223E99BD60065046E /* HostingController.swift */,
				FB7A6A0423E99BD60065046E /* ExtensionDelegate.swift */,
				FB7A6A0623E99BD60065046E /* ComplicationController.swift */,
				FB7A6A0823E99BD70065046E /* Assets.xcassets */,
				FB7A6A0D23E99BD70065046E /* Info.plist */,
				FB712C142096EFA7005AA807 /* Frameworks */,
				FB7A6A0A23E99BD70065046E /* Preview Content */,
			);
			path = "WatchDeuce Extension";
			sourceTree = "<group>";
		};
		FB7A6A0A23E99BD70065046E /* Preview Content */ = {
			isa = PBXGroup;
			children = (
				FB7A6A0B23E99BD70065046E /* Preview Assets.xcassets */,
			);
			path = "Preview Content";
			sourceTree = "<group>";
		};
		FB7CD15723EF947F00EB4D04 /* Resources */ = {
			isa = PBXGroup;
			children = (
				FB7CD15823EF949300EB4D04 /* formatData.json */,
			);
			path = Resources;
			sourceTree = "<group>";
		};
		FB8281892210AC7500E6BAF9 /* Models */ = {
			isa = PBXGroup;
			children = (
				FB00DDF123F2385D008751D2 /* Format.swift */,
				FB6DE87F24AF041900C537CC /* Point.swift */,
				FB1FDB4723FA782400CE03B1 /* Game.swift */,
				FB1FDB4A23FA793C00CE03B1 /* Set.swift */,
				FB82818A2210ACA000E6BAF9 /* Match.swift */,
				FB7CD15023EF91DD00EB4D04 /* UserData.swift */,
				FB7CD15B23EFAAE000EB4D04 /* Data.swift */,
			);
			path = Models;
			sourceTree = "<group>";
		};
/* End PBXGroup section */

/* Begin PBXNativeTarget section */
		FB51A0091DEAD77C00B2E195 /* Deuce */ = {
			isa = PBXNativeTarget;
			buildConfigurationList = FB51A0501DEAD77C00B2E195 /* Build configuration list for PBXNativeTarget "Deuce" */;
			buildPhases = (
				FB51A0061DEAD77C00B2E195 /* Sources */,
				FB51A0071DEAD77C00B2E195 /* Frameworks */,
				FB51A0081DEAD77C00B2E195 /* Resources */,
				FB51A04F1DEAD77C00B2E195 /* Embed Watch Content */,
				FB9180441F00B3780028AFE0 /* Embed App Extensions */,
				FB7D986C1FA8AEED00A15961 /* Embed Frameworks */,
			);
			buildRules = (
			);
			dependencies = (
				FB7A6A0F23E99BD70065046E /* PBXTargetDependency */,
			);
			name = Deuce;
			productName = Deuce;
			productReference = FB51A00A1DEAD77C00B2E195 /* Deuce.app */;
			productType = "com.apple.product-type.application";
		};
		FB51A01D1DEAD77C00B2E195 /* DeuceTests */ = {
			isa = PBXNativeTarget;
			buildConfigurationList = FB51A0531DEAD77C00B2E195 /* Build configuration list for PBXNativeTarget "DeuceTests" */;
			buildPhases = (
				FB51A01A1DEAD77C00B2E195 /* Sources */,
				FB51A01B1DEAD77C00B2E195 /* Frameworks */,
				FB51A01C1DEAD77C00B2E195 /* Resources */,
			);
			buildRules = (
			);
			dependencies = (
				FB51A0201DEAD77C00B2E195 /* PBXTargetDependency */,
			);
			name = DeuceTests;
			productName = DeuceTests;
			productReference = FB51A01E1DEAD77C00B2E195 /* DeuceTests.xctest */;
			productType = "com.apple.product-type.bundle.unit-test";
		};
		FB7A69EE23E99BD50065046E /* WatchDeuce */ = {
			isa = PBXNativeTarget;
			buildConfigurationList = FB7A6A1523E99BD70065046E /* Build configuration list for PBXNativeTarget "WatchDeuce" */;
			buildPhases = (
				FB7A69ED23E99BD50065046E /* Resources */,
				FB7A6A1423E99BD70065046E /* Embed App Extensions */,
			);
			buildRules = (
			);
			dependencies = (
				FB7A69FE23E99BD60065046E /* PBXTargetDependency */,
			);
			name = WatchDeuce;
			productName = WatchDeuce;
			productReference = FB7A69EF23E99BD50065046E /* WatchDeuce.app */;
			productType = "com.apple.product-type.application.watchapp2";
		};
		FB7A69FA23E99BD60065046E /* WatchDeuce Extension */ = {
			isa = PBXNativeTarget;
			buildConfigurationList = FB7A6A1123E99BD70065046E /* Build configuration list for PBXNativeTarget "WatchDeuce Extension" */;
			buildPhases = (
				FB7A69F723E99BD60065046E /* Sources */,
				FB7A69F823E99BD60065046E /* Frameworks */,
				FB7A69F923E99BD60065046E /* Resources */,
			);
			buildRules = (
			);
			dependencies = (
			);
			name = "WatchDeuce Extension";
			productName = "WatchDeuce Extension";
			productReference = FB7A69FB23E99BD60065046E /* WatchDeuce Extension.appex */;
			productType = "com.apple.product-type.watchkit2-extension";
		};
/* End PBXNativeTarget section */

/* Begin PBXProject section */
		FB51A0021DEAD77C00B2E195 /* Project object */ = {
			isa = PBXProject;
			attributes = {
				LastSwiftUpdateCheck = 1130;
				LastUpgradeCheck = 1200;
				ORGANIZATIONNAME = "Austin Conlon";
				TargetAttributes = {
					FB51A0091DEAD77C00B2E195 = {
						CreatedOnToolsVersion = 8.2;
						DevelopmentTeam = AV84QJNZ49;
						LastSwiftMigration = 1010;
						ProvisioningStyle = Automatic;
						SystemCapabilities = {
							com.apple.BackgroundModes = {
								enabled = 0;
							};
							com.apple.HealthKit = {
								enabled = 1;
							};
							com.apple.Siri = {
								enabled = 0;
							};
							com.apple.iCloud = {
								enabled = 0;
							};
						};
					};
					FB51A01D1DEAD77C00B2E195 = {
						CreatedOnToolsVersion = 8.2;
						DevelopmentTeam = AV84QJNZ49;
						LastSwiftMigration = 1010;
						ProvisioningStyle = Automatic;
						TestTargetID = FB51A0091DEAD77C00B2E195;
					};
					FB7A69EE23E99BD50065046E = {
						CreatedOnToolsVersion = 11.3;
						DevelopmentTeam = AV84QJNZ49;
						ProvisioningStyle = Automatic;
					};
					FB7A69FA23E99BD60065046E = {
						CreatedOnToolsVersion = 11.3;
						DevelopmentTeam = AV84QJNZ49;
						ProvisioningStyle = Automatic;
					};
				};
			};
			buildConfigurationList = FB51A0051DEAD77C00B2E195 /* Build configuration list for PBXProject "Deuce" */;
			compatibilityVersion = "Xcode 3.2";
			developmentRegion = en;
			hasScannedForEncodings = 0;
			knownRegions = (
				en,
				Base,
				fr,
			);
			mainGroup = FB51A0011DEAD77C00B2E195;
			productRefGroup = FB51A00B1DEAD77C00B2E195 /* Products */;
			projectDirPath = "";
			projectRoot = "";
			targets = (
				FB51A0091DEAD77C00B2E195 /* Deuce */,
				FB51A01D1DEAD77C00B2E195 /* DeuceTests */,
				FB7A69EE23E99BD50065046E /* WatchDeuce */,
				FB7A69FA23E99BD60065046E /* WatchDeuce Extension */,
			);
		};
/* End PBXProject section */

/* Begin PBXResourcesBuildPhase section */
		FB51A0081DEAD77C00B2E195 /* Resources */ = {
			isa = PBXResourcesBuildPhase;
			buildActionMask = 2147483647;
			files = (
				FB3AA15F240BA3BF0090B894 /* Localizable.strings in Resources */,
				FB51A0181DEAD77C00B2E195 /* LaunchScreen.storyboard in Resources */,
				FB7CD15923EF949300EB4D04 /* formatData.json in Resources */,
				FB51A0151DEAD77C00B2E195 /* Assets.xcassets in Resources */,
				FB51A0131DEAD77C00B2E195 /* Main.storyboard in Resources */,
			);
			runOnlyForDeploymentPostprocessing = 0;
		};
		FB51A01C1DEAD77C00B2E195 /* Resources */ = {
			isa = PBXResourcesBuildPhase;
			buildActionMask = 2147483647;
			files = (
			);
			runOnlyForDeploymentPostprocessing = 0;
		};
		FB7A69ED23E99BD50065046E /* Resources */ = {
			isa = PBXResourcesBuildPhase;
			buildActionMask = 2147483647;
			files = (
				FB7A69F523E99BD60065046E /* Assets.xcassets in Resources */,
				FB3AA160240BA3BF0090B894 /* Localizable.strings in Resources */,
				FB7A69F323E99BD50065046E /* Interface.storyboard in Resources */,
			);
			runOnlyForDeploymentPostprocessing = 0;
		};
		FB7A69F923E99BD60065046E /* Resources */ = {
			isa = PBXResourcesBuildPhase;
			buildActionMask = 2147483647;
			files = (
				FBABCBD6240BAACA00A589DA /* Localizable.strings in Resources */,
				FBA3439C240B39D400BF3D13 /* Interface.storyboard in Resources */,
				FB7A6A0C23E99BD70065046E /* Preview Assets.xcassets in Resources */,
				FB7A6A0923E99BD70065046E /* Assets.xcassets in Resources */,
				FB7CD15A23EF949300EB4D04 /* formatData.json in Resources */,
			);
			runOnlyForDeploymentPostprocessing = 0;
		};
/* End PBXResourcesBuildPhase section */

/* Begin PBXSourcesBuildPhase section */
		FB51A0061DEAD77C00B2E195 /* Sources */ = {
			isa = PBXSourcesBuildPhase;
			buildActionMask = 2147483647;
			files = (
				FB1FDB4B23FA793C00CE03B1 /* Set.swift in Sources */,
				FB185193229756A30058C323 /* MatchHistoryTableViewCell.swift in Sources */,
				FB1FDB4823FA782500CE03B1 /* Game.swift in Sources */,
				FB51A00E1DEAD77C00B2E195 /* AppDelegate.swift in Sources */,
				FBC3466124656BD6005BD3E3 /* MatchDetail.swift in Sources */,
				FB00DDF223F2385D008751D2 /* Format.swift in Sources */,
				FB4E49FD2430B2A40027B91A /* CloudController.swift in Sources */,
				FB82818B2210ACA000E6BAF9 /* Match.swift in Sources */,
				FB6DE88024AF041900C537CC /* Point.swift in Sources */,
				FB2958642297530900F9DFEB /* MatchHistoryTableViewController.swift in Sources */,
				FB7CD15C23EFAAE000EB4D04 /* Data.swift in Sources */,
				FB00DDF523F23C15008751D2 /* FormatRow.swift in Sources */,
			);
			runOnlyForDeploymentPostprocessing = 0;
		};
		FB51A01A1DEAD77C00B2E195 /* Sources */ = {
			isa = PBXSourcesBuildPhase;
			buildActionMask = 2147483647;
			files = (
				FB51A0231DEAD77C00B2E195 /* DeuceTests.swift in Sources */,
			);
			runOnlyForDeploymentPostprocessing = 0;
		};
		FB7A69F723E99BD60065046E /* Sources */ = {
			isa = PBXSourcesBuildPhase;
			buildActionMask = 2147483647;
			files = (
				FB6DE88124AF041900C537CC /* Point.swift in Sources */,
				FB00DDF323F2385D008751D2 /* Format.swift in Sources */,
				FB7CD15D23EFAAE000EB4D04 /* Data.swift in Sources */,
				FB1FDB4C23FA793C00CE03B1 /* Set.swift in Sources */,
				FB7A6A0323E99BD60065046E /* HostingController.swift in Sources */,
				FB7CD15223EF91DD00EB4D04 /* UserData.swift in Sources */,
				FB7CD14F23EF8ED400EB4D04 /* FormatList.swift in Sources */,
				FB7A6A0723E99BD60065046E /* ComplicationController.swift in Sources */,
				FB7A6A0123E99BD60065046E /* MatchView.swift in Sources */,
				FB1FDB4923FA782500CE03B1 /* Game.swift in Sources */,
				FB68051423FFA18200735BE3 /* WorkoutManager.swift in Sources */,
				FBEFBF3D2515E20600E8E14A /* MatchMenu.swift in Sources */,
				FB7A6A1823E99EB40065046E /* Match.swift in Sources */,
				FB4E49FE2430B2A40027B91A /* CloudController.swift in Sources */,
				FB52F95223F2476C00AAC1FB /* InitialView.swift in Sources */,
				FB7A6A0523E99BD60065046E /* ExtensionDelegate.swift in Sources */,
				FB00DDF623F23C15008751D2 /* FormatRow.swift in Sources */,
			);
			runOnlyForDeploymentPostprocessing = 0;
		};
/* End PBXSourcesBuildPhase section */

/* Begin PBXTargetDependency section */
		FB51A0201DEAD77C00B2E195 /* PBXTargetDependency */ = {
			isa = PBXTargetDependency;
			target = FB51A0091DEAD77C00B2E195 /* Deuce */;
			targetProxy = FB51A01F1DEAD77C00B2E195 /* PBXContainerItemProxy */;
		};
		FB7A69FE23E99BD60065046E /* PBXTargetDependency */ = {
			isa = PBXTargetDependency;
			target = FB7A69FA23E99BD60065046E /* WatchDeuce Extension */;
			targetProxy = FB7A69FD23E99BD60065046E /* PBXContainerItemProxy */;
		};
		FB7A6A0F23E99BD70065046E /* PBXTargetDependency */ = {
			isa = PBXTargetDependency;
			platformFilter = ios;
			target = FB7A69EE23E99BD50065046E /* WatchDeuce */;
			targetProxy = FB7A6A0E23E99BD70065046E /* PBXContainerItemProxy */;
		};
/* End PBXTargetDependency section */

/* Begin PBXVariantGroup section */
		FB3AA163240BA3BF0090B894 /* Localizable.strings */ = {
			isa = PBXVariantGroup;
			children = (
				FB3AA164240BA3E10090B894 /* fr */,
			);
			name = Localizable.strings;
			sourceTree = "<group>";
		};
		FB51A0111DEAD77C00B2E195 /* Main.storyboard */ = {
			isa = PBXVariantGroup;
			children = (
				FB51A0121DEAD77C00B2E195 /* Base */,
				FB1AED35243AB6F100820E86 /* fr */,
			);
			name = Main.storyboard;
			sourceTree = "<group>";
		};
		FB51A0161DEAD77C00B2E195 /* LaunchScreen.storyboard */ = {
			isa = PBXVariantGroup;
			children = (
				FB51A0171DEAD77C00B2E195 /* Base */,
			);
			name = LaunchScreen.storyboard;
			sourceTree = "<group>";
		};
		FB7A69F123E99BD50065046E /* Interface.storyboard */ = {
			isa = PBXVariantGroup;
			children = (
				FB7A69F223E99BD50065046E /* Base */,
			);
			name = Interface.storyboard;
			sourceTree = "<group>";
		};
/* End PBXVariantGroup section */

/* Begin XCBuildConfiguration section */
		FB51A0461DEAD77C00B2E195 /* Debug */ = {
			isa = XCBuildConfiguration;
			buildSettings = {
				ALWAYS_SEARCH_USER_PATHS = NO;
				CLANG_ANALYZER_LOCALIZABILITY_NONLOCALIZED = YES;
				CLANG_ANALYZER_NONNULL = YES;
				CLANG_CXX_LANGUAGE_STANDARD = "gnu++0x";
				CLANG_CXX_LIBRARY = "libc++";
				CLANG_ENABLE_MODULES = YES;
				CLANG_ENABLE_OBJC_ARC = YES;
				CLANG_WARN_BLOCK_CAPTURE_AUTORELEASING = YES;
				CLANG_WARN_BOOL_CONVERSION = YES;
				CLANG_WARN_COMMA = YES;
				CLANG_WARN_CONSTANT_CONVERSION = YES;
				CLANG_WARN_DEPRECATED_OBJC_IMPLEMENTATIONS = YES;
				CLANG_WARN_DIRECT_OBJC_ISA_USAGE = YES_ERROR;
				CLANG_WARN_DOCUMENTATION_COMMENTS = YES;
				CLANG_WARN_EMPTY_BODY = YES;
				CLANG_WARN_ENUM_CONVERSION = YES;
				CLANG_WARN_INFINITE_RECURSION = YES;
				CLANG_WARN_INT_CONVERSION = YES;
				CLANG_WARN_NON_LITERAL_NULL_CONVERSION = YES;
				CLANG_WARN_OBJC_IMPLICIT_RETAIN_SELF = YES;
				CLANG_WARN_OBJC_LITERAL_CONVERSION = YES;
				CLANG_WARN_OBJC_ROOT_CLASS = YES_ERROR;
				CLANG_WARN_QUOTED_INCLUDE_IN_FRAMEWORK_HEADER = YES;
				CLANG_WARN_RANGE_LOOP_ANALYSIS = YES;
				CLANG_WARN_STRICT_PROTOTYPES = YES;
				CLANG_WARN_SUSPICIOUS_MOVE = YES;
				CLANG_WARN_UNREACHABLE_CODE = YES;
				CLANG_WARN__DUPLICATE_METHOD_MATCH = YES;
				"CODE_SIGN_IDENTITY[sdk=iphoneos*]" = "iPhone Developer";
				COPY_PHASE_STRIP = NO;
				DEBUG_INFORMATION_FORMAT = dwarf;
				ENABLE_STRICT_OBJC_MSGSEND = YES;
				ENABLE_TESTABILITY = YES;
				GCC_C_LANGUAGE_STANDARD = gnu99;
				GCC_DYNAMIC_NO_PIC = NO;
				GCC_NO_COMMON_BLOCKS = YES;
				GCC_OPTIMIZATION_LEVEL = 0;
				GCC_PREPROCESSOR_DEFINITIONS = (
					"DEBUG=1",
					"$(inherited)",
				);
				GCC_TREAT_INCOMPATIBLE_POINTER_TYPE_WARNINGS_AS_ERRORS = YES;
				GCC_TREAT_WARNINGS_AS_ERRORS = YES;
				GCC_WARN_64_TO_32_BIT_CONVERSION = YES;
				GCC_WARN_ABOUT_RETURN_TYPE = YES_ERROR;
				GCC_WARN_UNDECLARED_SELECTOR = YES;
				GCC_WARN_UNINITIALIZED_AUTOS = YES_AGGRESSIVE;
				GCC_WARN_UNUSED_FUNCTION = YES;
				GCC_WARN_UNUSED_VARIABLE = YES;
				IPHONEOS_DEPLOYMENT_TARGET = 14.0;
				MTL_ENABLE_DEBUG_INFO = YES;
				ONLY_ACTIVE_ARCH = YES;
				SDKROOT = iphoneos;
				SWIFT_ACTIVE_COMPILATION_CONDITIONS = DEBUG;
				SWIFT_OPTIMIZATION_LEVEL = "-Onone";
				SWIFT_TREAT_WARNINGS_AS_ERRORS = YES;
				SWIFT_VERSION = 5.0;
				TARGETED_DEVICE_FAMILY = "1,2";
			};
			name = Debug;
		};
		FB51A0471DEAD77C00B2E195 /* Release */ = {
			isa = XCBuildConfiguration;
			buildSettings = {
				ALWAYS_SEARCH_USER_PATHS = NO;
				CLANG_ANALYZER_LOCALIZABILITY_NONLOCALIZED = YES;
				CLANG_ANALYZER_NONNULL = YES;
				CLANG_CXX_LANGUAGE_STANDARD = "gnu++0x";
				CLANG_CXX_LIBRARY = "libc++";
				CLANG_ENABLE_MODULES = YES;
				CLANG_ENABLE_OBJC_ARC = YES;
				CLANG_WARN_BLOCK_CAPTURE_AUTORELEASING = YES;
				CLANG_WARN_BOOL_CONVERSION = YES;
				CLANG_WARN_COMMA = YES;
				CLANG_WARN_CONSTANT_CONVERSION = YES;
				CLANG_WARN_DEPRECATED_OBJC_IMPLEMENTATIONS = YES;
				CLANG_WARN_DIRECT_OBJC_ISA_USAGE = YES_ERROR;
				CLANG_WARN_DOCUMENTATION_COMMENTS = YES;
				CLANG_WARN_EMPTY_BODY = YES;
				CLANG_WARN_ENUM_CONVERSION = YES;
				CLANG_WARN_INFINITE_RECURSION = YES;
				CLANG_WARN_INT_CONVERSION = YES;
				CLANG_WARN_NON_LITERAL_NULL_CONVERSION = YES;
				CLANG_WARN_OBJC_IMPLICIT_RETAIN_SELF = YES;
				CLANG_WARN_OBJC_LITERAL_CONVERSION = YES;
				CLANG_WARN_OBJC_ROOT_CLASS = YES_ERROR;
				CLANG_WARN_QUOTED_INCLUDE_IN_FRAMEWORK_HEADER = YES;
				CLANG_WARN_RANGE_LOOP_ANALYSIS = YES;
				CLANG_WARN_STRICT_PROTOTYPES = YES;
				CLANG_WARN_SUSPICIOUS_MOVE = YES;
				CLANG_WARN_UNREACHABLE_CODE = YES;
				CLANG_WARN__DUPLICATE_METHOD_MATCH = YES;
				"CODE_SIGN_IDENTITY[sdk=iphoneos*]" = "iPhone Developer";
				COPY_PHASE_STRIP = NO;
				DEBUG_INFORMATION_FORMAT = "dwarf-with-dsym";
				ENABLE_NS_ASSERTIONS = NO;
				ENABLE_STRICT_OBJC_MSGSEND = YES;
				GCC_C_LANGUAGE_STANDARD = gnu99;
				GCC_NO_COMMON_BLOCKS = YES;
				GCC_TREAT_INCOMPATIBLE_POINTER_TYPE_WARNINGS_AS_ERRORS = YES;
				GCC_TREAT_WARNINGS_AS_ERRORS = YES;
				GCC_WARN_64_TO_32_BIT_CONVERSION = YES;
				GCC_WARN_ABOUT_RETURN_TYPE = YES_ERROR;
				GCC_WARN_UNDECLARED_SELECTOR = YES;
				GCC_WARN_UNINITIALIZED_AUTOS = YES_AGGRESSIVE;
				GCC_WARN_UNUSED_FUNCTION = YES;
				GCC_WARN_UNUSED_VARIABLE = YES;
				IPHONEOS_DEPLOYMENT_TARGET = 14.0;
				MTL_ENABLE_DEBUG_INFO = NO;
				SDKROOT = iphoneos;
				SWIFT_COMPILATION_MODE = wholemodule;
				SWIFT_OPTIMIZATION_LEVEL = "-O";
				SWIFT_TREAT_WARNINGS_AS_ERRORS = YES;
				SWIFT_VERSION = 5.0;
				TARGETED_DEVICE_FAMILY = "1,2";
				VALIDATE_PRODUCT = YES;
			};
			name = Release;
		};
		FB51A0511DEAD77C00B2E195 /* Debug */ = {
			isa = XCBuildConfiguration;
			buildSettings = {
				ALWAYS_EMBED_SWIFT_STANDARD_LIBRARIES = YES;
				ASSETCATALOG_COMPILER_APPICON_NAME = AppIcon;
				CODE_SIGN_ENTITLEMENTS = Deuce/Deuce.entitlements;
				CODE_SIGN_IDENTITY = "iPhone Developer";
				"CODE_SIGN_IDENTITY[sdk=iphoneos*]" = "iPhone Developer";
				CURRENT_PROJECT_VERSION = 8;
				DEVELOPMENT_TEAM = AV84QJNZ49;
				INFOPLIST_FILE = Deuce/Info.plist;
				IPHONEOS_DEPLOYMENT_TARGET = 14.0;
				"IPHONEOS_DEPLOYMENT_TARGET[sdk=macosx*]" = 13.1;
				LD_RUNPATH_SEARCH_PATHS = (
					"$(inherited)",
					"@executable_path/Frameworks",
				);
				MARKETING_VERSION = 3.34;
				PRODUCT_BUNDLE_IDENTIFIER = com.example.Deuce;
				PRODUCT_NAME = "$(TARGET_NAME)";
				SUPPORTS_MACCATALYST = YES;
				SWIFT_SWIFT3_OBJC_INFERENCE = Default;
				SWIFT_VERSION = 5.0;
				TARGETED_DEVICE_FAMILY = "1,2";
			};
			name = Debug;
		};
		FB51A0521DEAD77C00B2E195 /* Release */ = {
			isa = XCBuildConfiguration;
			buildSettings = {
				ALWAYS_EMBED_SWIFT_STANDARD_LIBRARIES = YES;
				ASSETCATALOG_COMPILER_APPICON_NAME = AppIcon;
				CODE_SIGN_ENTITLEMENTS = Deuce/Deuce.entitlements;
				CODE_SIGN_IDENTITY = "iPhone Developer";
				"CODE_SIGN_IDENTITY[sdk=iphoneos*]" = "iPhone Developer";
				CURRENT_PROJECT_VERSION = 8;
				DEVELOPMENT_TEAM = AV84QJNZ49;
				INFOPLIST_FILE = Deuce/Info.plist;
				IPHONEOS_DEPLOYMENT_TARGET = 14.0;
				"IPHONEOS_DEPLOYMENT_TARGET[sdk=macosx*]" = 13.1;
				LD_RUNPATH_SEARCH_PATHS = (
					"$(inherited)",
					"@executable_path/Frameworks",
				);
				MARKETING_VERSION = 3.34;
				PRODUCT_BUNDLE_IDENTIFIER = com.example.Deuce;
				PRODUCT_NAME = "$(TARGET_NAME)";
				SUPPORTS_MACCATALYST = YES;
				SWIFT_SWIFT3_OBJC_INFERENCE = Default;
				SWIFT_VERSION = 5.0;
				TARGETED_DEVICE_FAMILY = "1,2";
			};
			name = Release;
		};
		FB51A0541DEAD77C00B2E195 /* Debug */ = {
			isa = XCBuildConfiguration;
			buildSettings = {
				ALWAYS_EMBED_SWIFT_STANDARD_LIBRARIES = YES;
				BUNDLE_LOADER = "$(TEST_HOST)";
				"CODE_SIGN_IDENTITY[sdk=iphoneos*]" = "iPhone Developer";
				DEVELOPMENT_TEAM = AV84QJNZ49;
				INFOPLIST_FILE = DeuceTests/Info.plist;
				LD_RUNPATH_SEARCH_PATHS = (
					"$(inherited)",
					"@executable_path/Frameworks",
					"@loader_path/Frameworks",
				);
				PRODUCT_BUNDLE_IDENTIFIER = com.example.DeuceTests;
				PRODUCT_NAME = "$(TARGET_NAME)";
				SWIFT_SWIFT3_OBJC_INFERENCE = On;
				SWIFT_VERSION = 5.0;
				TEST_HOST = "$(BUILT_PRODUCTS_DIR)/Deuce.app/Deuce";
			};
			name = Debug;
		};
		FB51A0551DEAD77C00B2E195 /* Release */ = {
			isa = XCBuildConfiguration;
			buildSettings = {
				ALWAYS_EMBED_SWIFT_STANDARD_LIBRARIES = YES;
				BUNDLE_LOADER = "$(TEST_HOST)";
				"CODE_SIGN_IDENTITY[sdk=iphoneos*]" = "iPhone Developer";
				DEVELOPMENT_TEAM = AV84QJNZ49;
				INFOPLIST_FILE = DeuceTests/Info.plist;
				LD_RUNPATH_SEARCH_PATHS = (
					"$(inherited)",
					"@executable_path/Frameworks",
					"@loader_path/Frameworks",
				);
				PRODUCT_BUNDLE_IDENTIFIER = com.example.DeuceTests;
				PRODUCT_NAME = "$(TARGET_NAME)";
				SWIFT_SWIFT3_OBJC_INFERENCE = On;
				SWIFT_VERSION = 5.0;
				TEST_HOST = "$(BUILT_PRODUCTS_DIR)/Deuce.app/Deuce";
			};
			name = Release;
		};
		FB7A6A1223E99BD70065046E /* Debug */ = {
			isa = XCBuildConfiguration;
			buildSettings = {
				ASSETCATALOG_COMPILER_COMPLICATION_NAME = Complication;
				CLANG_ANALYZER_NUMBER_OBJECT_CONVERSION = YES_AGGRESSIVE;
				CLANG_CXX_LANGUAGE_STANDARD = "gnu++14";
				CLANG_ENABLE_OBJC_WEAK = YES;
				CLANG_WARN_UNGUARDED_AVAILABILITY = YES_AGGRESSIVE;
				CODE_SIGN_ENTITLEMENTS = "WatchDeuce Extension/WatchDeuce Extension.entitlements";
				CODE_SIGN_STYLE = Automatic;
				CURRENT_PROJECT_VERSION = 8;
				DEVELOPMENT_ASSET_PATHS = "\"WatchDeuce Extension/Preview Content\"";
				DEVELOPMENT_TEAM = AV84QJNZ49;
				ENABLE_PREVIEWS = YES;
				GCC_C_LANGUAGE_STANDARD = gnu11;
				GCC_TREAT_WARNINGS_AS_ERRORS = YES;
				INFOPLIST_FILE = "WatchDeuce Extension/Info.plist";
				LD_RUNPATH_SEARCH_PATHS = (
					"$(inherited)",
					"@executable_path/Frameworks",
					"@executable_path/../../Frameworks",
				);
				MARKETING_VERSION = 3.34;
				MTL_ENABLE_DEBUG_INFO = INCLUDE_SOURCE;
				MTL_FAST_MATH = YES;
				PRODUCT_BUNDLE_IDENTIFIER = com.example.Deuce.watchkitapp.watchkitextension;
				PRODUCT_NAME = "${TARGET_NAME}";
				SDKROOT = watchos;
				SKIP_INSTALL = YES;
				SWIFT_VERSION = 5.0;
				TARGETED_DEVICE_FAMILY = 4;
				WATCHOS_DEPLOYMENT_TARGET = 7.0;
			};
			name = Debug;
		};
		FB7A6A1323E99BD70065046E /* Release */ = {
			isa = XCBuildConfiguration;
			buildSettings = {
				ASSETCATALOG_COMPILER_COMPLICATION_NAME = Complication;
				CLANG_ANALYZER_NUMBER_OBJECT_CONVERSION = YES_AGGRESSIVE;
				CLANG_CXX_LANGUAGE_STANDARD = "gnu++14";
				CLANG_ENABLE_OBJC_WEAK = YES;
				CLANG_WARN_UNGUARDED_AVAILABILITY = YES_AGGRESSIVE;
				CODE_SIGN_ENTITLEMENTS = "WatchDeuce Extension/WatchDeuce Extension.entitlements";
				CODE_SIGN_STYLE = Automatic;
				CURRENT_PROJECT_VERSION = 8;
				DEVELOPMENT_ASSET_PATHS = "\"WatchDeuce Extension/Preview Content\"";
				DEVELOPMENT_TEAM = AV84QJNZ49;
				ENABLE_PREVIEWS = YES;
				GCC_C_LANGUAGE_STANDARD = gnu11;
				GCC_TREAT_WARNINGS_AS_ERRORS = YES;
				INFOPLIST_FILE = "WatchDeuce Extension/Info.plist";
				LD_RUNPATH_SEARCH_PATHS = (
					"$(inherited)",
					"@executable_path/Frameworks",
					"@executable_path/../../Frameworks",
				);
				MARKETING_VERSION = 3.34;
				MTL_FAST_MATH = YES;
				PRODUCT_BUNDLE_IDENTIFIER = com.example.Deuce.watchkitapp.watchkitextension;
				PRODUCT_NAME = "${TARGET_NAME}";
				SDKROOT = watchos;
				SKIP_INSTALL = YES;
				SWIFT_VERSION = 5.0;
				TARGETED_DEVICE_FAMILY = 4;
				WATCHOS_DEPLOYMENT_TARGET = 7.0;
			};
			name = Release;
		};
		FB7A6A1623E99BD70065046E /* Debug */ = {
			isa = XCBuildConfiguration;
			buildSettings = {
				ALWAYS_EMBED_SWIFT_STANDARD_LIBRARIES = YES;
				ASSETCATALOG_COMPILER_APPICON_NAME = AppIcon;
				CLANG_ANALYZER_NUMBER_OBJECT_CONVERSION = YES_AGGRESSIVE;
				CLANG_CXX_LANGUAGE_STANDARD = "gnu++14";
				CLANG_ENABLE_OBJC_WEAK = YES;
				CLANG_WARN_UNGUARDED_AVAILABILITY = YES_AGGRESSIVE;
				CODE_SIGN_IDENTITY = "iPhone Developer";
				"CODE_SIGN_IDENTITY[sdk=iphoneos*]" = "iPhone Developer";
				CODE_SIGN_STYLE = Automatic;
				CURRENT_PROJECT_VERSION = 8;
				DEVELOPMENT_TEAM = AV84QJNZ49;
				GCC_C_LANGUAGE_STANDARD = gnu11;
				GCC_TREAT_WARNINGS_AS_ERRORS = YES;
				IBSC_MODULE = WatchDeuce_Extension;
				INFOPLIST_FILE = WatchDeuce/Info.plist;
				MARKETING_VERSION = 3.34;
				MTL_ENABLE_DEBUG_INFO = INCLUDE_SOURCE;
				MTL_FAST_MATH = YES;
				PRODUCT_BUNDLE_IDENTIFIER = com.example.Deuce.watchkitapp;
				PRODUCT_NAME = "$(TARGET_NAME)";
				SDKROOT = watchos;
				SKIP_INSTALL = YES;
				SWIFT_VERSION = 5.0;
				TARGETED_DEVICE_FAMILY = 4;
				WATCHOS_DEPLOYMENT_TARGET = 7.0;
			};
			name = Debug;
		};
		FB7A6A1723E99BD70065046E /* Release */ = {
			isa = XCBuildConfiguration;
			buildSettings = {
				ALWAYS_EMBED_SWIFT_STANDARD_LIBRARIES = YES;
				ASSETCATALOG_COMPILER_APPICON_NAME = AppIcon;
				CLANG_ANALYZER_NUMBER_OBJECT_CONVERSION = YES_AGGRESSIVE;
				CLANG_CXX_LANGUAGE_STANDARD = "gnu++14";
				CLANG_ENABLE_OBJC_WEAK = YES;
				CLANG_WARN_UNGUARDED_AVAILABILITY = YES_AGGRESSIVE;
				CODE_SIGN_IDENTITY = "iPhone Developer";
				"CODE_SIGN_IDENTITY[sdk=iphoneos*]" = "iPhone Developer";
				CODE_SIGN_STYLE = Automatic;
				CURRENT_PROJECT_VERSION = 8;
				DEVELOPMENT_TEAM = AV84QJNZ49;
				GCC_C_LANGUAGE_STANDARD = gnu11;
				GCC_TREAT_WARNINGS_AS_ERRORS = YES;
				IBSC_MODULE = WatchDeuce_Extension;
				INFOPLIST_FILE = WatchDeuce/Info.plist;
				MARKETING_VERSION = 3.34;
				MTL_FAST_MATH = YES;
				PRODUCT_BUNDLE_IDENTIFIER = com.example.Deuce.watchkitapp;
				PRODUCT_NAME = "$(TARGET_NAME)";
				SDKROOT = watchos;
				SKIP_INSTALL = YES;
				SWIFT_VERSION = 5.0;
				TARGETED_DEVICE_FAMILY = 4;
				WATCHOS_DEPLOYMENT_TARGET = 7.0;
			};
			name = Release;
		};
/* End XCBuildConfiguration section */

/* Begin XCConfigurationList section */
		FB51A0051DEAD77C00B2E195 /* Build configuration list for PBXProject "Deuce" */ = {
			isa = XCConfigurationList;
			buildConfigurations = (
				FB51A0461DEAD77C00B2E195 /* Debug */,
				FB51A0471DEAD77C00B2E195 /* Release */,
			);
			defaultConfigurationIsVisible = 0;
			defaultConfigurationName = Release;
		};
		FB51A0501DEAD77C00B2E195 /* Build configuration list for PBXNativeTarget "Deuce" */ = {
			isa = XCConfigurationList;
			buildConfigurations = (
				FB51A0511DEAD77C00B2E195 /* Debug */,
				FB51A0521DEAD77C00B2E195 /* Release */,
			);
			defaultConfigurationIsVisible = 0;
			defaultConfigurationName = Release;
		};
		FB51A0531DEAD77C00B2E195 /* Build configuration list for PBXNativeTarget "DeuceTests" */ = {
			isa = XCConfigurationList;
			buildConfigurations = (
				FB51A0541DEAD77C00B2E195 /* Debug */,
				FB51A0551DEAD77C00B2E195 /* Release */,
			);
			defaultConfigurationIsVisible = 0;
			defaultConfigurationName = Release;
		};
		FB7A6A1123E99BD70065046E /* Build configuration list for PBXNativeTarget "WatchDeuce Extension" */ = {
			isa = XCConfigurationList;
			buildConfigurations = (
				FB7A6A1223E99BD70065046E /* Debug */,
				FB7A6A1323E99BD70065046E /* Release */,
			);
			defaultConfigurationIsVisible = 0;
			defaultConfigurationName = Release;
		};
		FB7A6A1523E99BD70065046E /* Build configuration list for PBXNativeTarget "WatchDeuce" */ = {
			isa = XCConfigurationList;
			buildConfigurations = (
				FB7A6A1623E99BD70065046E /* Debug */,
				FB7A6A1723E99BD70065046E /* Release */,
			);
			defaultConfigurationIsVisible = 0;
			defaultConfigurationName = Release;
		};
/* End XCConfigurationList section */
	};
	rootObject = FB51A0021DEAD77C00B2E195 /* Project object */;
}
