// !$*UTF8*$!
{
	archiveVersion = 1;
	classes = {
	};
	objectVersion = 46;
	objects = {

/* Begin PBXBuildFile section */
		FB185193229756A30058C323 /* MatchHistoryTableViewCell.swift in Sources */ = {isa = PBXBuildFile; fileRef = FB185192229756A30058C323 /* MatchHistoryTableViewCell.swift */; };
		FB1DF1152203B1A70069071A /* Assets.xcassets in Resources */ = {isa = PBXBuildFile; fileRef = FB51A02F1DEAD77C00B2E195 /* Assets.xcassets */; };
		FB2958642297530900F9DFEB /* MatchHistoryTableViewController.swift in Sources */ = {isa = PBXBuildFile; fileRef = FB2958632297530900F9DFEB /* MatchHistoryTableViewController.swift */; };
		FB3479532251F84C000F59A8 /* SettingsInterfaceController.swift in Sources */ = {isa = PBXBuildFile; fileRef = FB3479522251F84C000F59A8 /* SettingsInterfaceController.swift */; };
		FB35651922DCC81900E97919 /* CloudKit.framework in Frameworks */ = {isa = PBXBuildFile; fileRef = FB35651822DCC81900E97919 /* CloudKit.framework */; };
		FB49BA0220986DC100C8491F /* ComplicationController.swift in Sources */ = {isa = PBXBuildFile; fileRef = FB49BA0120986DC100C8491F /* ComplicationController.swift */; };
		FB51A00E1DEAD77C00B2E195 /* AppDelegate.swift in Sources */ = {isa = PBXBuildFile; fileRef = FB51A00D1DEAD77C00B2E195 /* AppDelegate.swift */; };
		FB51A0131DEAD77C00B2E195 /* Main.storyboard in Resources */ = {isa = PBXBuildFile; fileRef = FB51A0111DEAD77C00B2E195 /* Main.storyboard */; };
		FB51A0151DEAD77C00B2E195 /* Assets.xcassets in Resources */ = {isa = PBXBuildFile; fileRef = FB51A0141DEAD77C00B2E195 /* Assets.xcassets */; };
		FB51A0181DEAD77C00B2E195 /* LaunchScreen.storyboard in Resources */ = {isa = PBXBuildFile; fileRef = FB51A0161DEAD77C00B2E195 /* LaunchScreen.storyboard */; };
		FB51A0231DEAD77C00B2E195 /* DeuceTests.swift in Sources */ = {isa = PBXBuildFile; fileRef = FB51A0221DEAD77C00B2E195 /* DeuceTests.swift */; };
		FB51A0281DEAD77C00B2E195 /* Deuce WatchKit App.app in Embed Watch Content */ = {isa = PBXBuildFile; fileRef = FB51A0271DEAD77C00B2E195 /* Deuce WatchKit App.app */; };
		FB51A02E1DEAD77C00B2E195 /* Interface.storyboard in Resources */ = {isa = PBXBuildFile; fileRef = FB51A02C1DEAD77C00B2E195 /* Interface.storyboard */; };
		FB51A0371DEAD77C00B2E195 /* Deuce WatchKit Extension.appex in Embed App Extensions */ = {isa = PBXBuildFile; fileRef = FB51A0361DEAD77C00B2E195 /* Deuce WatchKit Extension.appex */; settings = {ATTRIBUTES = (RemoveHeadersOnCopy, ); }; };
		FB51A0401DEAD77C00B2E195 /* ExtensionDelegate.swift in Sources */ = {isa = PBXBuildFile; fileRef = FB51A03F1DEAD77C00B2E195 /* ExtensionDelegate.swift */; };
		FB51A0441DEAD77C00B2E195 /* Assets.xcassets in Resources */ = {isa = PBXBuildFile; fileRef = FB51A0431DEAD77C00B2E195 /* Assets.xcassets */; };
		FB6DAA0A2210284400949669 /* Workout.swift in Sources */ = {isa = PBXBuildFile; fileRef = FB6DAA092210284400949669 /* Workout.swift */; };
		FB712C162096EFA7005AA807 /* HealthKit.framework in Frameworks */ = {isa = PBXBuildFile; fileRef = FB712C152096EFA7005AA807 /* HealthKit.framework */; };
		FB76DA86229C89F600611D63 /* Model.xcdatamodeld in Sources */ = {isa = PBXBuildFile; fileRef = FB76DA84229C89F600611D63 /* Model.xcdatamodeld */; };
		FB77B3FD2202FB1A00D42963 /* ScoreInterfaceController.swift in Sources */ = {isa = PBXBuildFile; fileRef = FB77B3FC2202FB1A00D42963 /* ScoreInterfaceController.swift */; };
		FB77B3FE2202FB7D00D42963 /* Game.swift in Sources */ = {isa = PBXBuildFile; fileRef = FB8CD9D621F5E3AD00C122CF /* Game.swift */; };
		FB82818B2210ACA000E6BAF9 /* Match.swift in Sources */ = {isa = PBXBuildFile; fileRef = FB82818A2210ACA000E6BAF9 /* Match.swift */; };
		FB82818C2210ACA000E6BAF9 /* Match.swift in Sources */ = {isa = PBXBuildFile; fileRef = FB82818A2210ACA000E6BAF9 /* Match.swift */; };
		FB82818E2210AD5400E6BAF9 /* Set.swift in Sources */ = {isa = PBXBuildFile; fileRef = FB82818D2210AD5400E6BAF9 /* Set.swift */; };
		FB82818F2210AD5400E6BAF9 /* Set.swift in Sources */ = {isa = PBXBuildFile; fileRef = FB82818D2210AD5400E6BAF9 /* Set.swift */; };
		FB8CD9D721F5E3AD00C122CF /* Game.swift in Sources */ = {isa = PBXBuildFile; fileRef = FB8CD9D621F5E3AD00C122CF /* Game.swift */; };
		FBD169362224D6230027557D /* PracticeInterfaceController.swift in Sources */ = {isa = PBXBuildFile; fileRef = FBD169352224D6230027557D /* PracticeInterfaceController.swift */; };
		FBD5DC18227BC62800119DF4 /* RulesFormatsInterfaceController.swift in Sources */ = {isa = PBXBuildFile; fileRef = FBD5DC17227BC62800119DF4 /* RulesFormatsInterfaceController.swift */; };
		FBE321CD21CC7EE8005D22FB /* Interface.storyboard in Resources */ = {isa = PBXBuildFile; fileRef = FB51A02C1DEAD77C00B2E195 /* Interface.storyboard */; };
		FBE56FFB2208571A00042188 /* HealthKit.framework in Frameworks */ = {isa = PBXBuildFile; fileRef = FBE56FFA2208571A00042188 /* HealthKit.framework */; };
/* End PBXBuildFile section */

/* Begin PBXContainerItemProxy section */
		FB51A01F1DEAD77C00B2E195 /* PBXContainerItemProxy */ = {
			isa = PBXContainerItemProxy;
			containerPortal = FB51A0021DEAD77C00B2E195 /* Project object */;
			proxyType = 1;
			remoteGlobalIDString = FB51A0091DEAD77C00B2E195;
			remoteInfo = Deuce;
		};
		FB51A0291DEAD77C00B2E195 /* PBXContainerItemProxy */ = {
			isa = PBXContainerItemProxy;
			containerPortal = FB51A0021DEAD77C00B2E195 /* Project object */;
			proxyType = 1;
			remoteGlobalIDString = FB51A0261DEAD77C00B2E195;
			remoteInfo = "Deuce WatchKit App";
		};
		FB51A0381DEAD77C00B2E195 /* PBXContainerItemProxy */ = {
			isa = PBXContainerItemProxy;
			containerPortal = FB51A0021DEAD77C00B2E195 /* Project object */;
			proxyType = 1;
			remoteGlobalIDString = FB51A0351DEAD77C00B2E195;
			remoteInfo = "Deuce WatchKit Extension";
		};
/* End PBXContainerItemProxy section */

/* Begin PBXCopyFilesBuildPhase section */
		FB51A04B1DEAD77C00B2E195 /* Embed App Extensions */ = {
			isa = PBXCopyFilesBuildPhase;
			buildActionMask = 2147483647;
			dstPath = "";
			dstSubfolderSpec = 13;
			files = (
				FB51A0371DEAD77C00B2E195 /* Deuce WatchKit Extension.appex in Embed App Extensions */,
			);
			name = "Embed App Extensions";
			runOnlyForDeploymentPostprocessing = 0;
		};
		FB51A04F1DEAD77C00B2E195 /* Embed Watch Content */ = {
			isa = PBXCopyFilesBuildPhase;
			buildActionMask = 2147483647;
			dstPath = "$(CONTENTS_FOLDER_PATH)/Watch";
			dstSubfolderSpec = 16;
			files = (
				FB51A0281DEAD77C00B2E195 /* Deuce WatchKit App.app in Embed Watch Content */,
			);
			name = "Embed Watch Content";
			runOnlyForDeploymentPostprocessing = 0;
		};
		FB7D986C1FA8AEED00A15961 /* Embed Frameworks */ = {
			isa = PBXCopyFilesBuildPhase;
			buildActionMask = 2147483647;
			dstPath = "";
			dstSubfolderSpec = 10;
			files = (
			);
			name = "Embed Frameworks";
			runOnlyForDeploymentPostprocessing = 0;
		};
		FB9180201F00B30C0028AFE0 /* Embed App Extensions */ = {
			isa = PBXCopyFilesBuildPhase;
			buildActionMask = 2147483647;
			dstPath = "";
			dstSubfolderSpec = 13;
			files = (
			);
			name = "Embed App Extensions";
			runOnlyForDeploymentPostprocessing = 0;
		};
		FB9180441F00B3780028AFE0 /* Embed App Extensions */ = {
			isa = PBXCopyFilesBuildPhase;
			buildActionMask = 2147483647;
			dstPath = "";
			dstSubfolderSpec = 13;
			files = (
			);
			name = "Embed App Extensions";
			runOnlyForDeploymentPostprocessing = 0;
		};
/* End PBXCopyFilesBuildPhase section */

/* Begin PBXFileReference section */
		FB185192229756A30058C323 /* MatchHistoryTableViewCell.swift */ = {isa = PBXFileReference; lastKnownFileType = sourcecode.swift; path = MatchHistoryTableViewCell.swift; sourceTree = "<group>"; };
		FB2958632297530900F9DFEB /* MatchHistoryTableViewController.swift */ = {isa = PBXFileReference; lastKnownFileType = sourcecode.swift; path = MatchHistoryTableViewController.swift; sourceTree = "<group>"; };
		FB3377421E6E3C89000B9E30 /* Deuce.entitlements */ = {isa = PBXFileReference; lastKnownFileType = text.plist.entitlements; path = Deuce.entitlements; sourceTree = "<group>"; };
		FB3479522251F84C000F59A8 /* SettingsInterfaceController.swift */ = {isa = PBXFileReference; lastKnownFileType = sourcecode.swift; path = SettingsInterfaceController.swift; sourceTree = "<group>"; };
		FB35651822DCC81900E97919 /* CloudKit.framework */ = {isa = PBXFileReference; lastKnownFileType = wrapper.framework; name = CloudKit.framework; path = System/Library/Frameworks/CloudKit.framework; sourceTree = SDKROOT; };
		FB49BA0120986DC100C8491F /* ComplicationController.swift */ = {isa = PBXFileReference; lastKnownFileType = sourcecode.swift; path = ComplicationController.swift; sourceTree = "<group>"; };
		FB51A00A1DEAD77C00B2E195 /* Deuce.app */ = {isa = PBXFileReference; explicitFileType = wrapper.application; includeInIndex = 0; path = Deuce.app; sourceTree = BUILT_PRODUCTS_DIR; };
		FB51A00D1DEAD77C00B2E195 /* AppDelegate.swift */ = {isa = PBXFileReference; lastKnownFileType = sourcecode.swift; path = AppDelegate.swift; sourceTree = "<group>"; };
		FB51A0121DEAD77C00B2E195 /* Base */ = {isa = PBXFileReference; lastKnownFileType = file.storyboard; name = Base; path = Base.lproj/Main.storyboard; sourceTree = "<group>"; };
		FB51A0141DEAD77C00B2E195 /* Assets.xcassets */ = {isa = PBXFileReference; lastKnownFileType = folder.assetcatalog; path = Assets.xcassets; sourceTree = "<group>"; };
		FB51A0171DEAD77C00B2E195 /* Base */ = {isa = PBXFileReference; lastKnownFileType = file.storyboard; name = Base; path = Base.lproj/LaunchScreen.storyboard; sourceTree = "<group>"; };
		FB51A0191DEAD77C00B2E195 /* Info.plist */ = {isa = PBXFileReference; lastKnownFileType = text.plist.xml; path = Info.plist; sourceTree = "<group>"; };
		FB51A01E1DEAD77C00B2E195 /* DeuceTests.xctest */ = {isa = PBXFileReference; explicitFileType = wrapper.cfbundle; includeInIndex = 0; path = DeuceTests.xctest; sourceTree = BUILT_PRODUCTS_DIR; };
		FB51A0221DEAD77C00B2E195 /* DeuceTests.swift */ = {isa = PBXFileReference; lastKnownFileType = sourcecode.swift; path = DeuceTests.swift; sourceTree = "<group>"; };
		FB51A0241DEAD77C00B2E195 /* Info.plist */ = {isa = PBXFileReference; lastKnownFileType = text.plist.xml; path = Info.plist; sourceTree = "<group>"; };
		FB51A0271DEAD77C00B2E195 /* Deuce WatchKit App.app */ = {isa = PBXFileReference; explicitFileType = wrapper.application; includeInIndex = 0; path = "Deuce WatchKit App.app"; sourceTree = BUILT_PRODUCTS_DIR; };
		FB51A02D1DEAD77C00B2E195 /* Base */ = {isa = PBXFileReference; lastKnownFileType = file.storyboard; name = Base; path = Base.lproj/Interface.storyboard; sourceTree = "<group>"; };
		FB51A02F1DEAD77C00B2E195 /* Assets.xcassets */ = {isa = PBXFileReference; lastKnownFileType = folder.assetcatalog; path = Assets.xcassets; sourceTree = "<group>"; };
		FB51A0311DEAD77C00B2E195 /* Info.plist */ = {isa = PBXFileReference; lastKnownFileType = text.plist.xml; path = Info.plist; sourceTree = "<group>"; };
		FB51A0361DEAD77C00B2E195 /* Deuce WatchKit Extension.appex */ = {isa = PBXFileReference; explicitFileType = "wrapper.app-extension"; includeInIndex = 0; path = "Deuce WatchKit Extension.appex"; sourceTree = BUILT_PRODUCTS_DIR; };
		FB51A03C1DEAD77C00B2E195 /* PushNotificationPayload.apns */ = {isa = PBXFileReference; lastKnownFileType = text; path = PushNotificationPayload.apns; sourceTree = "<group>"; };
		FB51A03F1DEAD77C00B2E195 /* ExtensionDelegate.swift */ = {isa = PBXFileReference; lastKnownFileType = sourcecode.swift; path = ExtensionDelegate.swift; sourceTree = "<group>"; };
		FB51A0431DEAD77C00B2E195 /* Assets.xcassets */ = {isa = PBXFileReference; lastKnownFileType = folder.assetcatalog; path = Assets.xcassets; sourceTree = "<group>"; };
		FB51A0451DEAD77C00B2E195 /* Info.plist */ = {isa = PBXFileReference; lastKnownFileType = text.plist.xml; path = Info.plist; sourceTree = "<group>"; };
		FB6DAA092210284400949669 /* Workout.swift */ = {isa = PBXFileReference; lastKnownFileType = sourcecode.swift; path = Workout.swift; sourceTree = "<group>"; };
		FB712C152096EFA7005AA807 /* HealthKit.framework */ = {isa = PBXFileReference; lastKnownFileType = wrapper.framework; name = HealthKit.framework; path = Platforms/WatchOS.platform/Developer/SDKs/WatchOS4.3.sdk/System/Library/Frameworks/HealthKit.framework; sourceTree = DEVELOPER_DIR; };
		FB76DA85229C89F600611D63 /* Model.xcdatamodel */ = {isa = PBXFileReference; lastKnownFileType = wrapper.xcdatamodel; path = Model.xcdatamodel; sourceTree = "<group>"; };
		FB77B3FC2202FB1A00D42963 /* ScoreInterfaceController.swift */ = {isa = PBXFileReference; lastKnownFileType = sourcecode.swift; path = ScoreInterfaceController.swift; sourceTree = "<group>"; };
		FB82818A2210ACA000E6BAF9 /* Match.swift */ = {isa = PBXFileReference; lastKnownFileType = sourcecode.swift; path = Match.swift; sourceTree = "<group>"; };
		FB82818D2210AD5400E6BAF9 /* Set.swift */ = {isa = PBXFileReference; lastKnownFileType = sourcecode.swift; path = Set.swift; sourceTree = "<group>"; };
		FB8CD9D621F5E3AD00C122CF /* Game.swift */ = {isa = PBXFileReference; lastKnownFileType = sourcecode.swift; name = Game.swift; path = "../Chair Umpire/Game.swift"; sourceTree = "<group>"; };
		FB9180101F00B1A60028AFE0 /* Deuce WatchKit Extension.entitlements */ = {isa = PBXFileReference; lastKnownFileType = text.plist.entitlements; path = "Deuce WatchKit Extension.entitlements"; sourceTree = "<group>"; };
		FBA7C26D21CA73B40071A137 /* fr */ = {isa = PBXFileReference; lastKnownFileType = text.plist.strings; name = fr; path = fr.lproj/Main.strings; sourceTree = "<group>"; };
		FBA7C26E21CA73BA0071A137 /* fr */ = {isa = PBXFileReference; lastKnownFileType = text.plist.strings; name = fr; path = fr.lproj/LaunchScreen.strings; sourceTree = "<group>"; };
		FBA7C26F21CA73BC0071A137 /* fr */ = {isa = PBXFileReference; lastKnownFileType = text.plist.strings; name = fr; path = fr.lproj/Interface.strings; sourceTree = "<group>"; };
		FBD169352224D6230027557D /* PracticeInterfaceController.swift */ = {isa = PBXFileReference; lastKnownFileType = sourcecode.swift; path = PracticeInterfaceController.swift; sourceTree = "<group>"; };
		FBD5DC17227BC62800119DF4 /* RulesFormatsInterfaceController.swift */ = {isa = PBXFileReference; lastKnownFileType = sourcecode.swift; path = RulesFormatsInterfaceController.swift; sourceTree = "<group>"; };
		FBE56FFA2208571A00042188 /* HealthKit.framework */ = {isa = PBXFileReference; lastKnownFileType = wrapper.framework; name = HealthKit.framework; path = System/Library/Frameworks/HealthKit.framework; sourceTree = SDKROOT; };
/* End PBXFileReference section */

/* Begin PBXFrameworksBuildPhase section */
		16766D695AAE20F4067E9895 /* Frameworks */ = {
			isa = PBXFrameworksBuildPhase;
			buildActionMask = 2147483647;
			files = (
			);
			runOnlyForDeploymentPostprocessing = 0;
		};
		FB51A0071DEAD77C00B2E195 /* Frameworks */ = {
			isa = PBXFrameworksBuildPhase;
			buildActionMask = 2147483647;
			files = (
				FBE56FFB2208571A00042188 /* HealthKit.framework in Frameworks */,
				FB35651922DCC81900E97919 /* CloudKit.framework in Frameworks */,
			);
			runOnlyForDeploymentPostprocessing = 0;
		};
		FB51A01B1DEAD77C00B2E195 /* Frameworks */ = {
			isa = PBXFrameworksBuildPhase;
			buildActionMask = 2147483647;
			files = (
			);
			runOnlyForDeploymentPostprocessing = 0;
		};
		FB51A0331DEAD77C00B2E195 /* Frameworks */ = {
			isa = PBXFrameworksBuildPhase;
			buildActionMask = 2147483647;
			files = (
				FB712C162096EFA7005AA807 /* HealthKit.framework in Frameworks */,
			);
			runOnlyForDeploymentPostprocessing = 0;
		};
/* End PBXFrameworksBuildPhase section */

/* Begin PBXGroup section */
		FB51A0011DEAD77C00B2E195 = {
			isa = PBXGroup;
			children = (
				FB51A00C1DEAD77C00B2E195 /* Deuce */,
				FB51A0211DEAD77C00B2E195 /* DeuceTests */,
				FB51A02B1DEAD77C00B2E195 /* Deuce WatchKit App */,
				FB51A03A1DEAD77C00B2E195 /* Deuce WatchKit Extension */,
				FB51A00B1DEAD77C00B2E195 /* Products */,
				FB712C142096EFA7005AA807 /* Frameworks */,
			);
			sourceTree = "<group>";
		};
		FB51A00B1DEAD77C00B2E195 /* Products */ = {
			isa = PBXGroup;
			children = (
				FB51A00A1DEAD77C00B2E195 /* Deuce.app */,
				FB51A01E1DEAD77C00B2E195 /* DeuceTests.xctest */,
				FB51A0271DEAD77C00B2E195 /* Deuce WatchKit App.app */,
				FB51A0361DEAD77C00B2E195 /* Deuce WatchKit Extension.appex */,
			);
			name = Products;
			sourceTree = "<group>";
		};
		FB51A00C1DEAD77C00B2E195 /* Deuce */ = {
			isa = PBXGroup;
			children = (
				FB3377421E6E3C89000B9E30 /* Deuce.entitlements */,
				FB51A00D1DEAD77C00B2E195 /* AppDelegate.swift */,
				FB2958632297530900F9DFEB /* MatchHistoryTableViewController.swift */,
				FB185192229756A30058C323 /* MatchHistoryTableViewCell.swift */,
				FB51A0111DEAD77C00B2E195 /* Main.storyboard */,
				FB51A0141DEAD77C00B2E195 /* Assets.xcassets */,
				FB51A0161DEAD77C00B2E195 /* LaunchScreen.storyboard */,
				FB51A0191DEAD77C00B2E195 /* Info.plist */,
				FB76DA84229C89F600611D63 /* Model.xcdatamodeld */,
			);
			path = Deuce;
			sourceTree = "<group>";
		};
		FB51A0211DEAD77C00B2E195 /* DeuceTests */ = {
			isa = PBXGroup;
			children = (
				FB51A0221DEAD77C00B2E195 /* DeuceTests.swift */,
				FB51A0241DEAD77C00B2E195 /* Info.plist */,
			);
			path = DeuceTests;
			sourceTree = "<group>";
		};
		FB51A02B1DEAD77C00B2E195 /* Deuce WatchKit App */ = {
			isa = PBXGroup;
			children = (
				FB51A02C1DEAD77C00B2E195 /* Interface.storyboard */,
				FB51A02F1DEAD77C00B2E195 /* Assets.xcassets */,
				FB51A0311DEAD77C00B2E195 /* Info.plist */,
			);
			path = "Deuce WatchKit App";
			sourceTree = "<group>";
		};
		FB51A03A1DEAD77C00B2E195 /* Deuce WatchKit Extension */ = {
			isa = PBXGroup;
			children = (
				FB9180101F00B1A60028AFE0 /* Deuce WatchKit Extension.entitlements */,
				FB51A03F1DEAD77C00B2E195 /* ExtensionDelegate.swift */,
				FB8281892210AC7500E6BAF9 /* Score */,
				FB6DAA092210284400949669 /* Workout.swift */,
				FBD5DC17227BC62800119DF4 /* RulesFormatsInterfaceController.swift */,
				FB3479522251F84C000F59A8 /* SettingsInterfaceController.swift */,
				FB77B3FC2202FB1A00D42963 /* ScoreInterfaceController.swift */,
				FBD169352224D6230027557D /* PracticeInterfaceController.swift */,
				FB49BA0120986DC100C8491F /* ComplicationController.swift */,
				FB51A0431DEAD77C00B2E195 /* Assets.xcassets */,
				FB51A0451DEAD77C00B2E195 /* Info.plist */,
			);
			path = "Deuce WatchKit Extension";
			sourceTree = "<group>";
		};
		FB51A03B1DEAD77C00B2E195 /* Supporting Files */ = {
			isa = PBXGroup;
			children = (
				FB51A03C1DEAD77C00B2E195 /* PushNotificationPayload.apns */,
			);
			name = "Supporting Files";
			path = "Deuce WatchKit Extension";
			sourceTree = "<group>";
		};
		FB712C142096EFA7005AA807 /* Frameworks */ = {
			isa = PBXGroup;
			children = (
				FB35651822DCC81900E97919 /* CloudKit.framework */,
				FBE56FFA2208571A00042188 /* HealthKit.framework */,
				FB51A03B1DEAD77C00B2E195 /* Supporting Files */,
				FB712C152096EFA7005AA807 /* HealthKit.framework */,
			);
			name = Frameworks;
			sourceTree = "<group>";
		};
		FB8281892210AC7500E6BAF9 /* Score */ = {
			isa = PBXGroup;
			children = (
				FB82818A2210ACA000E6BAF9 /* Match.swift */,
				FB82818D2210AD5400E6BAF9 /* Set.swift */,
				FB8CD9D621F5E3AD00C122CF /* Game.swift */,
			);
			name = Score;
			path = "../Deuce/New Group";
			sourceTree = "<group>";
		};
/* End PBXGroup section */

/* Begin PBXNativeTarget section */
		FB51A0091DEAD77C00B2E195 /* Deuce */ = {
			isa = PBXNativeTarget;
			buildConfigurationList = FB51A0501DEAD77C00B2E195 /* Build configuration list for PBXNativeTarget "Deuce" */;
			buildPhases = (
				FB51A0061DEAD77C00B2E195 /* Sources */,
				FB51A0071DEAD77C00B2E195 /* Frameworks */,
				FB51A0081DEAD77C00B2E195 /* Resources */,
				FB51A04F1DEAD77C00B2E195 /* Embed Watch Content */,
				FB9180441F00B3780028AFE0 /* Embed App Extensions */,
				FB7D986C1FA8AEED00A15961 /* Embed Frameworks */,
			);
			buildRules = (
			);
			dependencies = (
				FB51A02A1DEAD77C00B2E195 /* PBXTargetDependency */,
			);
			name = Deuce;
			productName = Deuce;
			productReference = FB51A00A1DEAD77C00B2E195 /* Deuce.app */;
			productType = "com.apple.product-type.application";
		};
		FB51A01D1DEAD77C00B2E195 /* DeuceTests */ = {
			isa = PBXNativeTarget;
			buildConfigurationList = FB51A0531DEAD77C00B2E195 /* Build configuration list for PBXNativeTarget "DeuceTests" */;
			buildPhases = (
				FB51A01A1DEAD77C00B2E195 /* Sources */,
				FB51A01B1DEAD77C00B2E195 /* Frameworks */,
				FB51A01C1DEAD77C00B2E195 /* Resources */,
			);
			buildRules = (
			);
			dependencies = (
				FB51A0201DEAD77C00B2E195 /* PBXTargetDependency */,
			);
			name = DeuceTests;
			productName = DeuceTests;
			productReference = FB51A01E1DEAD77C00B2E195 /* DeuceTests.xctest */;
			productType = "com.apple.product-type.bundle.unit-test";
		};
		FB51A0261DEAD77C00B2E195 /* Deuce WatchKit App */ = {
			isa = PBXNativeTarget;
			buildConfigurationList = FB51A04C1DEAD77C00B2E195 /* Build configuration list for PBXNativeTarget "Deuce WatchKit App" */;
			buildPhases = (
				FB51A0251DEAD77C00B2E195 /* Resources */,
				FB51A04B1DEAD77C00B2E195 /* Embed App Extensions */,
				16766D695AAE20F4067E9895 /* Frameworks */,
			);
			buildRules = (
			);
			dependencies = (
				FB51A0391DEAD77C00B2E195 /* PBXTargetDependency */,
			);
			name = "Deuce WatchKit App";
			productName = "Deuce WatchKit App";
			productReference = FB51A0271DEAD77C00B2E195 /* Deuce WatchKit App.app */;
			productType = "com.apple.product-type.application.watchapp2";
		};
		FB51A0351DEAD77C00B2E195 /* Deuce WatchKit Extension */ = {
			isa = PBXNativeTarget;
			buildConfigurationList = FB51A0481DEAD77C00B2E195 /* Build configuration list for PBXNativeTarget "Deuce WatchKit Extension" */;
			buildPhases = (
				FB51A0321DEAD77C00B2E195 /* Sources */,
				FB51A0331DEAD77C00B2E195 /* Frameworks */,
				FB51A0341DEAD77C00B2E195 /* Resources */,
				FB9180201F00B30C0028AFE0 /* Embed App Extensions */,
			);
			buildRules = (
			);
			dependencies = (
			);
			name = "Deuce WatchKit Extension";
			productName = "Deuce WatchKit Extension";
			productReference = FB51A0361DEAD77C00B2E195 /* Deuce WatchKit Extension.appex */;
			productType = "com.apple.product-type.watchkit2-extension";
		};
/* End PBXNativeTarget section */

/* Begin PBXProject section */
		FB51A0021DEAD77C00B2E195 /* Project object */ = {
			isa = PBXProject;
			attributes = {
				LastSwiftUpdateCheck = 1020;
				LastUpgradeCheck = 0940;
				ORGANIZATIONNAME = "Austin Conlon";
				TargetAttributes = {
					FB51A0091DEAD77C00B2E195 = {
						CreatedOnToolsVersion = 8.2;
						DevelopmentTeam = AV84QJNZ49;
						LastSwiftMigration = 1010;
						ProvisioningStyle = Automatic;
						SystemCapabilities = {
							com.apple.BackgroundModes = {
								enabled = 0;
							};
							com.apple.HealthKit = {
								enabled = 1;
							};
							com.apple.Siri = {
								enabled = 0;
							};
							com.apple.iCloud = {
								enabled = 0;
							};
						};
					};
					FB51A01D1DEAD77C00B2E195 = {
						CreatedOnToolsVersion = 8.2;
						DevelopmentTeam = AV84QJNZ49;
						LastSwiftMigration = 1010;
						ProvisioningStyle = Automatic;
						TestTargetID = FB51A0091DEAD77C00B2E195;
					};
					FB51A0261DEAD77C00B2E195 = {
						CreatedOnToolsVersion = 8.2;
						DevelopmentTeam = AV84QJNZ49;
						LastSwiftMigration = 0830;
						ProvisioningStyle = Automatic;
					};
					FB51A0351DEAD77C00B2E195 = {
						CreatedOnToolsVersion = 8.2;
						DevelopmentTeam = AV84QJNZ49;
						LastSwiftMigration = 1020;
						ProvisioningStyle = Automatic;
						SystemCapabilities = {
							com.apple.HealthKit.watchos = {
								enabled = 1;
							};
							com.apple.Siri = {
								enabled = 0;
							};
						};
					};
				};
			};
			buildConfigurationList = FB51A0051DEAD77C00B2E195 /* Build configuration list for PBXProject "Deuce" */;
			compatibilityVersion = "Xcode 3.2";
			developmentRegion = en;
			hasScannedForEncodings = 0;
			knownRegions = (
				en,
				Base,
				fr,
			);
			mainGroup = FB51A0011DEAD77C00B2E195;
			productRefGroup = FB51A00B1DEAD77C00B2E195 /* Products */;
			projectDirPath = "";
			projectRoot = "";
			targets = (
				FB51A0091DEAD77C00B2E195 /* Deuce */,
				FB51A01D1DEAD77C00B2E195 /* DeuceTests */,
				FB51A0261DEAD77C00B2E195 /* Deuce WatchKit App */,
				FB51A0351DEAD77C00B2E195 /* Deuce WatchKit Extension */,
			);
		};
/* End PBXProject section */

/* Begin PBXResourcesBuildPhase section */
		FB51A0081DEAD77C00B2E195 /* Resources */ = {
			isa = PBXResourcesBuildPhase;
			buildActionMask = 2147483647;
			files = (
				FB51A0181DEAD77C00B2E195 /* LaunchScreen.storyboard in Resources */,
				FB51A0151DEAD77C00B2E195 /* Assets.xcassets in Resources */,
				FB51A0131DEAD77C00B2E195 /* Main.storyboard in Resources */,
			);
			runOnlyForDeploymentPostprocessing = 0;
		};
		FB51A01C1DEAD77C00B2E195 /* Resources */ = {
			isa = PBXResourcesBuildPhase;
			buildActionMask = 2147483647;
			files = (
			);
			runOnlyForDeploymentPostprocessing = 0;
		};
		FB51A0251DEAD77C00B2E195 /* Resources */ = {
			isa = PBXResourcesBuildPhase;
			buildActionMask = 2147483647;
			files = (
				FB1DF1152203B1A70069071A /* Assets.xcassets in Resources */,
				FB51A02E1DEAD77C00B2E195 /* Interface.storyboard in Resources */,
			);
			runOnlyForDeploymentPostprocessing = 0;
		};
		FB51A0341DEAD77C00B2E195 /* Resources */ = {
			isa = PBXResourcesBuildPhase;
			buildActionMask = 2147483647;
			files = (
				FBE321CD21CC7EE8005D22FB /* Interface.storyboard in Resources */,
				FB51A0441DEAD77C00B2E195 /* Assets.xcassets in Resources */,
			);
			runOnlyForDeploymentPostprocessing = 0;
		};
/* End PBXResourcesBuildPhase section */

/* Begin PBXSourcesBuildPhase section */
		FB51A0061DEAD77C00B2E195 /* Sources */ = {
			isa = PBXSourcesBuildPhase;
			buildActionMask = 2147483647;
			files = (
				FB185193229756A30058C323 /* MatchHistoryTableViewCell.swift in Sources */,
				FB82818E2210AD5400E6BAF9 /* Set.swift in Sources */,
				FB8CD9D721F5E3AD00C122CF /* Game.swift in Sources */,
				FB76DA86229C89F600611D63 /* Model.xcdatamodeld in Sources */,
				FB51A00E1DEAD77C00B2E195 /* AppDelegate.swift in Sources */,
				FB82818B2210ACA000E6BAF9 /* Match.swift in Sources */,
				FB2958642297530900F9DFEB /* MatchHistoryTableViewController.swift in Sources */,
			);
			runOnlyForDeploymentPostprocessing = 0;
		};
		FB51A01A1DEAD77C00B2E195 /* Sources */ = {
			isa = PBXSourcesBuildPhase;
			buildActionMask = 2147483647;
			files = (
				FB51A0231DEAD77C00B2E195 /* DeuceTests.swift in Sources */,
			);
			runOnlyForDeploymentPostprocessing = 0;
		};
		FB51A0321DEAD77C00B2E195 /* Sources */ = {
			isa = PBXSourcesBuildPhase;
			buildActionMask = 2147483647;
			files = (
				FB82818F2210AD5400E6BAF9 /* Set.swift in Sources */,
				FB51A0401DEAD77C00B2E195 /* ExtensionDelegate.swift in Sources */,
				FB77B3FD2202FB1A00D42963 /* ScoreInterfaceController.swift in Sources */,
				FB49BA0220986DC100C8491F /* ComplicationController.swift in Sources */,
				FBD5DC18227BC62800119DF4 /* RulesFormatsInterfaceController.swift in Sources */,
				FB77B3FE2202FB7D00D42963 /* Game.swift in Sources */,
				FB3479532251F84C000F59A8 /* SettingsInterfaceController.swift in Sources */,
				FBD169362224D6230027557D /* PracticeInterfaceController.swift in Sources */,
				FB6DAA0A2210284400949669 /* Workout.swift in Sources */,
				FB82818C2210ACA000E6BAF9 /* Match.swift in Sources */,
			);
			runOnlyForDeploymentPostprocessing = 0;
		};
/* End PBXSourcesBuildPhase section */

/* Begin PBXTargetDependency section */
		FB51A0201DEAD77C00B2E195 /* PBXTargetDependency */ = {
			isa = PBXTargetDependency;
			target = FB51A0091DEAD77C00B2E195 /* Deuce */;
			targetProxy = FB51A01F1DEAD77C00B2E195 /* PBXContainerItemProxy */;
		};
		FB51A02A1DEAD77C00B2E195 /* PBXTargetDependency */ = {
			isa = PBXTargetDependency;
			target = FB51A0261DEAD77C00B2E195 /* Deuce WatchKit App */;
			targetProxy = FB51A0291DEAD77C00B2E195 /* PBXContainerItemProxy */;
		};
		FB51A0391DEAD77C00B2E195 /* PBXTargetDependency */ = {
			isa = PBXTargetDependency;
			target = FB51A0351DEAD77C00B2E195 /* Deuce WatchKit Extension */;
			targetProxy = FB51A0381DEAD77C00B2E195 /* PBXContainerItemProxy */;
		};
/* End PBXTargetDependency section */

/* Begin PBXVariantGroup section */
		FB51A0111DEAD77C00B2E195 /* Main.storyboard */ = {
			isa = PBXVariantGroup;
			children = (
				FB51A0121DEAD77C00B2E195 /* Base */,
				FBA7C26D21CA73B40071A137 /* fr */,
			);
			name = Main.storyboard;
			sourceTree = "<group>";
		};
		FB51A0161DEAD77C00B2E195 /* LaunchScreen.storyboard */ = {
			isa = PBXVariantGroup;
			children = (
				FB51A0171DEAD77C00B2E195 /* Base */,
				FBA7C26E21CA73BA0071A137 /* fr */,
			);
			name = LaunchScreen.storyboard;
			sourceTree = "<group>";
		};
		FB51A02C1DEAD77C00B2E195 /* Interface.storyboard */ = {
			isa = PBXVariantGroup;
			children = (
				FB51A02D1DEAD77C00B2E195 /* Base */,
				FBA7C26F21CA73BC0071A137 /* fr */,
			);
			name = Interface.storyboard;
			sourceTree = "<group>";
		};
/* End PBXVariantGroup section */

/* Begin XCBuildConfiguration section */
		FB51A0461DEAD77C00B2E195 /* Debug */ = {
			isa = XCBuildConfiguration;
			buildSettings = {
				ALWAYS_SEARCH_USER_PATHS = NO;
				CLANG_ANALYZER_LOCALIZABILITY_NONLOCALIZED = YES;
				CLANG_ANALYZER_NONNULL = YES;
				CLANG_CXX_LANGUAGE_STANDARD = "gnu++0x";
				CLANG_CXX_LIBRARY = "libc++";
				CLANG_ENABLE_MODULES = YES;
				CLANG_ENABLE_OBJC_ARC = YES;
				CLANG_WARN_BLOCK_CAPTURE_AUTORELEASING = YES;
				CLANG_WARN_BOOL_CONVERSION = YES;
				CLANG_WARN_COMMA = YES;
				CLANG_WARN_CONSTANT_CONVERSION = YES;
				CLANG_WARN_DEPRECATED_OBJC_IMPLEMENTATIONS = YES;
				CLANG_WARN_DIRECT_OBJC_ISA_USAGE = YES_ERROR;
				CLANG_WARN_DOCUMENTATION_COMMENTS = YES;
				CLANG_WARN_EMPTY_BODY = YES;
				CLANG_WARN_ENUM_CONVERSION = YES;
				CLANG_WARN_INFINITE_RECURSION = YES;
				CLANG_WARN_INT_CONVERSION = YES;
				CLANG_WARN_NON_LITERAL_NULL_CONVERSION = YES;
				CLANG_WARN_OBJC_IMPLICIT_RETAIN_SELF = YES;
				CLANG_WARN_OBJC_LITERAL_CONVERSION = YES;
				CLANG_WARN_OBJC_ROOT_CLASS = YES_ERROR;
				CLANG_WARN_RANGE_LOOP_ANALYSIS = YES;
				CLANG_WARN_STRICT_PROTOTYPES = YES;
				CLANG_WARN_SUSPICIOUS_MOVE = YES;
				CLANG_WARN_UNREACHABLE_CODE = YES;
				CLANG_WARN__DUPLICATE_METHOD_MATCH = YES;
				"CODE_SIGN_IDENTITY[sdk=iphoneos*]" = "iPhone Developer";
				COPY_PHASE_STRIP = NO;
				DEBUG_INFORMATION_FORMAT = dwarf;
				ENABLE_STRICT_OBJC_MSGSEND = YES;
				ENABLE_TESTABILITY = YES;
				GCC_C_LANGUAGE_STANDARD = gnu99;
				GCC_DYNAMIC_NO_PIC = NO;
				GCC_NO_COMMON_BLOCKS = YES;
				GCC_OPTIMIZATION_LEVEL = 0;
				GCC_PREPROCESSOR_DEFINITIONS = (
					"DEBUG=1",
					"$(inherited)",
				);
				GCC_TREAT_INCOMPATIBLE_POINTER_TYPE_WARNINGS_AS_ERRORS = YES;
				GCC_TREAT_WARNINGS_AS_ERRORS = YES;
				GCC_WARN_64_TO_32_BIT_CONVERSION = YES;
				GCC_WARN_ABOUT_RETURN_TYPE = YES_ERROR;
				GCC_WARN_UNDECLARED_SELECTOR = YES;
				GCC_WARN_UNINITIALIZED_AUTOS = YES_AGGRESSIVE;
				GCC_WARN_UNUSED_FUNCTION = YES;
				GCC_WARN_UNUSED_VARIABLE = YES;
				IPHONEOS_DEPLOYMENT_TARGET = 13.0;
				MTL_ENABLE_DEBUG_INFO = YES;
				ONLY_ACTIVE_ARCH = YES;
				SDKROOT = iphoneos;
				SWIFT_ACTIVE_COMPILATION_CONDITIONS = DEBUG;
				SWIFT_OPTIMIZATION_LEVEL = "-Onone";
				SWIFT_TREAT_WARNINGS_AS_ERRORS = YES;
				SWIFT_VERSION = 5.0;
				TARGETED_DEVICE_FAMILY = "1,2";
			};
			name = Debug;
		};
		FB51A0471DEAD77C00B2E195 /* Release */ = {
			isa = XCBuildConfiguration;
			buildSettings = {
				ALWAYS_SEARCH_USER_PATHS = NO;
				CLANG_ANALYZER_LOCALIZABILITY_NONLOCALIZED = YES;
				CLANG_ANALYZER_NONNULL = YES;
				CLANG_CXX_LANGUAGE_STANDARD = "gnu++0x";
				CLANG_CXX_LIBRARY = "libc++";
				CLANG_ENABLE_MODULES = YES;
				CLANG_ENABLE_OBJC_ARC = YES;
				CLANG_WARN_BLOCK_CAPTURE_AUTORELEASING = YES;
				CLANG_WARN_BOOL_CONVERSION = YES;
				CLANG_WARN_COMMA = YES;
				CLANG_WARN_CONSTANT_CONVERSION = YES;
				CLANG_WARN_DEPRECATED_OBJC_IMPLEMENTATIONS = YES;
				CLANG_WARN_DIRECT_OBJC_ISA_USAGE = YES_ERROR;
				CLANG_WARN_DOCUMENTATION_COMMENTS = YES;
				CLANG_WARN_EMPTY_BODY = YES;
				CLANG_WARN_ENUM_CONVERSION = YES;
				CLANG_WARN_INFINITE_RECURSION = YES;
				CLANG_WARN_INT_CONVERSION = YES;
				CLANG_WARN_NON_LITERAL_NULL_CONVERSION = YES;
				CLANG_WARN_OBJC_IMPLICIT_RETAIN_SELF = YES;
				CLANG_WARN_OBJC_LITERAL_CONVERSION = YES;
				CLANG_WARN_OBJC_ROOT_CLASS = YES_ERROR;
				CLANG_WARN_RANGE_LOOP_ANALYSIS = YES;
				CLANG_WARN_STRICT_PROTOTYPES = YES;
				CLANG_WARN_SUSPICIOUS_MOVE = YES;
				CLANG_WARN_UNREACHABLE_CODE = YES;
				CLANG_WARN__DUPLICATE_METHOD_MATCH = YES;
				"CODE_SIGN_IDENTITY[sdk=iphoneos*]" = "iPhone Developer";
				COPY_PHASE_STRIP = NO;
				DEBUG_INFORMATION_FORMAT = "dwarf-with-dsym";
				ENABLE_NS_ASSERTIONS = NO;
				ENABLE_STRICT_OBJC_MSGSEND = YES;
				GCC_C_LANGUAGE_STANDARD = gnu99;
				GCC_NO_COMMON_BLOCKS = YES;
				GCC_TREAT_INCOMPATIBLE_POINTER_TYPE_WARNINGS_AS_ERRORS = YES;
				GCC_TREAT_WARNINGS_AS_ERRORS = YES;
				GCC_WARN_64_TO_32_BIT_CONVERSION = YES;
				GCC_WARN_ABOUT_RETURN_TYPE = YES_ERROR;
				GCC_WARN_UNDECLARED_SELECTOR = YES;
				GCC_WARN_UNINITIALIZED_AUTOS = YES_AGGRESSIVE;
				GCC_WARN_UNUSED_FUNCTION = YES;
				GCC_WARN_UNUSED_VARIABLE = YES;
				IPHONEOS_DEPLOYMENT_TARGET = 13.0;
				MTL_ENABLE_DEBUG_INFO = NO;
				SDKROOT = iphoneos;
				SWIFT_OPTIMIZATION_LEVEL = "-Owholemodule";
				SWIFT_TREAT_WARNINGS_AS_ERRORS = YES;
				SWIFT_VERSION = 5.0;
				TARGETED_DEVICE_FAMILY = "1,2";
				VALIDATE_PRODUCT = YES;
			};
			name = Release;
		};
		FB51A0491DEAD77C00B2E195 /* Debug */ = {
			isa = XCBuildConfiguration;
			buildSettings = {
				ASSETCATALOG_COMPILER_COMPLICATION_NAME = Complication;
				CLANG_ENABLE_MODULES = YES;
				CODE_SIGN_ENTITLEMENTS = "Deuce WatchKit Extension/Deuce WatchKit Extension.entitlements";
				"CODE_SIGN_IDENTITY[sdk=watchos*]" = "iPhone Developer";
				CURRENT_PROJECT_VERSION = 1;
				DEVELOPMENT_TEAM = AV84QJNZ49;
				GCC_TREAT_WARNINGS_AS_ERRORS = YES;
				INFOPLIST_FILE = "Deuce WatchKit Extension/Info.plist";
				LD_RUNPATH_SEARCH_PATHS = "$(inherited) @executable_path/Frameworks @executable_path/../../Frameworks";
				MARKETING_VERSION = 3.00;
				PRODUCT_BUNDLE_IDENTIFIER = com.example.Deuce.watchkitapp.watchkitextension;
				PRODUCT_NAME = "${TARGET_NAME}";
				SDKROOT = watchos;
				SKIP_INSTALL = YES;
				SWIFT_OPTIMIZATION_LEVEL = "-Onone";
				SWIFT_SWIFT3_OBJC_INFERENCE = Default;
				SWIFT_TREAT_WARNINGS_AS_ERRORS = YES;
				SWIFT_VERSION = 5.0;
				TARGETED_DEVICE_FAMILY = 4;
				WATCHOS_DEPLOYMENT_TARGET = 5.3;
			};
			name = Debug;
		};
		FB51A04A1DEAD77C00B2E195 /* Release */ = {
			isa = XCBuildConfiguration;
			buildSettings = {
				ASSETCATALOG_COMPILER_COMPLICATION_NAME = Complication;
				CLANG_ENABLE_MODULES = YES;
				CODE_SIGN_ENTITLEMENTS = "Deuce WatchKit Extension/Deuce WatchKit Extension.entitlements";
				"CODE_SIGN_IDENTITY[sdk=watchos*]" = "iPhone Developer";
				CURRENT_PROJECT_VERSION = 1;
				DEVELOPMENT_TEAM = AV84QJNZ49;
				GCC_TREAT_WARNINGS_AS_ERRORS = YES;
				INFOPLIST_FILE = "Deuce WatchKit Extension/Info.plist";
				LD_RUNPATH_SEARCH_PATHS = "$(inherited) @executable_path/Frameworks @executable_path/../../Frameworks";
				MARKETING_VERSION = 3.00;
				PRODUCT_BUNDLE_IDENTIFIER = com.example.Deuce.watchkitapp.watchkitextension;
				PRODUCT_NAME = "${TARGET_NAME}";
				SDKROOT = watchos;
				SKIP_INSTALL = YES;
				SWIFT_SWIFT3_OBJC_INFERENCE = Default;
				SWIFT_TREAT_WARNINGS_AS_ERRORS = YES;
				SWIFT_VERSION = 5.0;
				TARGETED_DEVICE_FAMILY = 4;
				WATCHOS_DEPLOYMENT_TARGET = 5.3;
			};
			name = Release;
		};
		FB51A04D1DEAD77C00B2E195 /* Debug */ = {
			isa = XCBuildConfiguration;
			buildSettings = {
				ALWAYS_EMBED_SWIFT_STANDARD_LIBRARIES = YES;
				ASSETCATALOG_COMPILER_APPICON_NAME = AppIcon;
				"CODE_SIGN_IDENTITY[sdk=watchos*]" = "iPhone Developer";
				CURRENT_PROJECT_VERSION = 1;
				DEVELOPMENT_TEAM = AV84QJNZ49;
				IBSC_MODULE = Deuce_WatchKit_Extension;
				INFOPLIST_FILE = "Deuce WatchKit App/Info.plist";
				MARKETING_VERSION = 3.00;
				PRODUCT_BUNDLE_IDENTIFIER = com.example.Deuce.watchkitapp;
				PRODUCT_NAME = "$(TARGET_NAME)";
				PROVISIONING_PROFILE_SPECIFIER = "";
				SDKROOT = watchos;
				SKIP_INSTALL = YES;
				SWIFT_VERSION = 3.0;
				TARGETED_DEVICE_FAMILY = 4;
				WATCHOS_DEPLOYMENT_TARGET = 5.3;
			};
			name = Debug;
		};
		FB51A04E1DEAD77C00B2E195 /* Release */ = {
			isa = XCBuildConfiguration;
			buildSettings = {
				ALWAYS_EMBED_SWIFT_STANDARD_LIBRARIES = YES;
				ASSETCATALOG_COMPILER_APPICON_NAME = AppIcon;
				"CODE_SIGN_IDENTITY[sdk=watchos*]" = "iPhone Developer";
				CURRENT_PROJECT_VERSION = 1;
				DEVELOPMENT_TEAM = AV84QJNZ49;
				IBSC_MODULE = Deuce_WatchKit_Extension;
				INFOPLIST_FILE = "Deuce WatchKit App/Info.plist";
				MARKETING_VERSION = 3.00;
				PRODUCT_BUNDLE_IDENTIFIER = com.example.Deuce.watchkitapp;
				PRODUCT_NAME = "$(TARGET_NAME)";
				PROVISIONING_PROFILE_SPECIFIER = "";
				SDKROOT = watchos;
				SKIP_INSTALL = YES;
				SWIFT_VERSION = 3.0;
				TARGETED_DEVICE_FAMILY = 4;
				WATCHOS_DEPLOYMENT_TARGET = 5.3;
			};
			name = Release;
		};
		FB51A0511DEAD77C00B2E195 /* Debug */ = {
			isa = XCBuildConfiguration;
			buildSettings = {
				ALWAYS_EMBED_SWIFT_STANDARD_LIBRARIES = YES;
				ASSETCATALOG_COMPILER_APPICON_NAME = AppIcon;
				CODE_SIGN_ENTITLEMENTS = Deuce/Deuce.entitlements;
				CODE_SIGN_IDENTITY = "iPhone Developer";
				"CODE_SIGN_IDENTITY[sdk=iphoneos*]" = "iPhone Developer";
				CURRENT_PROJECT_VERSION = 1;
				DEVELOPMENT_TEAM = AV84QJNZ49;
				INFOPLIST_FILE = Deuce/Info.plist;
				IPHONEOS_DEPLOYMENT_TARGET = 12.4;
				LD_RUNPATH_SEARCH_PATHS = "$(inherited) @executable_path/Frameworks";
				MARKETING_VERSION = 3.00;
				PRODUCT_BUNDLE_IDENTIFIER = com.example.Deuce;
				PRODUCT_NAME = "$(TARGET_NAME)";
				SWIFT_SWIFT3_OBJC_INFERENCE = Default;
				SWIFT_VERSION = 5.0;
				TARGETED_DEVICE_FAMILY = "1,2";
			};
			name = Debug;
		};
		FB51A0521DEAD77C00B2E195 /* Release */ = {
			isa = XCBuildConfiguration;
			buildSettings = {
				ALWAYS_EMBED_SWIFT_STANDARD_LIBRARIES = YES;
				ASSETCATALOG_COMPILER_APPICON_NAME = AppIcon;
				CODE_SIGN_ENTITLEMENTS = Deuce/Deuce.entitlements;
				CODE_SIGN_IDENTITY = "iPhone Developer";
				"CODE_SIGN_IDENTITY[sdk=iphoneos*]" = "iPhone Developer";
				CURRENT_PROJECT_VERSION = 1;
				DEVELOPMENT_TEAM = AV84QJNZ49;
				INFOPLIST_FILE = Deuce/Info.plist;
				IPHONEOS_DEPLOYMENT_TARGET = 12.4;
				LD_RUNPATH_SEARCH_PATHS = "$(inherited) @executable_path/Frameworks";
				MARKETING_VERSION = 3.00;
				PRODUCT_BUNDLE_IDENTIFIER = com.example.Deuce;
				PRODUCT_NAME = "$(TARGET_NAME)";
				SWIFT_SWIFT3_OBJC_INFERENCE = Default;
				SWIFT_VERSION = 5.0;
				TARGETED_DEVICE_FAMILY = "1,2";
			};
			name = Release;
		};
		FB51A0541DEAD77C00B2E195 /* Debug */ = {
			isa = XCBuildConfiguration;
			buildSettings = {
				ALWAYS_EMBED_SWIFT_STANDARD_LIBRARIES = YES;
				BUNDLE_LOADER = "$(TEST_HOST)";
				"CODE_SIGN_IDENTITY[sdk=iphoneos*]" = "iPhone Developer";
				DEVELOPMENT_TEAM = AV84QJNZ49;
				INFOPLIST_FILE = DeuceTests/Info.plist;
				LD_RUNPATH_SEARCH_PATHS = "$(inherited) @executable_path/Frameworks @loader_path/Frameworks";
				PRODUCT_BUNDLE_IDENTIFIER = com.example.DeuceTests;
				PRODUCT_NAME = "$(TARGET_NAME)";
				SWIFT_SWIFT3_OBJC_INFERENCE = On;
				SWIFT_VERSION = 5.0;
				TEST_HOST = "$(BUILT_PRODUCTS_DIR)/Deuce.app/Deuce";
			};
			name = Debug;
		};
		FB51A0551DEAD77C00B2E195 /* Release */ = {
			isa = XCBuildConfiguration;
			buildSettings = {
				ALWAYS_EMBED_SWIFT_STANDARD_LIBRARIES = YES;
				BUNDLE_LOADER = "$(TEST_HOST)";
				"CODE_SIGN_IDENTITY[sdk=iphoneos*]" = "iPhone Developer";
				DEVELOPMENT_TEAM = AV84QJNZ49;
				INFOPLIST_FILE = DeuceTests/Info.plist;
				LD_RUNPATH_SEARCH_PATHS = "$(inherited) @executable_path/Frameworks @loader_path/Frameworks";
				PRODUCT_BUNDLE_IDENTIFIER = com.example.DeuceTests;
				PRODUCT_NAME = "$(TARGET_NAME)";
				SWIFT_SWIFT3_OBJC_INFERENCE = On;
				SWIFT_VERSION = 5.0;
				TEST_HOST = "$(BUILT_PRODUCTS_DIR)/Deuce.app/Deuce";
			};
			name = Release;
		};
/* End XCBuildConfiguration section */

/* Begin XCConfigurationList section */
		FB51A0051DEAD77C00B2E195 /* Build configuration list for PBXProject "Deuce" */ = {
			isa = XCConfigurationList;
			buildConfigurations = (
				FB51A0461DEAD77C00B2E195 /* Debug */,
				FB51A0471DEAD77C00B2E195 /* Release */,
			);
			defaultConfigurationIsVisible = 0;
			defaultConfigurationName = Release;
		};
		FB51A0481DEAD77C00B2E195 /* Build configuration list for PBXNativeTarget "Deuce WatchKit Extension" */ = {
			isa = XCConfigurationList;
			buildConfigurations = (
				FB51A0491DEAD77C00B2E195 /* Debug */,
				FB51A04A1DEAD77C00B2E195 /* Release */,
			);
			defaultConfigurationIsVisible = 0;
			defaultConfigurationName = Release;
		};
		FB51A04C1DEAD77C00B2E195 /* Build configuration list for PBXNativeTarget "Deuce WatchKit App" */ = {
			isa = XCConfigurationList;
			buildConfigurations = (
				FB51A04D1DEAD77C00B2E195 /* Debug */,
				FB51A04E1DEAD77C00B2E195 /* Release */,
			);
			defaultConfigurationIsVisible = 0;
			defaultConfigurationName = Release;
		};
		FB51A0501DEAD77C00B2E195 /* Build configuration list for PBXNativeTarget "Deuce" */ = {
			isa = XCConfigurationList;
			buildConfigurations = (
				FB51A0511DEAD77C00B2E195 /* Debug */,
				FB51A0521DEAD77C00B2E195 /* Release */,
			);
			defaultConfigurationIsVisible = 0;
			defaultConfigurationName = Release;
		};
		FB51A0531DEAD77C00B2E195 /* Build configuration list for PBXNativeTarget "DeuceTests" */ = {
			isa = XCConfigurationList;
			buildConfigurations = (
				FB51A0541DEAD77C00B2E195 /* Debug */,
				FB51A0551DEAD77C00B2E195 /* Release */,
			);
			defaultConfigurationIsVisible = 0;
			defaultConfigurationName = Release;
		};
/* End XCConfigurationList section */

/* Begin XCVersionGroup section */
		FB76DA84229C89F600611D63 /* Model.xcdatamodeld */ = {
			isa = XCVersionGroup;
			children = (
				FB76DA85229C89F600611D63 /* Model.xcdatamodel */,
			);
			currentVersion = FB76DA85229C89F600611D63 /* Model.xcdatamodel */;
			path = Model.xcdatamodeld;
			sourceTree = "<group>";
			versionGroupType = wrapper.xcdatamodel;
		};
/* End XCVersionGroup section */
	};
	rootObject = FB51A0021DEAD77C00B2E195 /* Project object */;
}
